// !$*UTF8*$!
{
	archiveVersion = 1;
	classes = {
	};
	objectVersion = 56;
	objects = {

/* Begin PBXBuildFile section */
		0402166C2BCE16D900A7C922 /* FirebaseAuth in Frameworks */ = {isa = PBXBuildFile; productRef = 0402166B2BCE16D900A7C922 /* FirebaseAuth */; };
		0402166E2BCE16D900A7C922 /* FirebaseAuthCombine-Community in Frameworks */ = {isa = PBXBuildFile; productRef = 0402166D2BCE16D900A7C922 /* FirebaseAuthCombine-Community */; };
		040216702BCE16D900A7C922 /* FirebaseFirestore in Frameworks */ = {isa = PBXBuildFile; productRef = 0402166F2BCE16D900A7C922 /* FirebaseFirestore */; };
		040216722BCE16D900A7C922 /* FirebaseFirestoreCombine-Community in Frameworks */ = {isa = PBXBuildFile; productRef = 040216712BCE16D900A7C922 /* FirebaseFirestoreCombine-Community */; };
		040216742BCE16D900A7C922 /* FirebaseFirestoreSwift in Frameworks */ = {isa = PBXBuildFile; productRef = 040216732BCE16D900A7C922 /* FirebaseFirestoreSwift */; };
		040216772BCE19A300A7C922 /* DashBoardView.swift in Sources */ = {isa = PBXBuildFile; fileRef = 040216762BCE19A300A7C922 /* DashBoardView.swift */; };
		040216792BCE19D500A7C922 /* QnAView.swift in Sources */ = {isa = PBXBuildFile; fileRef = 040216782BCE19D500A7C922 /* QnAView.swift */; };
		0402167B2BCE1A6900A7C922 /* SettingView.swift in Sources */ = {isa = PBXBuildFile; fileRef = 0402167A2BCE1A6900A7C922 /* SettingView.swift */; };
		0402167E2BCE5CBB00A7C922 /* QnA.swift in Sources */ = {isa = PBXBuildFile; fileRef = 0402167D2BCE5CBB00A7C922 /* QnA.swift */; };
		040216802BCEB03A00A7C922 /* Category.swift in Sources */ = {isa = PBXBuildFile; fileRef = 0402167F2BCEB03A00A7C922 /* Category.swift */; };
		048C72402BD4053300865316 /* GoogleService-Info.plist in Resources */ = {isa = PBXBuildFile; fileRef = 048C723F2BD4053300865316 /* GoogleService-Info.plist */; };
		048C72422BD4059200865316 /* UserService.swift in Sources */ = {isa = PBXBuildFile; fileRef = 048C72412BD4059200865316 /* UserService.swift */; };
		048C72472BD40A5500865316 /* BookBillionaireCore in Frameworks */ = {isa = PBXBuildFile; productRef = 048C72462BD40A5500865316 /* BookBillionaireCore */; };
		048C72492BD40ADD00865316 /* UserManageView.swift in Sources */ = {isa = PBXBuildFile; fileRef = 048C72482BD40ADD00865316 /* UserManageView.swift */; };
		048C724C2BD421B000865316 /* AccentButtonStyle.swift in Sources */ = {isa = PBXBuildFile; fileRef = 048C724B2BD421B000865316 /* AccentButtonStyle.swift */; };
		048C724E2BD5E75A00865316 /* BookService.swift in Sources */ = {isa = PBXBuildFile; fileRef = 048C724D2BD5E75A00865316 /* BookService.swift */; };
		048C72502BD628E400865316 /* SideBarService.swift in Sources */ = {isa = PBXBuildFile; fileRef = 048C724F2BD628E400865316 /* SideBarService.swift */; };
		048C72522BD6291400865316 /* SideBarGroup.swift in Sources */ = {isa = PBXBuildFile; fileRef = 048C72512BD6291400865316 /* SideBarGroup.swift */; };
		048C72542BD62C3400865316 /* Topic.swift in Sources */ = {isa = PBXBuildFile; fileRef = 048C72532BD62C3400865316 /* Topic.swift */; };
		048C72562BD6337700865316 /* SideBarView.swift in Sources */ = {isa = PBXBuildFile; fileRef = 048C72552BD6337700865316 /* SideBarView.swift */; };
		048C725C2BD6A44700865316 /* LoginView.swift in Sources */ = {isa = PBXBuildFile; fileRef = 048C725B2BD6A44700865316 /* LoginView.swift */; };
		048C725E2BD7461200865316 /* BookManageView.swift in Sources */ = {isa = PBXBuildFile; fileRef = 048C725D2BD7461200865316 /* BookManageView.swift */; };
		048C72642BD7909E00865316 /* BookListView.swift in Sources */ = {isa = PBXBuildFile; fileRef = 048C72632BD7909E00865316 /* BookListView.swift */; };
		048C72662BD7983B00865316 /* ImageCacheService.swift in Sources */ = {isa = PBXBuildFile; fileRef = 048C72652BD7983B00865316 /* ImageCacheService.swift */; };
		048C726A2BD7D6BD00865316 /* UserListView.swift in Sources */ = {isa = PBXBuildFile; fileRef = 048C72692BD7D6BD00865316 /* UserListView.swift */; };
		048C726E2BD8CBC900865316 /* GridCell.swift in Sources */ = {isa = PBXBuildFile; fileRef = 048C726D2BD8CBC900865316 /* GridCell.swift */; };
		048C72702BD8F8C800865316 /* CategroyEditView.swift in Sources */ = {isa = PBXBuildFile; fileRef = 048C726F2BD8F8C800865316 /* CategroyEditView.swift */; };
		048C72722BD8FAB300865316 /* GridCellInfo.swift in Sources */ = {isa = PBXBuildFile; fileRef = 048C72712BD8FAB300865316 /* GridCellInfo.swift */; };
		048C72742BD9256F00865316 /* NoticeView.swift in Sources */ = {isa = PBXBuildFile; fileRef = 048C72732BD9256F00865316 /* NoticeView.swift */; };
		048C72782BD93B9A00865316 /* QnAService.swift in Sources */ = {isa = PBXBuildFile; fileRef = 048C72772BD93B9A00865316 /* QnAService.swift */; };
		048C727B2BD93D6A00865316 /* NoticeService.swift in Sources */ = {isa = PBXBuildFile; fileRef = 048C727A2BD93D6A00865316 /* NoticeService.swift */; };
		048C727D2BD93D8C00865316 /* Notice.swift in Sources */ = {isa = PBXBuildFile; fileRef = 048C727C2BD93D8C00865316 /* Notice.swift */; };
		048C72812BD9529A00865316 /* ComplainView.swift in Sources */ = {isa = PBXBuildFile; fileRef = 048C72802BD9529A00865316 /* ComplainView.swift */; };
		EF0F74A22BBCF80C00E37D0D /* BookBillionaireAdminApp.swift in Sources */ = {isa = PBXBuildFile; fileRef = EF0F74A12BBCF80C00E37D0D /* BookBillionaireAdminApp.swift */; };
		EF0F74A42BBCF80C00E37D0D /* ContentView.swift in Sources */ = {isa = PBXBuildFile; fileRef = EF0F74A32BBCF80C00E37D0D /* ContentView.swift */; };
		EF0F74A62BBCF80E00E37D0D /* Assets.xcassets in Resources */ = {isa = PBXBuildFile; fileRef = EF0F74A52BBCF80E00E37D0D /* Assets.xcassets */; };
/* End PBXBuildFile section */

/* Begin PBXFileReference section */
		040216762BCE19A300A7C922 /* DashBoardView.swift */ = {isa = PBXFileReference; lastKnownFileType = sourcecode.swift; path = DashBoardView.swift; sourceTree = "<group>"; };
		040216782BCE19D500A7C922 /* QnAView.swift */ = {isa = PBXFileReference; lastKnownFileType = sourcecode.swift; path = QnAView.swift; sourceTree = "<group>"; };
		0402167A2BCE1A6900A7C922 /* SettingView.swift */ = {isa = PBXFileReference; lastKnownFileType = sourcecode.swift; path = SettingView.swift; sourceTree = "<group>"; };
		0402167D2BCE5CBB00A7C922 /* QnA.swift */ = {isa = PBXFileReference; lastKnownFileType = sourcecode.swift; path = QnA.swift; sourceTree = "<group>"; };
		0402167F2BCEB03A00A7C922 /* Category.swift */ = {isa = PBXFileReference; lastKnownFileType = sourcecode.swift; path = Category.swift; sourceTree = "<group>"; };
		048C723F2BD4053300865316 /* GoogleService-Info.plist */ = {isa = PBXFileReference; fileEncoding = 4; lastKnownFileType = text.plist.xml; path = "GoogleService-Info.plist"; sourceTree = SOURCE_ROOT; };
		048C72412BD4059200865316 /* UserService.swift */ = {isa = PBXFileReference; lastKnownFileType = sourcecode.swift; path = UserService.swift; sourceTree = "<group>"; };
		048C72482BD40ADD00865316 /* UserManageView.swift */ = {isa = PBXFileReference; lastKnownFileType = sourcecode.swift; path = UserManageView.swift; sourceTree = "<group>"; };
		048C724B2BD421B000865316 /* AccentButtonStyle.swift */ = {isa = PBXFileReference; lastKnownFileType = sourcecode.swift; path = AccentButtonStyle.swift; sourceTree = "<group>"; };
		048C724D2BD5E75A00865316 /* BookService.swift */ = {isa = PBXFileReference; lastKnownFileType = sourcecode.swift; path = BookService.swift; sourceTree = "<group>"; };
		048C724F2BD628E400865316 /* SideBarService.swift */ = {isa = PBXFileReference; lastKnownFileType = sourcecode.swift; path = SideBarService.swift; sourceTree = "<group>"; };
		048C72512BD6291400865316 /* SideBarGroup.swift */ = {isa = PBXFileReference; lastKnownFileType = sourcecode.swift; path = SideBarGroup.swift; sourceTree = "<group>"; };
		048C72532BD62C3400865316 /* Topic.swift */ = {isa = PBXFileReference; lastKnownFileType = sourcecode.swift; path = Topic.swift; sourceTree = "<group>"; };
		048C72552BD6337700865316 /* SideBarView.swift */ = {isa = PBXFileReference; lastKnownFileType = sourcecode.swift; path = SideBarView.swift; sourceTree = "<group>"; };
		048C725B2BD6A44700865316 /* LoginView.swift */ = {isa = PBXFileReference; lastKnownFileType = sourcecode.swift; path = LoginView.swift; sourceTree = "<group>"; };
		048C725D2BD7461200865316 /* BookManageView.swift */ = {isa = PBXFileReference; lastKnownFileType = sourcecode.swift; path = BookManageView.swift; sourceTree = "<group>"; };
		048C72632BD7909E00865316 /* BookListView.swift */ = {isa = PBXFileReference; lastKnownFileType = sourcecode.swift; path = BookListView.swift; sourceTree = "<group>"; };
		048C72652BD7983B00865316 /* ImageCacheService.swift */ = {isa = PBXFileReference; lastKnownFileType = sourcecode.swift; path = ImageCacheService.swift; sourceTree = "<group>"; };
		048C72692BD7D6BD00865316 /* UserListView.swift */ = {isa = PBXFileReference; lastKnownFileType = sourcecode.swift; path = UserListView.swift; sourceTree = "<group>"; };
		048C726D2BD8CBC900865316 /* GridCell.swift */ = {isa = PBXFileReference; lastKnownFileType = sourcecode.swift; path = GridCell.swift; sourceTree = "<group>"; };
		048C726F2BD8F8C800865316 /* CategroyEditView.swift */ = {isa = PBXFileReference; lastKnownFileType = sourcecode.swift; path = CategroyEditView.swift; sourceTree = "<group>"; };
		048C72712BD8FAB300865316 /* GridCellInfo.swift */ = {isa = PBXFileReference; lastKnownFileType = sourcecode.swift; path = GridCellInfo.swift; sourceTree = "<group>"; };
		048C72732BD9256F00865316 /* NoticeView.swift */ = {isa = PBXFileReference; lastKnownFileType = sourcecode.swift; path = NoticeView.swift; sourceTree = "<group>"; };
		048C72772BD93B9A00865316 /* QnAService.swift */ = {isa = PBXFileReference; lastKnownFileType = sourcecode.swift; path = QnAService.swift; sourceTree = "<group>"; };
		048C72792BD93C6700865316 /* Info.plist */ = {isa = PBXFileReference; lastKnownFileType = text.plist; path = Info.plist; sourceTree = "<group>"; };
		048C727A2BD93D6A00865316 /* NoticeService.swift */ = {isa = PBXFileReference; lastKnownFileType = sourcecode.swift; path = NoticeService.swift; sourceTree = "<group>"; };
		048C727C2BD93D8C00865316 /* Notice.swift */ = {isa = PBXFileReference; lastKnownFileType = sourcecode.swift; path = Notice.swift; sourceTree = "<group>"; };
		048C72802BD9529A00865316 /* ComplainView.swift */ = {isa = PBXFileReference; lastKnownFileType = sourcecode.swift; path = ComplainView.swift; sourceTree = "<group>"; };
		EF0F749E2BBCF80C00E37D0D /* BookBillionaireAdmin.app */ = {isa = PBXFileReference; explicitFileType = wrapper.application; includeInIndex = 0; path = BookBillionaireAdmin.app; sourceTree = BUILT_PRODUCTS_DIR; };
		EF0F74A12BBCF80C00E37D0D /* BookBillionaireAdminApp.swift */ = {isa = PBXFileReference; lastKnownFileType = sourcecode.swift; path = BookBillionaireAdminApp.swift; sourceTree = "<group>"; };
		EF0F74A32BBCF80C00E37D0D /* ContentView.swift */ = {isa = PBXFileReference; lastKnownFileType = sourcecode.swift; path = ContentView.swift; sourceTree = "<group>"; };
		EF0F74A52BBCF80E00E37D0D /* Assets.xcassets */ = {isa = PBXFileReference; lastKnownFileType = folder.assetcatalog; path = Assets.xcassets; sourceTree = "<group>"; };
		EF0F74A72BBCF80E00E37D0D /* BookBillionaireAdmin.entitlements */ = {isa = PBXFileReference; lastKnownFileType = text.plist.entitlements; path = BookBillionaireAdmin.entitlements; sourceTree = "<group>"; };
/* End PBXFileReference section */

/* Begin PBXFrameworksBuildPhase section */
		EF0F749B2BBCF80C00E37D0D /* Frameworks */ = {
			isa = PBXFrameworksBuildPhase;
			buildActionMask = 2147483647;
			files = (
				040216742BCE16D900A7C922 /* FirebaseFirestoreSwift in Frameworks */,
				0402166C2BCE16D900A7C922 /* FirebaseAuth in Frameworks */,
				040216722BCE16D900A7C922 /* FirebaseFirestoreCombine-Community in Frameworks */,
				0402166E2BCE16D900A7C922 /* FirebaseAuthCombine-Community in Frameworks */,
				040216702BCE16D900A7C922 /* FirebaseFirestore in Frameworks */,
				048C72472BD40A5500865316 /* BookBillionaireCore in Frameworks */,
			);
			runOnlyForDeploymentPostprocessing = 0;
		};
/* End PBXFrameworksBuildPhase section */

/* Begin PBXGroup section */
		040216752BCE199500A7C922 /* Views */ = {
			isa = PBXGroup;
			children = (
				040216762BCE19A300A7C922 /* DashBoardView.swift */,
				048C72802BD9529A00865316 /* ComplainView.swift */,
				040216782BCE19D500A7C922 /* QnAView.swift */,
				0402167A2BCE1A6900A7C922 /* SettingView.swift */,
				048C72482BD40ADD00865316 /* UserManageView.swift */,
				048C72552BD6337700865316 /* SideBarView.swift */,
				048C725B2BD6A44700865316 /* LoginView.swift */,
				048C725D2BD7461200865316 /* BookManageView.swift */,
				048C72632BD7909E00865316 /* BookListView.swift */,
				048C72692BD7D6BD00865316 /* UserListView.swift */,
				048C726F2BD8F8C800865316 /* CategroyEditView.swift */,
				048C72732BD9256F00865316 /* NoticeView.swift */,
			);
			path = Views;
			sourceTree = "<group>";
		};
		0402167C2BCE5C9F00A7C922 /* Model */ = {
			isa = PBXGroup;
			children = (
				0402167D2BCE5CBB00A7C922 /* QnA.swift */,
				0402167F2BCEB03A00A7C922 /* Category.swift */,
				048C72512BD6291400865316 /* SideBarGroup.swift */,
				048C72532BD62C3400865316 /* Topic.swift */,
			);
			name = Model;
			path = Views/Model;
			sourceTree = "<group>";
		};
		048C72442BD406EB00865316 /* Service */ = {
			isa = PBXGroup;
			children = (
				048C72412BD4059200865316 /* UserService.swift */,
				048C724D2BD5E75A00865316 /* BookService.swift */,
				048C724F2BD628E400865316 /* SideBarService.swift */,
				048C72652BD7983B00865316 /* ImageCacheService.swift */,
			);
			path = Service;
			sourceTree = "<group>";
		};
		048C72452BD40A5500865316 /* Frameworks */ = {
			isa = PBXGroup;
			children = (
			);
			name = Frameworks;
			sourceTree = "<group>";
		};
		048C724A2BD41FC800865316 /* Component */ = {
			isa = PBXGroup;
			children = (
				048C724B2BD421B000865316 /* AccentButtonStyle.swift */,
				048C726D2BD8CBC900865316 /* GridCell.swift */,
				048C72712BD8FAB300865316 /* GridCellInfo.swift */,
			);
			path = Component;
			sourceTree = "<group>";
		};
		EF0F74952BBCF80C00E37D0D = {
			isa = PBXGroup;
			children = (
				EF0F74A02BBCF80C00E37D0D /* BookBillionaireAdmin */,
				EF0F749F2BBCF80C00E37D0D /* Products */,
				048C72452BD40A5500865316 /* Frameworks */,
			);
			sourceTree = "<group>";
		};
		EF0F749F2BBCF80C00E37D0D /* Products */ = {
			isa = PBXGroup;
			children = (
				EF0F749E2BBCF80C00E37D0D /* BookBillionaireAdmin.app */,
			);
			name = Products;
			sourceTree = "<group>";
		};
		EF0F74A02BBCF80C00E37D0D /* BookBillionaireAdmin */ = {
			isa = PBXGroup;
			children = (
				048C724A2BD41FC800865316 /* Component */,
				048C72442BD406EB00865316 /* Service */,
				0402167C2BCE5C9F00A7C922 /* Model */,
				040216752BCE199500A7C922 /* Views */,
				EF0F74A12BBCF80C00E37D0D /* BookBillionaireAdminApp.swift */,
				048C723F2BD4053300865316 /* GoogleService-Info.plist */,
				EF0F74A32BBCF80C00E37D0D /* ContentView.swift */,
				EF0F74A52BBCF80E00E37D0D /* Assets.xcassets */,
				EF0F74A72BBCF80E00E37D0D /* BookBillionaireAdmin.entitlements */,
			);
			path = BookBillionaireAdmin;
			sourceTree = "<group>";
		};
/* End PBXGroup section */

/* Begin PBXNativeTarget section */
		EF0F749D2BBCF80C00E37D0D /* BookBillionaireAdmin */ = {
			isa = PBXNativeTarget;
			buildConfigurationList = EF0F74AD2BBCF80E00E37D0D /* Build configuration list for PBXNativeTarget "BookBillionaireAdmin" */;
			buildPhases = (
				EF0F749A2BBCF80C00E37D0D /* Sources */,
				EF0F749B2BBCF80C00E37D0D /* Frameworks */,
				EF0F749C2BBCF80C00E37D0D /* Resources */,
			);
			buildRules = (
			);
			dependencies = (
			);
			name = BookBillionaireAdmin;
			packageProductDependencies = (
				0402166B2BCE16D900A7C922 /* FirebaseAuth */,
				0402166D2BCE16D900A7C922 /* FirebaseAuthCombine-Community */,
				0402166F2BCE16D900A7C922 /* FirebaseFirestore */,
				040216712BCE16D900A7C922 /* FirebaseFirestoreCombine-Community */,
				040216732BCE16D900A7C922 /* FirebaseFirestoreSwift */,
				048C72462BD40A5500865316 /* BookBillionaireCore */,
			);
			productName = BookBillionaireAdmin;
			productReference = EF0F749E2BBCF80C00E37D0D /* BookBillionaireAdmin.app */;
			productType = "com.apple.product-type.application";
		};
/* End PBXNativeTarget section */

/* Begin PBXProject section */
		EF0F74962BBCF80C00E37D0D /* Project object */ = {
			isa = PBXProject;
			attributes = {
				BuildIndependentTargetsInParallel = 1;
				LastSwiftUpdateCheck = 1530;
				LastUpgradeCheck = 1530;
				TargetAttributes = {
					EF0F749D2BBCF80C00E37D0D = {
						CreatedOnToolsVersion = 15.3;
					};
				};
			};
			buildConfigurationList = EF0F74992BBCF80C00E37D0D /* Build configuration list for PBXProject "BookBillionaireAdmin" */;
			compatibilityVersion = "Xcode 14.0";
			developmentRegion = en;
			hasScannedForEncodings = 0;
			knownRegions = (
				en,
				Base,
			);
			mainGroup = EF0F74952BBCF80C00E37D0D;
			packageReferences = (
				0402166A2BCE16D900A7C922 /* XCRemoteSwiftPackageReference "firebase-ios-sdk" */,
			);
			productRefGroup = EF0F749F2BBCF80C00E37D0D /* Products */;
			projectDirPath = "";
			projectRoot = "";
			targets = (
				EF0F749D2BBCF80C00E37D0D /* BookBillionaireAdmin */,
			);
		};
/* End PBXProject section */

/* Begin PBXResourcesBuildPhase section */
		EF0F749C2BBCF80C00E37D0D /* Resources */ = {
			isa = PBXResourcesBuildPhase;
			buildActionMask = 2147483647;
			files = (
				EF0F74A62BBCF80E00E37D0D /* Assets.xcassets in Resources */,
				048C72402BD4053300865316 /* GoogleService-Info.plist in Resources */,
			);
			runOnlyForDeploymentPostprocessing = 0;
		};
/* End PBXResourcesBuildPhase section */

/* Begin PBXSourcesBuildPhase section */
		EF0F749A2BBCF80C00E37D0D /* Sources */ = {
			isa = PBXSourcesBuildPhase;
			buildActionMask = 2147483647;
			files = (
				EF0F74A42BBCF80C00E37D0D /* ContentView.swift in Sources */,
				048C72812BD9529A00865316 /* ComplainView.swift in Sources */,
				048C726E2BD8CBC900865316 /* GridCell.swift in Sources */,
				0402167B2BCE1A6900A7C922 /* SettingView.swift in Sources */,
				040216772BCE19A300A7C922 /* DashBoardView.swift in Sources */,
				048C72562BD6337700865316 /* SideBarView.swift in Sources */,
				EF0F74A22BBCF80C00E37D0D /* BookBillionaireAdminApp.swift in Sources */,
				048C72642BD7909E00865316 /* BookListView.swift in Sources */,
				048C72422BD4059200865316 /* UserService.swift in Sources */,
				048C726A2BD7D6BD00865316 /* UserListView.swift in Sources */,
				048C724C2BD421B000865316 /* AccentButtonStyle.swift in Sources */,
				048C72522BD6291400865316 /* SideBarGroup.swift in Sources */,
				048C725E2BD7461200865316 /* BookManageView.swift in Sources */,
				040216802BCEB03A00A7C922 /* Category.swift in Sources */,
				0402167E2BCE5CBB00A7C922 /* QnA.swift in Sources */,
				048C725C2BD6A44700865316 /* LoginView.swift in Sources */,
				040216792BCE19D500A7C922 /* QnAView.swift in Sources */,
				048C72662BD7983B00865316 /* ImageCacheService.swift in Sources */,
				048C72702BD8F8C800865316 /* CategroyEditView.swift in Sources */,
				048C72492BD40ADD00865316 /* UserManageView.swift in Sources */,
				048C727B2BD93D6A00865316 /* NoticeService.swift in Sources */,
				048C72502BD628E400865316 /* SideBarService.swift in Sources */,
				048C724E2BD5E75A00865316 /* BookService.swift in Sources */,
				048C72542BD62C3400865316 /* Topic.swift in Sources */,
				048C72722BD8FAB300865316 /* GridCellInfo.swift in Sources */,
			);
			runOnlyForDeploymentPostprocessing = 0;
		};
/* End PBXSourcesBuildPhase section */

/* Begin XCBuildConfiguration section */
		EF0F74AB2BBCF80E00E37D0D /* Debug */ = {
			isa = XCBuildConfiguration;
			buildSettings = {
				ALWAYS_SEARCH_USER_PATHS = NO;
				ASSETCATALOG_COMPILER_GENERATE_SWIFT_ASSET_SYMBOL_EXTENSIONS = YES;
				CLANG_ANALYZER_NONNULL = YES;
				CLANG_ANALYZER_NUMBER_OBJECT_CONVERSION = YES_AGGRESSIVE;
				CLANG_CXX_LANGUAGE_STANDARD = "gnu++20";
				CLANG_ENABLE_MODULES = YES;
				CLANG_ENABLE_OBJC_ARC = YES;
				CLANG_ENABLE_OBJC_WEAK = YES;
				CLANG_WARN_BLOCK_CAPTURE_AUTORELEASING = YES;
				CLANG_WARN_BOOL_CONVERSION = YES;
				CLANG_WARN_COMMA = YES;
				CLANG_WARN_CONSTANT_CONVERSION = YES;
				CLANG_WARN_DEPRECATED_OBJC_IMPLEMENTATIONS = YES;
				CLANG_WARN_DIRECT_OBJC_ISA_USAGE = YES_ERROR;
				CLANG_WARN_DOCUMENTATION_COMMENTS = YES;
				CLANG_WARN_EMPTY_BODY = YES;
				CLANG_WARN_ENUM_CONVERSION = YES;
				CLANG_WARN_INFINITE_RECURSION = YES;
				CLANG_WARN_INT_CONVERSION = YES;
				CLANG_WARN_NON_LITERAL_NULL_CONVERSION = YES;
				CLANG_WARN_OBJC_IMPLICIT_RETAIN_SELF = YES;
				CLANG_WARN_OBJC_LITERAL_CONVERSION = YES;
				CLANG_WARN_OBJC_ROOT_CLASS = YES_ERROR;
				CLANG_WARN_QUOTED_INCLUDE_IN_FRAMEWORK_HEADER = YES;
				CLANG_WARN_RANGE_LOOP_ANALYSIS = YES;
				CLANG_WARN_STRICT_PROTOTYPES = YES;
				CLANG_WARN_SUSPICIOUS_MOVE = YES;
				CLANG_WARN_UNGUARDED_AVAILABILITY = YES_AGGRESSIVE;
				CLANG_WARN_UNREACHABLE_CODE = YES;
				CLANG_WARN__DUPLICATE_METHOD_MATCH = YES;
				COPY_PHASE_STRIP = NO;
				DEBUG_INFORMATION_FORMAT = dwarf;
				ENABLE_STRICT_OBJC_MSGSEND = YES;
				ENABLE_TESTABILITY = YES;
				ENABLE_USER_SCRIPT_SANDBOXING = YES;
				GCC_C_LANGUAGE_STANDARD = gnu17;
				GCC_DYNAMIC_NO_PIC = NO;
				GCC_NO_COMMON_BLOCKS = YES;
				GCC_OPTIMIZATION_LEVEL = 0;
				GCC_PREPROCESSOR_DEFINITIONS = (
					"DEBUG=1",
					"$(inherited)",
				);
				GCC_WARN_64_TO_32_BIT_CONVERSION = YES;
				GCC_WARN_ABOUT_RETURN_TYPE = YES_ERROR;
				GCC_WARN_UNDECLARED_SELECTOR = YES;
				GCC_WARN_UNINITIALIZED_AUTOS = YES_AGGRESSIVE;
				GCC_WARN_UNUSED_FUNCTION = YES;
				GCC_WARN_UNUSED_VARIABLE = YES;
				LOCALIZATION_PREFERS_STRING_CATALOGS = YES;
				MTL_ENABLE_DEBUG_INFO = INCLUDE_SOURCE;
				MTL_FAST_MATH = YES;
				ONLY_ACTIVE_ARCH = YES;
				SWIFT_ACTIVE_COMPILATION_CONDITIONS = "DEBUG $(inherited)";
				SWIFT_OPTIMIZATION_LEVEL = "-Onone";
			};
			name = Debug;
		};
		EF0F74AC2BBCF80E00E37D0D /* Release */ = {
			isa = XCBuildConfiguration;
			buildSettings = {
				ALWAYS_SEARCH_USER_PATHS = NO;
				ASSETCATALOG_COMPILER_GENERATE_SWIFT_ASSET_SYMBOL_EXTENSIONS = YES;
				CLANG_ANALYZER_NONNULL = YES;
				CLANG_ANALYZER_NUMBER_OBJECT_CONVERSION = YES_AGGRESSIVE;
				CLANG_CXX_LANGUAGE_STANDARD = "gnu++20";
				CLANG_ENABLE_MODULES = YES;
				CLANG_ENABLE_OBJC_ARC = YES;
				CLANG_ENABLE_OBJC_WEAK = YES;
				CLANG_WARN_BLOCK_CAPTURE_AUTORELEASING = YES;
				CLANG_WARN_BOOL_CONVERSION = YES;
				CLANG_WARN_COMMA = YES;
				CLANG_WARN_CONSTANT_CONVERSION = YES;
				CLANG_WARN_DEPRECATED_OBJC_IMPLEMENTATIONS = YES;
				CLANG_WARN_DIRECT_OBJC_ISA_USAGE = YES_ERROR;
				CLANG_WARN_DOCUMENTATION_COMMENTS = YES;
				CLANG_WARN_EMPTY_BODY = YES;
				CLANG_WARN_ENUM_CONVERSION = YES;
				CLANG_WARN_INFINITE_RECURSION = YES;
				CLANG_WARN_INT_CONVERSION = YES;
				CLANG_WARN_NON_LITERAL_NULL_CONVERSION = YES;
				CLANG_WARN_OBJC_IMPLICIT_RETAIN_SELF = YES;
				CLANG_WARN_OBJC_LITERAL_CONVERSION = YES;
				CLANG_WARN_OBJC_ROOT_CLASS = YES_ERROR;
				CLANG_WARN_QUOTED_INCLUDE_IN_FRAMEWORK_HEADER = YES;
				CLANG_WARN_RANGE_LOOP_ANALYSIS = YES;
				CLANG_WARN_STRICT_PROTOTYPES = YES;
				CLANG_WARN_SUSPICIOUS_MOVE = YES;
				CLANG_WARN_UNGUARDED_AVAILABILITY = YES_AGGRESSIVE;
				CLANG_WARN_UNREACHABLE_CODE = YES;
				CLANG_WARN__DUPLICATE_METHOD_MATCH = YES;
				COPY_PHASE_STRIP = NO;
				DEBUG_INFORMATION_FORMAT = "dwarf-with-dsym";
				ENABLE_NS_ASSERTIONS = NO;
				ENABLE_STRICT_OBJC_MSGSEND = YES;
				ENABLE_USER_SCRIPT_SANDBOXING = YES;
				GCC_C_LANGUAGE_STANDARD = gnu17;
				GCC_NO_COMMON_BLOCKS = YES;
				GCC_WARN_64_TO_32_BIT_CONVERSION = YES;
				GCC_WARN_ABOUT_RETURN_TYPE = YES_ERROR;
				GCC_WARN_UNDECLARED_SELECTOR = YES;
				GCC_WARN_UNINITIALIZED_AUTOS = YES_AGGRESSIVE;
				GCC_WARN_UNUSED_FUNCTION = YES;
				GCC_WARN_UNUSED_VARIABLE = YES;
				LOCALIZATION_PREFERS_STRING_CATALOGS = YES;
				MTL_ENABLE_DEBUG_INFO = NO;
				MTL_FAST_MATH = YES;
				SWIFT_COMPILATION_MODE = wholemodule;
			};
			name = Release;
		};
		EF0F74AE2BBCF80E00E37D0D /* Debug */ = {
			isa = XCBuildConfiguration;
			buildSettings = {
				ASSETCATALOG_COMPILER_APPICON_NAME = AppIcon;
				ASSETCATALOG_COMPILER_GLOBAL_ACCENT_COLOR_NAME = AccentColor;
				CODE_SIGN_ENTITLEMENTS = BookBillionaireAdmin/BookBillionaireAdmin.entitlements;
				CODE_SIGN_STYLE = Automatic;
				CURRENT_PROJECT_VERSION = 1;
				DEVELOPMENT_ASSET_PATHS = "";
				DEVELOPMENT_TEAM = 6R3M7VGRP2;
				ENABLE_HARDENED_RUNTIME = YES;
				ENABLE_PREVIEWS = YES;
				GENERATE_INFOPLIST_FILE = YES;
				"INFOPLIST_KEY_UIApplicationSceneManifest_Generation[sdk=iphoneos*]" = YES;
				"INFOPLIST_KEY_UIApplicationSceneManifest_Generation[sdk=iphonesimulator*]" = YES;
				"INFOPLIST_KEY_UIApplicationSupportsIndirectInputEvents[sdk=iphoneos*]" = YES;
				"INFOPLIST_KEY_UIApplicationSupportsIndirectInputEvents[sdk=iphonesimulator*]" = YES;
				"INFOPLIST_KEY_UILaunchScreen_Generation[sdk=iphoneos*]" = YES;
				"INFOPLIST_KEY_UILaunchScreen_Generation[sdk=iphonesimulator*]" = YES;
				"INFOPLIST_KEY_UIStatusBarStyle[sdk=iphoneos*]" = UIStatusBarStyleDefault;
				"INFOPLIST_KEY_UIStatusBarStyle[sdk=iphonesimulator*]" = UIStatusBarStyleDefault;
				INFOPLIST_KEY_UISupportedInterfaceOrientations = "UIInterfaceOrientationLandscapeLeft UIInterfaceOrientationLandscapeRight UIInterfaceOrientationPortrait";
				INFOPLIST_KEY_UISupportedInterfaceOrientations_iPad = "UIInterfaceOrientationLandscapeLeft UIInterfaceOrientationLandscapeRight";
				IPHONEOS_DEPLOYMENT_TARGET = 16.0;
				LD_RUNPATH_SEARCH_PATHS = "@executable_path/Frameworks";
				"LD_RUNPATH_SEARCH_PATHS[sdk=macosx*]" = "@executable_path/../Frameworks";
				MACOSX_DEPLOYMENT_TARGET = 14.4;
				MARKETING_VERSION = 1.0;
				PRODUCT_BUNDLE_IDENTIFIER = com.TeamBB.BookBillionaireAdmin;
				PRODUCT_NAME = "$(TARGET_NAME)";
				SDKROOT = auto;
				SUPPORTED_PLATFORMS = "iphoneos iphonesimulator";
				SUPPORTS_MACCATALYST = NO;
				SWIFT_EMIT_LOC_STRINGS = YES;
				SWIFT_VERSION = 5.0;
				TARGETED_DEVICE_FAMILY = 2;
			};
			name = Debug;
		};
		EF0F74AF2BBCF80E00E37D0D /* Release */ = {
			isa = XCBuildConfiguration;
			buildSettings = {
				ASSETCATALOG_COMPILER_APPICON_NAME = AppIcon;
				ASSETCATALOG_COMPILER_GLOBAL_ACCENT_COLOR_NAME = AccentColor;
				CODE_SIGN_ENTITLEMENTS = BookBillionaireAdmin/BookBillionaireAdmin.entitlements;
				CODE_SIGN_STYLE = Automatic;
				CURRENT_PROJECT_VERSION = 1;
				DEVELOPMENT_ASSET_PATHS = "";
				DEVELOPMENT_TEAM = 6R3M7VGRP2;
				ENABLE_HARDENED_RUNTIME = YES;
				ENABLE_PREVIEWS = YES;
				GENERATE_INFOPLIST_FILE = YES;
				"INFOPLIST_KEY_UIApplicationSceneManifest_Generation[sdk=iphoneos*]" = YES;
				"INFOPLIST_KEY_UIApplicationSceneManifest_Generation[sdk=iphonesimulator*]" = YES;
				"INFOPLIST_KEY_UIApplicationSupportsIndirectInputEvents[sdk=iphoneos*]" = YES;
				"INFOPLIST_KEY_UIApplicationSupportsIndirectInputEvents[sdk=iphonesimulator*]" = YES;
				"INFOPLIST_KEY_UILaunchScreen_Generation[sdk=iphoneos*]" = YES;
				"INFOPLIST_KEY_UILaunchScreen_Generation[sdk=iphonesimulator*]" = YES;
				"INFOPLIST_KEY_UIStatusBarStyle[sdk=iphoneos*]" = UIStatusBarStyleDefault;
				"INFOPLIST_KEY_UIStatusBarStyle[sdk=iphonesimulator*]" = UIStatusBarStyleDefault;
				INFOPLIST_KEY_UISupportedInterfaceOrientations = "UIInterfaceOrientationLandscapeLeft UIInterfaceOrientationLandscapeRight UIInterfaceOrientationPortrait";
				INFOPLIST_KEY_UISupportedInterfaceOrientations_iPad = "UIInterfaceOrientationLandscapeLeft UIInterfaceOrientationLandscapeRight";
				IPHONEOS_DEPLOYMENT_TARGET = 16.0;
				LD_RUNPATH_SEARCH_PATHS = "@executable_path/Frameworks";
				"LD_RUNPATH_SEARCH_PATHS[sdk=macosx*]" = "@executable_path/../Frameworks";
				MACOSX_DEPLOYMENT_TARGET = 14.4;
				MARKETING_VERSION = 1.0;
				PRODUCT_BUNDLE_IDENTIFIER = com.TeamBB.BookBillionaireAdmin;
				PRODUCT_NAME = "$(TARGET_NAME)";
				SDKROOT = auto;
				SUPPORTED_PLATFORMS = "iphoneos iphonesimulator";
				SUPPORTS_MACCATALYST = NO;
				SWIFT_EMIT_LOC_STRINGS = YES;
				SWIFT_VERSION = 5.0;
				TARGETED_DEVICE_FAMILY = 2;
			};
			name = Release;
		};
/* End XCBuildConfiguration section */

/* Begin XCConfigurationList section */
		EF0F74992BBCF80C00E37D0D /* Build configuration list for PBXProject "BookBillionaireAdmin" */ = {
			isa = XCConfigurationList;
			buildConfigurations = (
				EF0F74AB2BBCF80E00E37D0D /* Debug */,
				EF0F74AC2BBCF80E00E37D0D /* Release */,
			);
			defaultConfigurationIsVisible = 0;
			defaultConfigurationName = Release;
		};
		EF0F74AD2BBCF80E00E37D0D /* Build configuration list for PBXNativeTarget "BookBillionaireAdmin" */ = {
			isa = XCConfigurationList;
			buildConfigurations = (
				EF0F74AE2BBCF80E00E37D0D /* Debug */,
				EF0F74AF2BBCF80E00E37D0D /* Release */,
			);
			defaultConfigurationIsVisible = 0;
			defaultConfigurationName = Release;
		};
/* End XCConfigurationList section */

/* Begin XCRemoteSwiftPackageReference section */
		0402166A2BCE16D900A7C922 /* XCRemoteSwiftPackageReference "firebase-ios-sdk" */ = {
			isa = XCRemoteSwiftPackageReference;
			repositoryURL = "https://github.com/firebase/firebase-ios-sdk";
			requirement = {
				kind = upToNextMajorVersion;
				minimumVersion = 10.24.0;
			};
		};
/* End XCRemoteSwiftPackageReference section */

/* Begin XCSwiftPackageProductDependency section */
		0402166B2BCE16D900A7C922 /* FirebaseAuth */ = {
			isa = XCSwiftPackageProductDependency;
			package = 0402166A2BCE16D900A7C922 /* XCRemoteSwiftPackageReference "firebase-ios-sdk" */;
			productName = FirebaseAuth;
		};
		0402166D2BCE16D900A7C922 /* FirebaseAuthCombine-Community */ = {
			isa = XCSwiftPackageProductDependency;
			package = 0402166A2BCE16D900A7C922 /* XCRemoteSwiftPackageReference "firebase-ios-sdk" */;
			productName = "FirebaseAuthCombine-Community";
		};
		0402166F2BCE16D900A7C922 /* FirebaseFirestore */ = {
			isa = XCSwiftPackageProductDependency;
			package = 0402166A2BCE16D900A7C922 /* XCRemoteSwiftPackageReference "firebase-ios-sdk" */;
			productName = FirebaseFirestore;
		};
		040216712BCE16D900A7C922 /* FirebaseFirestoreCombine-Community */ = {
			isa = XCSwiftPackageProductDependency;
			package = 0402166A2BCE16D900A7C922 /* XCRemoteSwiftPackageReference "firebase-ios-sdk" */;
			productName = "FirebaseFirestoreCombine-Community";
		};
		040216732BCE16D900A7C922 /* FirebaseFirestoreSwift */ = {
			isa = XCSwiftPackageProductDependency;
			package = 0402166A2BCE16D900A7C922 /* XCRemoteSwiftPackageReference "firebase-ios-sdk" */;
			productName = FirebaseFirestoreSwift;
		};
		048C72462BD40A5500865316 /* BookBillionaireCore */ = {
			isa = XCSwiftPackageProductDependency;
			productName = BookBillionaireCore;
		};
/* End XCSwiftPackageProductDependency section */
	};
	rootObject = EF0F74962BBCF80C00E37D0D /* Project object */;
}
