// !$*UTF8*$!
{
	archiveVersion = 1;
	classes = {
	};
	objectVersion = 56;
	objects = {

/* Begin PBXBuildFile section */
		048C723E2BD2AB9300865316 /* ImageChache.swift in Sources */ = {isa = PBXBuildFile; fileRef = 048C723D2BD2AB9300865316 /* ImageChache.swift */; };
		048C72622BD77EDB00865316 /* ComplainService.swift in Sources */ = {isa = PBXBuildFile; fileRef = 048C72612BD77EDB00865316 /* ComplainService.swift */; };
		048C72BA2BDCE36700865316 /* RLoginInfoView.swift in Sources */ = {isa = PBXBuildFile; fileRef = 048C72B92BDCE36700865316 /* RLoginInfoView.swift */; };
		048C72CB2BDF377F00865316 /* GoogleService-Info.plist in Resources */ = {isa = PBXBuildFile; fileRef = 048C72CA2BDF377F00865316 /* GoogleService-Info.plist */; };
		048C72CD2BDF378500865316 /* key.plist in Resources */ = {isa = PBXBuildFile; fileRef = 048C72CC2BDF378500865316 /* key.plist */; };
		048C72E02BE1C48600865316 /* HtmlLoadService.swift in Sources */ = {isa = PBXBuildFile; fileRef = 048C72DF2BE1C48600865316 /* HtmlLoadService.swift */; };
		048C72E22BE1C57100865316 /* GoogleSignIn in Frameworks */ = {isa = PBXBuildFile; productRef = 048C72E12BE1C57100865316 /* GoogleSignIn */; };
		048C72E42BE1C57100865316 /* GoogleSignInSwift in Frameworks */ = {isa = PBXBuildFile; productRef = 048C72E32BE1C57100865316 /* GoogleSignInSwift */; };
		048C72E52BE1CC0200865316 /* Assets.xcassets in Resources */ = {isa = PBXBuildFile; fileRef = EF0F748B2BBCF7C700E37D0D /* Assets.xcassets */; };
		04A59A402BBD29C1009FBF6E /* BookService.swift in Sources */ = {isa = PBXBuildFile; fileRef = 04A59A3F2BBD29C1009FBF6E /* BookService.swift */; };
		04A59A452BBD2F66009FBF6E /* BookBillionaireCore in Frameworks */ = {isa = PBXBuildFile; productRef = 04A59A442BBD2F66009FBF6E /* BookBillionaireCore */; };
		04A59A812BBE85C2009FBF6E /* UserService.swift in Sources */ = {isa = PBXBuildFile; fileRef = 04A59A802BBE85C2009FBF6E /* UserService.swift */; };
		04A59A862BBF8169009FBF6E /* ChatView.swift in Sources */ = {isa = PBXBuildFile; fileRef = EF0F74B82BBCFA6200E37D0D /* ChatView.swift */; };
		04A59A872BBF8169009FBF6E /* LibraryView.swift in Sources */ = {isa = PBXBuildFile; fileRef = EF0F74BC2BBCFA7F00E37D0D /* LibraryView.swift */; };
		04A59A8B2BBFB7F7009FBF6E /* RentalService.swift in Sources */ = {isa = PBXBuildFile; fileRef = 04A59A8A2BBFB7F7009FBF6E /* RentalService.swift */; };
		04A59A912BBFCF6A009FBF6E /* APISearchView.swift in Sources */ = {isa = PBXBuildFile; fileRef = 04A59A8E2BBFCF6A009FBF6E /* APISearchView.swift */; };
		04A59A922BBFCF6A009FBF6E /* APISearchListRowView.swift in Sources */ = {isa = PBXBuildFile; fileRef = 04A59A8F2BBFCF6A009FBF6E /* APISearchListRowView.swift */; };
		04A59A932BBFCF6A009FBF6E /* APISearchBar.swift in Sources */ = {isa = PBXBuildFile; fileRef = 04A59A902BBFCF6A009FBF6E /* APISearchBar.swift */; };
		04A59A952BC143E7009FBF6E /* SpaceBox.swift in Sources */ = {isa = PBXBuildFile; fileRef = 04A59A942BC143E7009FBF6E /* SpaceBox.swift */; };
		04A59A982BC19813009FBF6E /* AccentButtonStyle.swift in Sources */ = {isa = PBXBuildFile; fileRef = 04A59A962BC19813009FBF6E /* AccentButtonStyle.swift */; };
		04A59A992BC19813009FBF6E /* WhiteButtonStyle.swift in Sources */ = {isa = PBXBuildFile; fileRef = 04A59A972BC19813009FBF6E /* WhiteButtonStyle.swift */; };
		04A59AAA2BC3B7D8009FBF6E /* ServiceTestView.swift in Sources */ = {isa = PBXBuildFile; fileRef = 04A59A822BBE8876009FBF6E /* ServiceTestView.swift */; };
		04A59AB42BC4FDE0009FBF6E /* UnlogginedView.swift in Sources */ = {isa = PBXBuildFile; fileRef = 04A59AB32BC4FDE0009FBF6E /* UnlogginedView.swift */; };
		04A59AB62BC52031009FBF6E /* FirebaseStorage in Frameworks */ = {isa = PBXBuildFile; productRef = 04A59AB52BC52031009FBF6E /* FirebaseStorage */; };
		04A59AB82BC52031009FBF6E /* FirebaseStorageCombine-Community in Frameworks */ = {isa = PBXBuildFile; productRef = 04A59AB72BC52031009FBF6E /* FirebaseStorageCombine-Community */; };
		04A59AC02BC68D79009FBF6E /* DatePickerView.swift in Sources */ = {isa = PBXBuildFile; fileRef = 04A59ABE2BC68D79009FBF6E /* DatePickerView.swift */; };
		04A59AC12BC68D79009FBF6E /* TimePickerView.swift in Sources */ = {isa = PBXBuildFile; fileRef = 04A59ABF2BC68D79009FBF6E /* TimePickerView.swift */; };
		084FE4D12BD0D3ED00AACD4A /* FirebaseFirestore in Frameworks */ = {isa = PBXBuildFile; productRef = 084FE4D02BD0D3ED00AACD4A /* FirebaseFirestore */; };
		084FE4D32BD0D3F300AACD4A /* FirebaseFirestoreSwift in Frameworks */ = {isa = PBXBuildFile; productRef = 084FE4D22BD0D3F300AACD4A /* FirebaseFirestoreSwift */; };
		0882603E2BBD2AC3007BEA25 /* ChatListView.swift in Sources */ = {isa = PBXBuildFile; fileRef = 0882603D2BBD2AC3007BEA25 /* ChatListView.swift */; };
		088260402BBD2B0C007BEA25 /* ComplainView.swift in Sources */ = {isa = PBXBuildFile; fileRef = 0882603F2BBD2B0C007BEA25 /* ComplainView.swift */; };
		088260462BBD2B85007BEA25 /* PromiseConfirmView.swift in Sources */ = {isa = PBXBuildFile; fileRef = 088260452BBD2B85007BEA25 /* PromiseConfirmView.swift */; };
		089F0B922BDF9AC400760134 /* MeetingMapView.swift in Sources */ = {isa = PBXBuildFile; fileRef = 089F0B912BDF9AC400760134 /* MeetingMapView.swift */; };
		08C46D7D2BC2D40700DB6D1D /* ChatRoom.swift in Sources */ = {isa = PBXBuildFile; fileRef = 08C46D7C2BC2D40700DB6D1D /* ChatRoom.swift */; };
		08C46D7F2BC2D4A700DB6D1D /* Message.swift in Sources */ = {isa = PBXBuildFile; fileRef = 08C46D7E2BC2D4A700DB6D1D /* Message.swift */; };
		08C46D812BC2D61300DB6D1D /* ChatListViewModel.swift in Sources */ = {isa = PBXBuildFile; fileRef = 08C46D802BC2D61300DB6D1D /* ChatListViewModel.swift */; };
		08C46D832BC2D6C400DB6D1D /* ChatViewModel.swift in Sources */ = {isa = PBXBuildFile; fileRef = 08C46D822BC2D6C400DB6D1D /* ChatViewModel.swift */; };
		08C46D852BC2D7FA00DB6D1D /* ChatBubble.swift in Sources */ = {isa = PBXBuildFile; fileRef = 08C46D842BC2D7FA00DB6D1D /* ChatBubble.swift */; };
		35082EFC2BCCDF140008AA90 /* SearchViewModel.swift in Sources */ = {isa = PBXBuildFile; fileRef = 35082EFB2BCCDF140008AA90 /* SearchViewModel.swift */; };
		353704572BCD183D00E6F531 /* CustomAlert.swift in Sources */ = {isa = PBXBuildFile; fileRef = 353704562BCD183D00E6F531 /* CustomAlert.swift */; };
		35537C582BBD8CA800FE8354 /* BookSearchView.swift in Sources */ = {isa = PBXBuildFile; fileRef = 35537C572BBD8CA800FE8354 /* BookSearchView.swift */; };
		35537C5A2BBD8CB400FE8354 /* HomeView.swift in Sources */ = {isa = PBXBuildFile; fileRef = 35537C592BBD8CB400FE8354 /* HomeView.swift */; };
		356DFFA52BCD442A00007CDA /* BottomSheet.swift in Sources */ = {isa = PBXBuildFile; fileRef = 356DFFA42BCD442A00007CDA /* BottomSheet.swift */; };
		356DFFA72BCD5A3500007CDA /* BookDetailView.swift in Sources */ = {isa = PBXBuildFile; fileRef = 356DFFA62BCD5A3500007CDA /* BookDetailView.swift */; };
		35A6DCEC2BE0B9C40055F7B8 /* MyBookDetailInfoView.swift in Sources */ = {isa = PBXBuildFile; fileRef = 35A6DCEB2BE0B9C40055F7B8 /* MyBookDetailInfoView.swift */; };
		35B1F1C02BC80482006DF56D /* StatusButton.swift in Sources */ = {isa = PBXBuildFile; fileRef = 35B1F1BF2BC80482006DF56D /* StatusButton.swift */; };
		35B7DFBB2BE1DE1700755CC8 /* OverlayImage.swift in Sources */ = {isa = PBXBuildFile; fileRef = EFCF32242BCCDF5400DA478F /* OverlayImage.swift */; };
		35BE2A8E2BDF2D2E004DE1BB /* ProfilePhoto.swift in Sources */ = {isa = PBXBuildFile; fileRef = 35BE2A8C2BDF2D2E004DE1BB /* ProfilePhoto.swift */; };
		35BE2A8F2BDF2D2E004DE1BB /* EditProfileView.swift in Sources */ = {isa = PBXBuildFile; fileRef = 35BE2A8D2BDF2D2E004DE1BB /* EditProfileView.swift */; };
		35BE2A912BDF3D53004DE1BB /* ProfileView.swift in Sources */ = {isa = PBXBuildFile; fileRef = 35BE2A902BDF3D53004DE1BB /* ProfileView.swift */; };
		35EAF20A2BCF670D0051B38B /* FavoriteButton.swift in Sources */ = {isa = PBXBuildFile; fileRef = 35EAF2092BCF670D0051B38B /* FavoriteButton.swift */; };
		35EAF2102BCF67F80051B38B /* BookDetailReviewRowView.swift in Sources */ = {isa = PBXBuildFile; fileRef = 35EAF20B2BCF67F80051B38B /* BookDetailReviewRowView.swift */; };
		35EAF2112BCF67F80051B38B /* BookDetailOwnerRowView.swift in Sources */ = {isa = PBXBuildFile; fileRef = 35EAF20C2BCF67F80051B38B /* BookDetailOwnerRowView.swift */; };
		35EAF2122BCF67F80051B38B /* BookDetailReviewView.swift in Sources */ = {isa = PBXBuildFile; fileRef = 35EAF20D2BCF67F80051B38B /* BookDetailReviewView.swift */; };
		35EAF2132BCF67F80051B38B /* CreateBookReviewView.swift in Sources */ = {isa = PBXBuildFile; fileRef = 35EAF20E2BCF67F80051B38B /* CreateBookReviewView.swift */; };
		35EAF2142BCF67F80051B38B /* BookAnotherOwnerView.swift in Sources */ = {isa = PBXBuildFile; fileRef = 35EAF20F2BCF67F80051B38B /* BookAnotherOwnerView.swift */; };
		35EAF2172BCF67FE0051B38B /* ReviewViewModel.swift in Sources */ = {isa = PBXBuildFile; fileRef = 35EAF2152BCF67FE0051B38B /* ReviewViewModel.swift */; };
		35EAF2182BCF67FE0051B38B /* Reviews.swift in Sources */ = {isa = PBXBuildFile; fileRef = 35EAF2162BCF67FE0051B38B /* Reviews.swift */; };
		35ED71C62BD0BE18006AC2A0 /* Star.swift in Sources */ = {isa = PBXBuildFile; fileRef = 35ED71C52BD0BE18006AC2A0 /* Star.swift */; };
		35F056F92BDB626900409B21 /* BookDetailViewModel.swift in Sources */ = {isa = PBXBuildFile; fileRef = 35F056F82BDB626900409B21 /* BookDetailViewModel.swift */; };
		35F056FF2BDB7B0F00409B21 /* SettingButton.swift in Sources */ = {isa = PBXBuildFile; fileRef = 35F056FE2BDB7B0F00409B21 /* SettingButton.swift */; };
		35F057032BDB837000409B21 /* NoticeItem.swift in Sources */ = {isa = PBXBuildFile; fileRef = 35F057022BDB837000409B21 /* NoticeItem.swift */; };
		35F057052BDB842D00409B21 /* NoticeDummy.swift in Sources */ = {isa = PBXBuildFile; fileRef = 35F057042BDB842D00409B21 /* NoticeDummy.swift */; };
		35F057072BDB857600409B21 /* NoticeView.swift in Sources */ = {isa = PBXBuildFile; fileRef = 35F057062BDB857600409B21 /* NoticeView.swift */; };
		35F057092BDB8AE900409B21 /* QAView.swift in Sources */ = {isa = PBXBuildFile; fileRef = 35F057082BDB8AE900409B21 /* QAView.swift */; };
		35F850412BE25CCE007474D0 /* CalenderView.swift in Sources */ = {isa = PBXBuildFile; fileRef = 35F850402BE25CCE007474D0 /* CalenderView.swift */; };
		35F850442BE26165007474D0 /* DateValue.swift in Sources */ = {isa = PBXBuildFile; fileRef = 35F850432BE26165007474D0 /* DateValue.swift */; };
		35FCF1182BD76D3900A49EFD /* HomeBanner.swift in Sources */ = {isa = PBXBuildFile; fileRef = 35FCF1172BD76D3900A49EFD /* HomeBanner.swift */; };
		8C1E20F12BC7AE8900D92E95 /* AuthViewModelGoogle.swift in Sources */ = {isa = PBXBuildFile; fileRef = 8C1E20F02BC7AE8900D92E95 /* AuthViewModelGoogle.swift */; };
		8C1E20F32BC7AF0D00D92E95 /* AuthModel.swift in Sources */ = {isa = PBXBuildFile; fileRef = 8C1E20F22BC7AF0D00D92E95 /* AuthModel.swift */; };
		8C47EADB2BDF359200037CDB /* LocationManager.swift in Sources */ = {isa = PBXBuildFile; fileRef = 8C47EADA2BDF359200037CDB /* LocationManager.swift */; };
		8C5748B32BD886EE00F2554D /* BarcodeScannerViewController.swift in Sources */ = {isa = PBXBuildFile; fileRef = 8C5748B02BD886EE00F2554D /* BarcodeScannerViewController.swift */; };
		8C5748B42BD886EE00F2554D /* CaemraBarcodeScanner.swift in Sources */ = {isa = PBXBuildFile; fileRef = 8C5748B12BD886EE00F2554D /* CaemraBarcodeScanner.swift */; };
		8C5748B62BD8870400F2554D /* SignUpDetailView.swift in Sources */ = {isa = PBXBuildFile; fileRef = 8C5748B52BD8870400F2554D /* SignUpDetailView.swift */; };
		8C85928C2BBD23BD0082C8B8 /* AuthViewModel.swift in Sources */ = {isa = PBXBuildFile; fileRef = 8C8592892BBD23BC0082C8B8 /* AuthViewModel.swift */; };
		8C85928D2BBD23BD0082C8B8 /* SignUpView.swift in Sources */ = {isa = PBXBuildFile; fileRef = 8C85928A2BBD23BD0082C8B8 /* SignUpView.swift */; };
		8C85928E2BBD23BD0082C8B8 /* LoginView.swift in Sources */ = {isa = PBXBuildFile; fileRef = 8C85928B2BBD23BD0082C8B8 /* LoginView.swift */; };
		EF0F74882BBCF7C500E37D0D /* BookBillionaireUserApp.swift in Sources */ = {isa = PBXBuildFile; fileRef = EF0F74872BBCF7C500E37D0D /* BookBillionaireUserApp.swift */; };
		EF0F748A2BBCF7C500E37D0D /* ContentView.swift in Sources */ = {isa = PBXBuildFile; fileRef = EF0F74892BBCF7C500E37D0D /* ContentView.swift */; };
		EF0F74BB2BBCFA7100E37D0D /* BookSearchBar.swift in Sources */ = {isa = PBXBuildFile; fileRef = EF0F74BA2BBCFA7100E37D0D /* BookSearchBar.swift */; };
		EF0F74D02BBD297B00E37D0D /* CategoryView.swift in Sources */ = {isa = PBXBuildFile; fileRef = EF0F74CF2BBD297B00E37D0D /* CategoryView.swift */; };
		EF0F74D22BBD38FA00E37D0D /* MyBookListView.swift in Sources */ = {isa = PBXBuildFile; fileRef = EF0F74D12BBD38FA00E37D0D /* MyBookListView.swift */; };
		EF0F74D42BBD472D00E37D0D /* RentalBookListView.swift in Sources */ = {isa = PBXBuildFile; fileRef = EF0F74D32BBD472D00E37D0D /* RentalBookListView.swift */; };
		EF0F74D62BBD6FF600E37D0D /* DescriptionView.swift in Sources */ = {isa = PBXBuildFile; fileRef = EF0F74D52BBD6FF600E37D0D /* DescriptionView.swift */; };
		EF1AA4E42BBE7BAD00B248A7 /* FirebaseAuth in Frameworks */ = {isa = PBXBuildFile; productRef = EF1AA4E32BBE7BAD00B248A7 /* FirebaseAuth */; };
		EF1AA4E62BBE7BC700B248A7 /* FirebaseAuthCombine-Community in Frameworks */ = {isa = PBXBuildFile; productRef = EF1AA4E52BBE7BC700B248A7 /* FirebaseAuthCombine-Community */; };
		EF1AA4EA2BBE7BC700B248A7 /* FirebaseFirestoreCombine-Community in Frameworks */ = {isa = PBXBuildFile; productRef = EF1AA4E92BBE7BC700B248A7 /* FirebaseFirestoreCombine-Community */; };
		EF1AA4F22BBE81FD00B248A7 /* BookCreateView.swift in Sources */ = {isa = PBXBuildFile; fileRef = EF1AA4F12BBE81FD00B248A7 /* BookCreateView.swift */; };
		EF6C38A32BCFD3ED00098E18 /* RentalCreateView.swift in Sources */ = {isa = PBXBuildFile; fileRef = EF6C38A22BCFD3ED00098E18 /* RentalCreateView.swift */; };
		EF6C38A52BCFE60D00098E18 /* MapView.swift in Sources */ = {isa = PBXBuildFile; fileRef = EF6C38A42BCFE60D00098E18 /* MapView.swift */; };
		EF7A2B952BBF99A00068D100 /* CameraView.swift in Sources */ = {isa = PBXBuildFile; fileRef = EF7A2B942BBF99A00068D100 /* CameraView.swift */; };
		EF7C83022BBE27BF009D59FB /* RentalStateSheetView.swift in Sources */ = {isa = PBXBuildFile; fileRef = EF7C83012BBE27BF009D59FB /* RentalStateSheetView.swift */; };
		EF7C830A2BBE63B6009D59FB /* BookInfoAddView.swift in Sources */ = {isa = PBXBuildFile; fileRef = EF7C83092BBE63B6009D59FB /* BookInfoAddView.swift */; };
		EF8178CD2BBD749700ADAE2E /* RentalInfoView.swift in Sources */ = {isa = PBXBuildFile; fileRef = EF8178CC2BBD749700ADAE2E /* RentalInfoView.swift */; };
		EF88A1842BC4E6AC00E0EEAA /* BookItem.swift in Sources */ = {isa = PBXBuildFile; fileRef = EF88A1832BC4E6AC00E0EEAA /* BookItem.swift */; };
		EFE1D8172BDF2DD5005268F1 /* (null) in Sources */ = {isa = PBXBuildFile; };
		EFF5583A2BCABF9E003DC096 /* Toast.swift in Sources */ = {isa = PBXBuildFile; fileRef = EFF558392BCABF9E003DC096 /* Toast.swift */; };
		EFFF88512BDA333E00676424 /* RentalBookDetailView.swift in Sources */ = {isa = PBXBuildFile; fileRef = EFFF88502BDA333E00676424 /* RentalBookDetailView.swift */; };
/* End PBXBuildFile section */

/* Begin PBXFileReference section */
		048C723D2BD2AB9300865316 /* ImageChache.swift */ = {isa = PBXFileReference; lastKnownFileType = sourcecode.swift; path = ImageChache.swift; sourceTree = "<group>"; };
		048C72612BD77EDB00865316 /* ComplainService.swift */ = {isa = PBXFileReference; lastKnownFileType = sourcecode.swift; path = ComplainService.swift; sourceTree = "<group>"; };
		048C72B92BDCE36700865316 /* RLoginInfoView.swift */ = {isa = PBXFileReference; fileEncoding = 4; lastKnownFileType = sourcecode.swift; path = RLoginInfoView.swift; sourceTree = "<group>"; };
		048C72CA2BDF377F00865316 /* GoogleService-Info.plist */ = {isa = PBXFileReference; fileEncoding = 4; lastKnownFileType = text.plist.xml; path = "GoogleService-Info.plist"; sourceTree = SOURCE_ROOT; };
		048C72CC2BDF378500865316 /* key.plist */ = {isa = PBXFileReference; fileEncoding = 4; lastKnownFileType = text.plist.xml; path = key.plist; sourceTree = SOURCE_ROOT; };
		048C72DF2BE1C48600865316 /* HtmlLoadService.swift */ = {isa = PBXFileReference; fileEncoding = 4; lastKnownFileType = sourcecode.swift; path = HtmlLoadService.swift; sourceTree = "<group>"; };
		04A59A3F2BBD29C1009FBF6E /* BookService.swift */ = {isa = PBXFileReference; lastKnownFileType = sourcecode.swift; path = BookService.swift; sourceTree = "<group>"; };
		04A59A802BBE85C2009FBF6E /* UserService.swift */ = {isa = PBXFileReference; lastKnownFileType = sourcecode.swift; path = UserService.swift; sourceTree = "<group>"; };
		04A59A822BBE8876009FBF6E /* ServiceTestView.swift */ = {isa = PBXFileReference; lastKnownFileType = sourcecode.swift; path = ServiceTestView.swift; sourceTree = "<group>"; };
		04A59A8A2BBFB7F7009FBF6E /* RentalService.swift */ = {isa = PBXFileReference; lastKnownFileType = sourcecode.swift; path = RentalService.swift; sourceTree = "<group>"; };
		04A59A8E2BBFCF6A009FBF6E /* APISearchView.swift */ = {isa = PBXFileReference; fileEncoding = 4; lastKnownFileType = sourcecode.swift; path = APISearchView.swift; sourceTree = "<group>"; };
		04A59A8F2BBFCF6A009FBF6E /* APISearchListRowView.swift */ = {isa = PBXFileReference; fileEncoding = 4; lastKnownFileType = sourcecode.swift; path = APISearchListRowView.swift; sourceTree = "<group>"; };
		04A59A902BBFCF6A009FBF6E /* APISearchBar.swift */ = {isa = PBXFileReference; fileEncoding = 4; lastKnownFileType = sourcecode.swift; path = APISearchBar.swift; sourceTree = "<group>"; };
		04A59A942BC143E7009FBF6E /* SpaceBox.swift */ = {isa = PBXFileReference; lastKnownFileType = sourcecode.swift; path = SpaceBox.swift; sourceTree = "<group>"; };
		04A59A962BC19813009FBF6E /* AccentButtonStyle.swift */ = {isa = PBXFileReference; fileEncoding = 4; lastKnownFileType = sourcecode.swift; path = AccentButtonStyle.swift; sourceTree = "<group>"; };
		04A59A972BC19813009FBF6E /* WhiteButtonStyle.swift */ = {isa = PBXFileReference; fileEncoding = 4; lastKnownFileType = sourcecode.swift; path = WhiteButtonStyle.swift; sourceTree = "<group>"; };
		04A59AB32BC4FDE0009FBF6E /* UnlogginedView.swift */ = {isa = PBXFileReference; lastKnownFileType = sourcecode.swift; path = UnlogginedView.swift; sourceTree = "<group>"; };
		04A59ABE2BC68D79009FBF6E /* DatePickerView.swift */ = {isa = PBXFileReference; fileEncoding = 4; lastKnownFileType = sourcecode.swift; path = DatePickerView.swift; sourceTree = "<group>"; };
		04A59ABF2BC68D79009FBF6E /* TimePickerView.swift */ = {isa = PBXFileReference; fileEncoding = 4; lastKnownFileType = sourcecode.swift; path = TimePickerView.swift; sourceTree = "<group>"; };
		0882603D2BBD2AC3007BEA25 /* ChatListView.swift */ = {isa = PBXFileReference; lastKnownFileType = sourcecode.swift; path = ChatListView.swift; sourceTree = "<group>"; };
		0882603F2BBD2B0C007BEA25 /* ComplainView.swift */ = {isa = PBXFileReference; lastKnownFileType = sourcecode.swift; path = ComplainView.swift; sourceTree = "<group>"; };
		088260452BBD2B85007BEA25 /* PromiseConfirmView.swift */ = {isa = PBXFileReference; lastKnownFileType = sourcecode.swift; path = PromiseConfirmView.swift; sourceTree = "<group>"; };
		089F0B8F2BDF9A4100760134 /* BookInfoBubble.swift */ = {isa = PBXFileReference; lastKnownFileType = sourcecode.swift; path = BookInfoBubble.swift; sourceTree = "<group>"; };
		089F0B912BDF9AC400760134 /* MeetingMapView.swift */ = {isa = PBXFileReference; lastKnownFileType = sourcecode.swift; path = MeetingMapView.swift; sourceTree = "<group>"; };
		08C46D7C2BC2D40700DB6D1D /* ChatRoom.swift */ = {isa = PBXFileReference; lastKnownFileType = sourcecode.swift; path = ChatRoom.swift; sourceTree = "<group>"; };
		08C46D7E2BC2D4A700DB6D1D /* Message.swift */ = {isa = PBXFileReference; lastKnownFileType = sourcecode.swift; path = Message.swift; sourceTree = "<group>"; };
		08C46D802BC2D61300DB6D1D /* ChatListViewModel.swift */ = {isa = PBXFileReference; lastKnownFileType = sourcecode.swift; path = ChatListViewModel.swift; sourceTree = "<group>"; };
		08C46D822BC2D6C400DB6D1D /* ChatViewModel.swift */ = {isa = PBXFileReference; lastKnownFileType = sourcecode.swift; path = ChatViewModel.swift; sourceTree = "<group>"; };
		08C46D842BC2D7FA00DB6D1D /* ChatBubble.swift */ = {isa = PBXFileReference; lastKnownFileType = sourcecode.swift; path = ChatBubble.swift; sourceTree = "<group>"; };
		35082EFB2BCCDF140008AA90 /* SearchViewModel.swift */ = {isa = PBXFileReference; lastKnownFileType = sourcecode.swift; path = SearchViewModel.swift; sourceTree = "<group>"; };
		353704562BCD183D00E6F531 /* CustomAlert.swift */ = {isa = PBXFileReference; fileEncoding = 4; lastKnownFileType = sourcecode.swift; path = CustomAlert.swift; sourceTree = "<group>"; };
		35537C572BBD8CA800FE8354 /* BookSearchView.swift */ = {isa = PBXFileReference; fileEncoding = 4; lastKnownFileType = sourcecode.swift; path = BookSearchView.swift; sourceTree = "<group>"; };
		35537C592BBD8CB400FE8354 /* HomeView.swift */ = {isa = PBXFileReference; fileEncoding = 4; lastKnownFileType = sourcecode.swift; path = HomeView.swift; sourceTree = "<group>"; };
		356DFFA42BCD442A00007CDA /* BottomSheet.swift */ = {isa = PBXFileReference; fileEncoding = 4; lastKnownFileType = sourcecode.swift; path = BottomSheet.swift; sourceTree = "<group>"; };
		356DFFA62BCD5A3500007CDA /* BookDetailView.swift */ = {isa = PBXFileReference; fileEncoding = 4; lastKnownFileType = sourcecode.swift; path = BookDetailView.swift; sourceTree = "<group>"; };
		35A6DCE92BE0AB450055F7B8 /* GoogleService-Info.plist */ = {isa = PBXFileReference; fileEncoding = 4; lastKnownFileType = text.plist.xml; path = "GoogleService-Info.plist"; sourceTree = "<group>"; };
		35A6DCEB2BE0B9C40055F7B8 /* MyBookDetailInfoView.swift */ = {isa = PBXFileReference; lastKnownFileType = sourcecode.swift; path = MyBookDetailInfoView.swift; sourceTree = "<group>"; };
		35B1F1BF2BC80482006DF56D /* StatusButton.swift */ = {isa = PBXFileReference; fileEncoding = 4; lastKnownFileType = sourcecode.swift; path = StatusButton.swift; sourceTree = "<group>"; };
		35BE2A8C2BDF2D2E004DE1BB /* ProfilePhoto.swift */ = {isa = PBXFileReference; fileEncoding = 4; lastKnownFileType = sourcecode.swift; path = ProfilePhoto.swift; sourceTree = "<group>"; };
		35BE2A8D2BDF2D2E004DE1BB /* EditProfileView.swift */ = {isa = PBXFileReference; fileEncoding = 4; lastKnownFileType = sourcecode.swift; path = EditProfileView.swift; sourceTree = "<group>"; };
		35BE2A902BDF3D53004DE1BB /* ProfileView.swift */ = {isa = PBXFileReference; fileEncoding = 4; lastKnownFileType = sourcecode.swift; path = ProfileView.swift; sourceTree = "<group>"; };
		35E86AAB2BE0709600A77481 /* key.plist */ = {isa = PBXFileReference; lastKnownFileType = text.plist.xml; path = key.plist; sourceTree = "<group>"; };
		35EAF2092BCF670D0051B38B /* FavoriteButton.swift */ = {isa = PBXFileReference; fileEncoding = 4; lastKnownFileType = sourcecode.swift; path = FavoriteButton.swift; sourceTree = "<group>"; };
		35EAF20B2BCF67F80051B38B /* BookDetailReviewRowView.swift */ = {isa = PBXFileReference; fileEncoding = 4; lastKnownFileType = sourcecode.swift; path = BookDetailReviewRowView.swift; sourceTree = "<group>"; };
		35EAF20C2BCF67F80051B38B /* BookDetailOwnerRowView.swift */ = {isa = PBXFileReference; fileEncoding = 4; lastKnownFileType = sourcecode.swift; path = BookDetailOwnerRowView.swift; sourceTree = "<group>"; };
		35EAF20D2BCF67F80051B38B /* BookDetailReviewView.swift */ = {isa = PBXFileReference; fileEncoding = 4; lastKnownFileType = sourcecode.swift; path = BookDetailReviewView.swift; sourceTree = "<group>"; };
		35EAF20E2BCF67F80051B38B /* CreateBookReviewView.swift */ = {isa = PBXFileReference; fileEncoding = 4; lastKnownFileType = sourcecode.swift; path = CreateBookReviewView.swift; sourceTree = "<group>"; };
		35EAF20F2BCF67F80051B38B /* BookAnotherOwnerView.swift */ = {isa = PBXFileReference; fileEncoding = 4; lastKnownFileType = sourcecode.swift; path = BookAnotherOwnerView.swift; sourceTree = "<group>"; };
		35EAF2152BCF67FE0051B38B /* ReviewViewModel.swift */ = {isa = PBXFileReference; fileEncoding = 4; lastKnownFileType = sourcecode.swift; path = ReviewViewModel.swift; sourceTree = "<group>"; };
		35EAF2162BCF67FE0051B38B /* Reviews.swift */ = {isa = PBXFileReference; fileEncoding = 4; lastKnownFileType = sourcecode.swift; path = Reviews.swift; sourceTree = "<group>"; };
		35ED71C52BD0BE18006AC2A0 /* Star.swift */ = {isa = PBXFileReference; lastKnownFileType = sourcecode.swift; path = Star.swift; sourceTree = "<group>"; };
		35F056F82BDB626900409B21 /* BookDetailViewModel.swift */ = {isa = PBXFileReference; lastKnownFileType = sourcecode.swift; path = BookDetailViewModel.swift; sourceTree = "<group>"; };
		35F056FE2BDB7B0F00409B21 /* SettingButton.swift */ = {isa = PBXFileReference; fileEncoding = 4; lastKnownFileType = sourcecode.swift; path = SettingButton.swift; sourceTree = "<group>"; };
		35F057022BDB837000409B21 /* NoticeItem.swift */ = {isa = PBXFileReference; lastKnownFileType = sourcecode.swift; path = NoticeItem.swift; sourceTree = "<group>"; };
		35F057042BDB842D00409B21 /* NoticeDummy.swift */ = {isa = PBXFileReference; lastKnownFileType = sourcecode.swift; path = NoticeDummy.swift; sourceTree = "<group>"; };
		35F057062BDB857600409B21 /* NoticeView.swift */ = {isa = PBXFileReference; lastKnownFileType = sourcecode.swift; path = NoticeView.swift; sourceTree = "<group>"; };
		35F057082BDB8AE900409B21 /* QAView.swift */ = {isa = PBXFileReference; lastKnownFileType = sourcecode.swift; path = QAView.swift; sourceTree = "<group>"; };
		35F850402BE25CCE007474D0 /* CalenderView.swift */ = {isa = PBXFileReference; lastKnownFileType = sourcecode.swift; path = CalenderView.swift; sourceTree = "<group>"; };
		35F850432BE26165007474D0 /* DateValue.swift */ = {isa = PBXFileReference; lastKnownFileType = sourcecode.swift; path = DateValue.swift; sourceTree = "<group>"; };
		35FCF1172BD76D3900A49EFD /* HomeBanner.swift */ = {isa = PBXFileReference; lastKnownFileType = sourcecode.swift; path = HomeBanner.swift; sourceTree = "<group>"; };
		8C1E20F02BC7AE8900D92E95 /* AuthViewModelGoogle.swift */ = {isa = PBXFileReference; fileEncoding = 4; lastKnownFileType = sourcecode.swift; path = AuthViewModelGoogle.swift; sourceTree = "<group>"; };
		8C1E20F22BC7AF0D00D92E95 /* AuthModel.swift */ = {isa = PBXFileReference; fileEncoding = 4; lastKnownFileType = sourcecode.swift; path = AuthModel.swift; sourceTree = "<group>"; };
		8C47EAD62BDF338B00037CDB /* GoogleService-Info.plist */ = {isa = PBXFileReference; fileEncoding = 4; lastKnownFileType = text.plist.xml; path = "GoogleService-Info.plist"; sourceTree = "<group>"; };
		8C47EADA2BDF359200037CDB /* LocationManager.swift */ = {isa = PBXFileReference; fileEncoding = 4; lastKnownFileType = sourcecode.swift; path = LocationManager.swift; sourceTree = "<group>"; };
		8C47EADE2BDF42AA00037CDB /* BookBillionaireUser.entitlements */ = {isa = PBXFileReference; lastKnownFileType = text.plist.entitlements; path = BookBillionaireUser.entitlements; sourceTree = "<group>"; };
		8C5748B02BD886EE00F2554D /* BarcodeScannerViewController.swift */ = {isa = PBXFileReference; fileEncoding = 4; lastKnownFileType = sourcecode.swift; path = BarcodeScannerViewController.swift; sourceTree = "<group>"; };
		8C5748B12BD886EE00F2554D /* CaemraBarcodeScanner.swift */ = {isa = PBXFileReference; fileEncoding = 4; lastKnownFileType = sourcecode.swift; path = CaemraBarcodeScanner.swift; sourceTree = "<group>"; };
		8C5748B52BD8870400F2554D /* SignUpDetailView.swift */ = {isa = PBXFileReference; fileEncoding = 4; lastKnownFileType = sourcecode.swift; path = SignUpDetailView.swift; sourceTree = "<group>"; };
		8C76334E2BBD3DCF002EF297 /* Info.plist */ = {isa = PBXFileReference; lastKnownFileType = text.plist; path = Info.plist; sourceTree = "<group>"; };
		8C8592892BBD23BC0082C8B8 /* AuthViewModel.swift */ = {isa = PBXFileReference; fileEncoding = 4; lastKnownFileType = sourcecode.swift; path = AuthViewModel.swift; sourceTree = "<group>"; };
		8C85928A2BBD23BD0082C8B8 /* SignUpView.swift */ = {isa = PBXFileReference; fileEncoding = 4; lastKnownFileType = sourcecode.swift; path = SignUpView.swift; sourceTree = "<group>"; };
		8C85928B2BBD23BD0082C8B8 /* LoginView.swift */ = {isa = PBXFileReference; fileEncoding = 4; lastKnownFileType = sourcecode.swift; path = LoginView.swift; sourceTree = "<group>"; };
		EF0F74842BBCF7C500E37D0D /* BookBillionaireUser.app */ = {isa = PBXFileReference; explicitFileType = wrapper.application; includeInIndex = 0; path = BookBillionaireUser.app; sourceTree = BUILT_PRODUCTS_DIR; };
		EF0F74872BBCF7C500E37D0D /* BookBillionaireUserApp.swift */ = {isa = PBXFileReference; lastKnownFileType = sourcecode.swift; path = BookBillionaireUserApp.swift; sourceTree = "<group>"; };
		EF0F74892BBCF7C500E37D0D /* ContentView.swift */ = {isa = PBXFileReference; lastKnownFileType = sourcecode.swift; path = ContentView.swift; sourceTree = "<group>"; };
		EF0F748B2BBCF7C700E37D0D /* Assets.xcassets */ = {isa = PBXFileReference; lastKnownFileType = folder.assetcatalog; path = Assets.xcassets; sourceTree = "<group>"; };
		EF0F74B82BBCFA6200E37D0D /* ChatView.swift */ = {isa = PBXFileReference; lastKnownFileType = sourcecode.swift; path = ChatView.swift; sourceTree = "<group>"; };
		EF0F74BA2BBCFA7100E37D0D /* BookSearchBar.swift */ = {isa = PBXFileReference; lastKnownFileType = sourcecode.swift; path = BookSearchBar.swift; sourceTree = "<group>"; };
		EF0F74BC2BBCFA7F00E37D0D /* LibraryView.swift */ = {isa = PBXFileReference; lastKnownFileType = sourcecode.swift; path = LibraryView.swift; sourceTree = "<group>"; };
		EF0F74CF2BBD297B00E37D0D /* CategoryView.swift */ = {isa = PBXFileReference; lastKnownFileType = sourcecode.swift; path = CategoryView.swift; sourceTree = "<group>"; };
		EF0F74D12BBD38FA00E37D0D /* MyBookListView.swift */ = {isa = PBXFileReference; lastKnownFileType = sourcecode.swift; path = MyBookListView.swift; sourceTree = "<group>"; };
		EF0F74D32BBD472D00E37D0D /* RentalBookListView.swift */ = {isa = PBXFileReference; lastKnownFileType = sourcecode.swift; path = RentalBookListView.swift; sourceTree = "<group>"; };
		EF0F74D52BBD6FF600E37D0D /* DescriptionView.swift */ = {isa = PBXFileReference; lastKnownFileType = sourcecode.swift; path = DescriptionView.swift; sourceTree = "<group>"; };
		EF1AA4F12BBE81FD00B248A7 /* BookCreateView.swift */ = {isa = PBXFileReference; lastKnownFileType = sourcecode.swift; path = BookCreateView.swift; sourceTree = "<group>"; };
		EF6C38A22BCFD3ED00098E18 /* RentalCreateView.swift */ = {isa = PBXFileReference; lastKnownFileType = sourcecode.swift; path = RentalCreateView.swift; sourceTree = "<group>"; };
		EF6C38A42BCFE60D00098E18 /* MapView.swift */ = {isa = PBXFileReference; fileEncoding = 4; lastKnownFileType = sourcecode.swift; path = MapView.swift; sourceTree = "<group>"; };
		EF7A2B942BBF99A00068D100 /* CameraView.swift */ = {isa = PBXFileReference; lastKnownFileType = sourcecode.swift; path = CameraView.swift; sourceTree = "<group>"; };
		EF7C83012BBE27BF009D59FB /* RentalStateSheetView.swift */ = {isa = PBXFileReference; lastKnownFileType = sourcecode.swift; path = RentalStateSheetView.swift; sourceTree = "<group>"; };
		EF7C83092BBE63B6009D59FB /* BookInfoAddView.swift */ = {isa = PBXFileReference; lastKnownFileType = sourcecode.swift; path = BookInfoAddView.swift; sourceTree = "<group>"; };
		EF8178CC2BBD749700ADAE2E /* RentalInfoView.swift */ = {isa = PBXFileReference; lastKnownFileType = sourcecode.swift; path = RentalInfoView.swift; sourceTree = "<group>"; };
		EF88A1832BC4E6AC00E0EEAA /* BookItem.swift */ = {isa = PBXFileReference; lastKnownFileType = sourcecode.swift; path = BookItem.swift; sourceTree = "<group>"; };
		EFCF32242BCCDF5400DA478F /* OverlayImage.swift */ = {isa = PBXFileReference; lastKnownFileType = sourcecode.swift; path = OverlayImage.swift; sourceTree = "<group>"; };
		EFF558392BCABF9E003DC096 /* Toast.swift */ = {isa = PBXFileReference; fileEncoding = 4; lastKnownFileType = sourcecode.swift; path = Toast.swift; sourceTree = "<group>"; };
		EFFF88502BDA333E00676424 /* RentalBookDetailView.swift */ = {isa = PBXFileReference; lastKnownFileType = sourcecode.swift; path = RentalBookDetailView.swift; sourceTree = "<group>"; };
/* End PBXFileReference section */

/* Begin PBXFrameworksBuildPhase section */
		EF0F74812BBCF7C500E37D0D /* Frameworks */ = {
			isa = PBXFrameworksBuildPhase;
			buildActionMask = 2147483647;
			files = (
				04A59A452BBD2F66009FBF6E /* BookBillionaireCore in Frameworks */,
				04A59AB82BC52031009FBF6E /* FirebaseStorageCombine-Community in Frameworks */,
				04A59AB62BC52031009FBF6E /* FirebaseStorage in Frameworks */,
				EF1AA4E62BBE7BC700B248A7 /* FirebaseAuthCombine-Community in Frameworks */,
				084FE4D32BD0D3F300AACD4A /* FirebaseFirestoreSwift in Frameworks */,
				048C72E42BE1C57100865316 /* GoogleSignInSwift in Frameworks */,
				084FE4D12BD0D3ED00AACD4A /* FirebaseFirestore in Frameworks */,
				EF1AA4EA2BBE7BC700B248A7 /* FirebaseFirestoreCombine-Community in Frameworks */,
				EF1AA4E42BBE7BAD00B248A7 /* FirebaseAuth in Frameworks */,
				048C72E22BE1C57100865316 /* GoogleSignIn in Frameworks */,
			);
			runOnlyForDeploymentPostprocessing = 0;
		};
/* End PBXFrameworksBuildPhase section */

/* Begin PBXGroup section */
		048C72DE2BE1C47100865316 /* Recovered References */ = {
			isa = PBXGroup;
			children = (
			);
			name = "Recovered References";
			sourceTree = "<group>";
		};
		04A59A3E2BBD29A5009FBF6E /* Service */ = {
			isa = PBXGroup;
			children = (
				04A59A3F2BBD29C1009FBF6E /* BookService.swift */,
				04A59A802BBE85C2009FBF6E /* UserService.swift */,
				04A59A822BBE8876009FBF6E /* ServiceTestView.swift */,
				04A59A8A2BBFB7F7009FBF6E /* RentalService.swift */,
				048C723D2BD2AB9300865316 /* ImageChache.swift */,
				048C72612BD77EDB00865316 /* ComplainService.swift */,
				048C72DF2BE1C48600865316 /* HtmlLoadService.swift */,
			);
			path = Service;
			sourceTree = "<group>";
		};
		04A59A432BBD2F66009FBF6E /* Frameworks */ = {
			isa = PBXGroup;
			children = (
			);
			name = Frameworks;
			sourceTree = "<group>";
		};
		04A59A8D2BBFCF3E009FBF6E /* SearchAPI */ = {
			isa = PBXGroup;
			children = (
				04A59A902BBFCF6A009FBF6E /* APISearchBar.swift */,
				04A59A8F2BBFCF6A009FBF6E /* APISearchListRowView.swift */,
				04A59A8E2BBFCF6A009FBF6E /* APISearchView.swift */,
			);
			path = SearchAPI;
			sourceTree = "<group>";
		};
		088260362BBD277D007BEA25 /* ChatRoom */ = {
			isa = PBXGroup;
			children = (
				EF0F74B82BBCFA6200E37D0D /* ChatView.swift */,
				08C46D842BC2D7FA00DB6D1D /* ChatBubble.swift */,
				089F0B8F2BDF9A4100760134 /* BookInfoBubble.swift */,
			);
			path = ChatRoom;
			sourceTree = "<group>";
		};
		088260372BBD2793007BEA25 /* ChatList */ = {
			isa = PBXGroup;
			children = (
				0882603D2BBD2AC3007BEA25 /* ChatListView.swift */,
			);
			path = ChatList;
			sourceTree = "<group>";
		};
		088260382BBD27FC007BEA25 /* PlusTab */ = {
			isa = PBXGroup;
			children = (
				0882603F2BBD2B0C007BEA25 /* ComplainView.swift */,
				089F0B912BDF9AC400760134 /* MeetingMapView.swift */,
				0882603C2BBD2A31007BEA25 /* PromiseConfirm */,
			);
			path = PlusTab;
			sourceTree = "<group>";
		};
		0882603C2BBD2A31007BEA25 /* PromiseConfirm */ = {
			isa = PBXGroup;
			children = (
				088260452BBD2B85007BEA25 /* PromiseConfirmView.swift */,
				04A59ABE2BC68D79009FBF6E /* DatePickerView.swift */,
				04A59ABF2BC68D79009FBF6E /* TimePickerView.swift */,
			);
			name = PromiseConfirm;
			path = ..;
			sourceTree = "<group>";
		};
		08C46D7A2BC2D3D000DB6D1D /* ChatModels */ = {
			isa = PBXGroup;
			children = (
				08C46D7C2BC2D40700DB6D1D /* ChatRoom.swift */,
				08C46D7E2BC2D4A700DB6D1D /* Message.swift */,
			);
			path = ChatModels;
			sourceTree = "<group>";
		};
		08C46D7B2BC2D3E800DB6D1D /* ChatViewModels */ = {
			isa = PBXGroup;
			children = (
				08C46D802BC2D61300DB6D1D /* ChatListViewModel.swift */,
				08C46D822BC2D6C400DB6D1D /* ChatViewModel.swift */,
			);
			path = ChatViewModels;
			sourceTree = "<group>";
		};
		35082EFD2BCCF2720008AA90 /* HomeSubViews */ = {
			isa = PBXGroup;
			children = (
				35FCF1172BD76D3900A49EFD /* HomeBanner.swift */,
			);
			path = HomeSubViews;
			sourceTree = "<group>";
		};
		35B1F1C12BC80965006DF56D /* BookDetailViews */ = {
			isa = PBXGroup;
			children = (
				35F056F62BDB51A200409B21 /* BookDetailViewModel */,
				35F056F32BDB512800409B21 /* DetailViews */,
			);
			path = BookDetailViews;
			sourceTree = "<group>";
		};
		35B1F1C22BC80975006DF56D /* BookSearchViews */ = {
			isa = PBXGroup;
			children = (
				35FCF1162BD75E2900A49EFD /* SearchViewModel */,
				35FCF1152BD75E1400A49EFD /* SearchViews */,
			);
			path = BookSearchViews;
			sourceTree = "<group>";
		};
		35BADAAD2BDBEDF500E04ED6 /* QAViews */ = {
			isa = PBXGroup;
			children = (
				35F057082BDB8AE900409B21 /* QAView.swift */,
			);
			path = QAViews;
			sourceTree = "<group>";
		};
		35EAF2192BCF8EEE0051B38B /* BookOwnerViews */ = {
			isa = PBXGroup;
			children = (
				35EAF20F2BCF67F80051B38B /* BookAnotherOwnerView.swift */,
				35EAF20C2BCF67F80051B38B /* BookDetailOwnerRowView.swift */,
			);
			path = BookOwnerViews;
			sourceTree = "<group>";
		};
		35EAF21A2BCF8F040051B38B /* BookReviewViews */ = {
			isa = PBXGroup;
			children = (
				35EAF21C2BCF8F270051B38B /* ReviewViewModel */,
				35FCF1142BD75DB100A49EFD /* ReviewViews */,
			);
			path = BookReviewViews;
			sourceTree = "<group>";
		};
		35EAF21C2BCF8F270051B38B /* ReviewViewModel */ = {
			isa = PBXGroup;
			children = (
				35EAF2162BCF67FE0051B38B /* Reviews.swift */,
				35EAF2152BCF67FE0051B38B /* ReviewViewModel.swift */,
			);
			path = ReviewViewModel;
			sourceTree = "<group>";
		};
		35F056F32BDB512800409B21 /* DetailViews */ = {
			isa = PBXGroup;
			children = (
				356DFFA62BCD5A3500007CDA /* BookDetailView.swift */,
				35EAF2092BCF670D0051B38B /* FavoriteButton.swift */,
				35EAF2192BCF8EEE0051B38B /* BookOwnerViews */,
				35EAF21A2BCF8F040051B38B /* BookReviewViews */,
			);
			path = DetailViews;
			sourceTree = "<group>";
		};
		35F056F62BDB51A200409B21 /* BookDetailViewModel */ = {
			isa = PBXGroup;
			children = (
				35F056F82BDB626900409B21 /* BookDetailViewModel.swift */,
			);
			path = BookDetailViewModel;
			sourceTree = "<group>";
		};
		35F057002BDB7F7000409B21 /* ProfileViews */ = {
			isa = PBXGroup;
			children = (
				35BE2A902BDF3D53004DE1BB /* ProfileView.swift */,
				35F8503F2BE25909007474D0 /* ProfileSubView */,
				35BADAAD2BDBEDF500E04ED6 /* QAViews */,
				35F057012BDB835100409B21 /* NoticeViews */,
			);
			path = ProfileViews;
			sourceTree = "<group>";
		};
		35F057012BDB835100409B21 /* NoticeViews */ = {
			isa = PBXGroup;
			children = (
				35F057022BDB837000409B21 /* NoticeItem.swift */,
				35F057042BDB842D00409B21 /* NoticeDummy.swift */,
				35F057062BDB857600409B21 /* NoticeView.swift */,
			);
			path = NoticeViews;
			sourceTree = "<group>";
		};
		35F8503F2BE25909007474D0 /* ProfileSubView */ = {
			isa = PBXGroup;
			children = (
				8C47EADA2BDF359200037CDB /* LocationManager.swift */,
				35BE2A8C2BDF2D2E004DE1BB /* ProfilePhoto.swift */,
				35BE2A8D2BDF2D2E004DE1BB /* EditProfileView.swift */,
				35A6DCEB2BE0B9C40055F7B8 /* MyBookDetailInfoView.swift */,
				35F056FE2BDB7B0F00409B21 /* SettingButton.swift */,
				35F850422BE2614B007474D0 /* CalenderViews */,
			);
			path = ProfileSubView;
			sourceTree = "<group>";
		};
		35F850422BE2614B007474D0 /* CalenderViews */ = {
			isa = PBXGroup;
			children = (
				35F850402BE25CCE007474D0 /* CalenderView.swift */,
				35F850432BE26165007474D0 /* DateValue.swift */,
			);
			path = CalenderViews;
			sourceTree = "<group>";
		};
		35FCF1142BD75DB100A49EFD /* ReviewViews */ = {
			isa = PBXGroup;
			children = (
				35ED71C52BD0BE18006AC2A0 /* Star.swift */,
				35EAF20B2BCF67F80051B38B /* BookDetailReviewRowView.swift */,
				35EAF20D2BCF67F80051B38B /* BookDetailReviewView.swift */,
				35EAF20E2BCF67F80051B38B /* CreateBookReviewView.swift */,
			);
			path = ReviewViews;
			sourceTree = "<group>";
		};
		35FCF1152BD75E1400A49EFD /* SearchViews */ = {
			isa = PBXGroup;
			children = (
				35537C572BBD8CA800FE8354 /* BookSearchView.swift */,
				EF0F74BA2BBCFA7100E37D0D /* BookSearchBar.swift */,
			);
			path = SearchViews;
			sourceTree = "<group>";
		};
		35FCF1162BD75E2900A49EFD /* SearchViewModel */ = {
			isa = PBXGroup;
			children = (
				35082EFB2BCCDF140008AA90 /* SearchViewModel.swift */,
			);
			path = SearchViewModel;
			sourceTree = "<group>";
		};
		8C5748B22BD886EE00F2554D /* BarcodeScan */ = {
			isa = PBXGroup;
			children = (
				8C5748B02BD886EE00F2554D /* BarcodeScannerViewController.swift */,
				8C5748B12BD886EE00F2554D /* CaemraBarcodeScanner.swift */,
			);
			path = BarcodeScan;
			sourceTree = "<group>";
		};
		EF0F747B2BBCF7C500E37D0D = {
			isa = PBXGroup;
			children = (
				35A6DCE92BE0AB450055F7B8 /* GoogleService-Info.plist */,
				35E86AAB2BE0709600A77481 /* key.plist */,
				EF0F74862BBCF7C500E37D0D /* BookBillionaireUser */,
				EF0F74852BBCF7C500E37D0D /* Products */,
				04A59A432BBD2F66009FBF6E /* Frameworks */,
				048C72DE2BE1C47100865316 /* Recovered References */,
			);
			sourceTree = "<group>";
		};
		EF0F74852BBCF7C500E37D0D /* Products */ = {
			isa = PBXGroup;
			children = (
				EF0F74842BBCF7C500E37D0D /* BookBillionaireUser.app */,
			);
			name = Products;
			sourceTree = "<group>";
		};
		EF0F74862BBCF7C500E37D0D /* BookBillionaireUser */ = {
			isa = PBXGroup;
			children = (
				8C47EADE2BDF42AA00037CDB /* BookBillionaireUser.entitlements */,
				8C47EAD62BDF338B00037CDB /* GoogleService-Info.plist */,
				04A59A8D2BBFCF3E009FBF6E /* SearchAPI */,
				04A59A3E2BBD29A5009FBF6E /* Service */,
				8C76334E2BBD3DCF002EF297 /* Info.plist */,
				EF0F74872BBCF7C500E37D0D /* BookBillionaireUserApp.swift */,
				048C72CA2BDF377F00865316 /* GoogleService-Info.plist */,
				048C72CC2BDF378500865316 /* key.plist */,
				EF0F74B02BBCF99000E37D0D /* View */,
				EF0F748B2BBCF7C700E37D0D /* Assets.xcassets */,
			);
			path = BookBillionaireUser;
			sourceTree = "<group>";
		};
		EF0F74B02BBCF99000E37D0D /* View */ = {
			isa = PBXGroup;
			children = (
				EF0F74892BBCF7C500E37D0D /* ContentView.swift */,
				EF0F74B22BBCF9D300E37D0D /* Common */,
				EF0F74B72BBCFA1300E37D0D /* Chat */,
				EF0F74B62BBCFA0C00E37D0D /* Library */,
				EF0F74B52BBCFA0500E37D0D /* Home */,
				EF0F74B42BBCF9FD00E37D0D /* Login */,
				EF0F74B32BBCF9F500E37D0D /* Profile */,
			);
			path = View;
			sourceTree = "<group>";
		};
		EF0F74B22BBCF9D300E37D0D /* Common */ = {
			isa = PBXGroup;
			children = (
				356DFFA42BCD442A00007CDA /* BottomSheet.swift */,
				353704562BCD183D00E6F531 /* CustomAlert.swift */,
				35B1F1BF2BC80482006DF56D /* StatusButton.swift */,
				04A59A962BC19813009FBF6E /* AccentButtonStyle.swift */,
				04A59A972BC19813009FBF6E /* WhiteButtonStyle.swift */,
				EF88A1832BC4E6AC00E0EEAA /* BookItem.swift */,
				EFCF32242BCCDF5400DA478F /* OverlayImage.swift */,
				04A59A942BC143E7009FBF6E /* SpaceBox.swift */,
			);
			path = Common;
			sourceTree = "<group>";
		};
		EF0F74B32BBCF9F500E37D0D /* Profile */ = {
			isa = PBXGroup;
			children = (
				35F057002BDB7F7000409B21 /* ProfileViews */,
			);
			path = Profile;
			sourceTree = "<group>";
		};
		EF0F74B42BBCF9FD00E37D0D /* Login */ = {
			isa = PBXGroup;
			children = (
				048C72B92BDCE36700865316 /* RLoginInfoView.swift */,
				8C85928B2BBD23BD0082C8B8 /* LoginView.swift */,
				8C85928A2BBD23BD0082C8B8 /* SignUpView.swift */,
				8C1E20F22BC7AF0D00D92E95 /* AuthModel.swift */,
				8C8592892BBD23BC0082C8B8 /* AuthViewModel.swift */,
				04A59AB32BC4FDE0009FBF6E /* UnlogginedView.swift */,
				8C1E20F02BC7AE8900D92E95 /* AuthViewModelGoogle.swift */,
				8C5748B52BD8870400F2554D /* SignUpDetailView.swift */,
			);
			path = Login;
			sourceTree = "<group>";
		};
		EF0F74B52BBCFA0500E37D0D /* Home */ = {
			isa = PBXGroup;
			children = (
				35537C592BBD8CB400FE8354 /* HomeView.swift */,
				35082EFD2BCCF2720008AA90 /* HomeSubViews */,
				35B1F1C22BC80975006DF56D /* BookSearchViews */,
				35B1F1C12BC80965006DF56D /* BookDetailViews */,
			);
			path = Home;
			sourceTree = "<group>";
		};
		EF0F74B62BBCFA0C00E37D0D /* Library */ = {
			isa = PBXGroup;
			children = (
				8C5748B22BD886EE00F2554D /* BarcodeScan */,
				EF0F74BC2BBCFA7F00E37D0D /* LibraryView.swift */,
				EF0F74CF2BBD297B00E37D0D /* CategoryView.swift */,
				EFF558392BCABF9E003DC096 /* Toast.swift */,
				EF1235942BDB3D230028C445 /* MyBookListView */,
				EF1235952BDB3D690028C445 /* RentalBookListView */,
				EF1235962BDB3D900028C445 /* BookCreateView */,
				EF1235972BDB3DB10028C445 /* RentalCreateView */,
			);
			path = Library;
			sourceTree = "<group>";
		};
		EF0F74B72BBCFA1300E37D0D /* Chat */ = {
			isa = PBXGroup;
			children = (
				08C46D7A2BC2D3D000DB6D1D /* ChatModels */,
				08C46D7B2BC2D3E800DB6D1D /* ChatViewModels */,
				088260372BBD2793007BEA25 /* ChatList */,
				088260362BBD277D007BEA25 /* ChatRoom */,
				088260382BBD27FC007BEA25 /* PlusTab */,
			);
			path = Chat;
			sourceTree = "<group>";
		};
		EF1235942BDB3D230028C445 /* MyBookListView */ = {
			isa = PBXGroup;
			children = (
				EF0F74D12BBD38FA00E37D0D /* MyBookListView.swift */,
			);
			path = MyBookListView;
			sourceTree = "<group>";
		};
		EF1235952BDB3D690028C445 /* RentalBookListView */ = {
			isa = PBXGroup;
			children = (
				EF0F74D32BBD472D00E37D0D /* RentalBookListView.swift */,
				EFFF88502BDA333E00676424 /* RentalBookDetailView.swift */,
			);
			path = RentalBookListView;
			sourceTree = "<group>";
		};
		EF1235962BDB3D900028C445 /* BookCreateView */ = {
			isa = PBXGroup;
			children = (
				EF1AA4F12BBE81FD00B248A7 /* BookCreateView.swift */,
				EF7C83092BBE63B6009D59FB /* BookInfoAddView.swift */,
				EF7C83012BBE27BF009D59FB /* RentalStateSheetView.swift */,
				EF0F74D52BBD6FF600E37D0D /* DescriptionView.swift */,
				EF7A2B942BBF99A00068D100 /* CameraView.swift */,
			);
			path = BookCreateView;
			sourceTree = "<group>";
		};
		EF1235972BDB3DB10028C445 /* RentalCreateView */ = {
			isa = PBXGroup;
			children = (
				EF6C38A22BCFD3ED00098E18 /* RentalCreateView.swift */,
				EF8178CC2BBD749700ADAE2E /* RentalInfoView.swift */,
				EF6C38A42BCFE60D00098E18 /* MapView.swift */,
			);
			path = RentalCreateView;
			sourceTree = "<group>";
		};
/* End PBXGroup section */

/* Begin PBXNativeTarget section */
		EF0F74832BBCF7C500E37D0D /* BookBillionaireUser */ = {
			isa = PBXNativeTarget;
			buildConfigurationList = EF0F74922BBCF7C700E37D0D /* Build configuration list for PBXNativeTarget "BookBillionaireUser" */;
			buildPhases = (
				EF0F74802BBCF7C500E37D0D /* Sources */,
				EF0F74812BBCF7C500E37D0D /* Frameworks */,
				EF0F74822BBCF7C500E37D0D /* Resources */,
			);
			buildRules = (
			);
			dependencies = (
			);
			name = BookBillionaireUser;
			packageProductDependencies = (
				04A59A442BBD2F66009FBF6E /* BookBillionaireCore */,
				EF1AA4E32BBE7BAD00B248A7 /* FirebaseAuth */,
				EF1AA4E52BBE7BC700B248A7 /* FirebaseAuthCombine-Community */,
				EF1AA4E92BBE7BC700B248A7 /* FirebaseFirestoreCombine-Community */,
				04A59AB52BC52031009FBF6E /* FirebaseStorage */,
				04A59AB72BC52031009FBF6E /* FirebaseStorageCombine-Community */,
				084FE4D02BD0D3ED00AACD4A /* FirebaseFirestore */,
				084FE4D22BD0D3F300AACD4A /* FirebaseFirestoreSwift */,
				048C72E12BE1C57100865316 /* GoogleSignIn */,
				048C72E32BE1C57100865316 /* GoogleSignInSwift */,
			);
			productName = BookBillionaireUser;
			productReference = EF0F74842BBCF7C500E37D0D /* BookBillionaireUser.app */;
			productType = "com.apple.product-type.application";
		};
/* End PBXNativeTarget section */

/* Begin PBXProject section */
		EF0F747C2BBCF7C500E37D0D /* Project object */ = {
			isa = PBXProject;
			attributes = {
				BuildIndependentTargetsInParallel = 1;
				LastSwiftUpdateCheck = 1530;
				LastUpgradeCheck = 1530;
				TargetAttributes = {
					EF0F74832BBCF7C500E37D0D = {
						CreatedOnToolsVersion = 15.3;
					};
				};
			};
			buildConfigurationList = EF0F747F2BBCF7C500E37D0D /* Build configuration list for PBXProject "BookBillionaireUser" */;
			compatibilityVersion = "Xcode 14.0";
			developmentRegion = en;
			hasScannedForEncodings = 0;
			knownRegions = (
				en,
				Base,
			);
			mainGroup = EF0F747B2BBCF7C500E37D0D;
			packageReferences = (
				EF0F74C42BBD0E6C00E37D0D /* XCRemoteSwiftPackageReference "firebase-ios-sdk" */,
				8C7633472BBD3947002EF297 /* XCRemoteSwiftPackageReference "GoogleSignIn-iOS" */,
			);
			productRefGroup = EF0F74852BBCF7C500E37D0D /* Products */;
			projectDirPath = "";
			projectRoot = "";
			targets = (
				EF0F74832BBCF7C500E37D0D /* BookBillionaireUser */,
			);
		};
/* End PBXProject section */

/* Begin PBXResourcesBuildPhase section */
		EF0F74822BBCF7C500E37D0D /* Resources */ = {
			isa = PBXResourcesBuildPhase;
			buildActionMask = 2147483647;
			files = (
				048C72CD2BDF378500865316 /* key.plist in Resources */,
				048C72E52BE1CC0200865316 /* Assets.xcassets in Resources */,
				048C72CB2BDF377F00865316 /* GoogleService-Info.plist in Resources */,
			);
			runOnlyForDeploymentPostprocessing = 0;
		};
/* End PBXResourcesBuildPhase section */

/* Begin PBXSourcesBuildPhase section */
		EF0F74802BBCF7C500E37D0D /* Sources */ = {
			isa = PBXSourcesBuildPhase;
			buildActionMask = 2147483647;
			files = (
				35B7DFBB2BE1DE1700755CC8 /* OverlayImage.swift in Sources */,
				04A59AAA2BC3B7D8009FBF6E /* ServiceTestView.swift in Sources */,
				EFF5583A2BCABF9E003DC096 /* Toast.swift in Sources */,
				04A59A862BBF8169009FBF6E /* ChatView.swift in Sources */,
				EF6C38A32BCFD3ED00098E18 /* RentalCreateView.swift in Sources */,
				35F057052BDB842D00409B21 /* NoticeDummy.swift in Sources */,
				04A59A872BBF8169009FBF6E /* LibraryView.swift in Sources */,
				35EAF2102BCF67F80051B38B /* BookDetailReviewRowView.swift in Sources */,
				35537C582BBD8CA800FE8354 /* BookSearchView.swift in Sources */,
				08C46D832BC2D6C400DB6D1D /* ChatViewModel.swift in Sources */,
				35F056FF2BDB7B0F00409B21 /* SettingButton.swift in Sources */,
				088260402BBD2B0C007BEA25 /* ComplainView.swift in Sources */,
				35A6DCEC2BE0B9C40055F7B8 /* MyBookDetailInfoView.swift in Sources */,
				08C46D7D2BC2D40700DB6D1D /* ChatRoom.swift in Sources */,
				35F850442BE26165007474D0 /* DateValue.swift in Sources */,
				EF0F74D62BBD6FF600E37D0D /* DescriptionView.swift in Sources */,
				35B1F1C02BC80482006DF56D /* StatusButton.swift in Sources */,
				04A59AC12BC68D79009FBF6E /* TimePickerView.swift in Sources */,
				EF0F74D42BBD472D00E37D0D /* RentalBookListView.swift in Sources */,
				8C85928C2BBD23BD0082C8B8 /* AuthViewModel.swift in Sources */,
				356DFFA52BCD442A00007CDA /* BottomSheet.swift in Sources */,
				35BE2A8F2BDF2D2E004DE1BB /* EditProfileView.swift in Sources */,
				8C5748B42BD886EE00F2554D /* CaemraBarcodeScanner.swift in Sources */,
				04A59A932BBFCF6A009FBF6E /* APISearchBar.swift in Sources */,
				35BE2A8E2BDF2D2E004DE1BB /* ProfilePhoto.swift in Sources */,
				04A59A8B2BBFB7F7009FBF6E /* RentalService.swift in Sources */,
				35EAF2132BCF67F80051B38B /* CreateBookReviewView.swift in Sources */,
				08C46D852BC2D7FA00DB6D1D /* ChatBubble.swift in Sources */,
				EF0F74BB2BBCFA7100E37D0D /* BookSearchBar.swift in Sources */,
				089F0B922BDF9AC400760134 /* MeetingMapView.swift in Sources */,
				EF0F74D02BBD297B00E37D0D /* CategoryView.swift in Sources */,
				04A59AC02BC68D79009FBF6E /* DatePickerView.swift in Sources */,
				35EAF2182BCF67FE0051B38B /* Reviews.swift in Sources */,
				EF7C830A2BBE63B6009D59FB /* BookInfoAddView.swift in Sources */,
				8C47EADB2BDF359200037CDB /* LocationManager.swift in Sources */,
				EFE1D8172BDF2DD5005268F1 /* (null) in Sources */,
				04A59A922BBFCF6A009FBF6E /* APISearchListRowView.swift in Sources */,
				04A59A992BC19813009FBF6E /* WhiteButtonStyle.swift in Sources */,
				EF0F748A2BBCF7C500E37D0D /* ContentView.swift in Sources */,
				35F850412BE25CCE007474D0 /* CalenderView.swift in Sources */,
				088260462BBD2B85007BEA25 /* PromiseConfirmView.swift in Sources */,
				EF88A1842BC4E6AC00E0EEAA /* BookItem.swift in Sources */,
				356DFFA72BCD5A3500007CDA /* BookDetailView.swift in Sources */,
				35ED71C62BD0BE18006AC2A0 /* Star.swift in Sources */,
				0882603E2BBD2AC3007BEA25 /* ChatListView.swift in Sources */,
				04A59A812BBE85C2009FBF6E /* UserService.swift in Sources */,
				04A59A912BBFCF6A009FBF6E /* APISearchView.swift in Sources */,
				35EAF2112BCF67F80051B38B /* BookDetailOwnerRowView.swift in Sources */,
				35F057072BDB857600409B21 /* NoticeView.swift in Sources */,
				04A59A982BC19813009FBF6E /* AccentButtonStyle.swift in Sources */,
				EFFF88512BDA333E00676424 /* RentalBookDetailView.swift in Sources */,
				35EAF2122BCF67F80051B38B /* BookDetailReviewView.swift in Sources */,
				35EAF20A2BCF670D0051B38B /* FavoriteButton.swift in Sources */,
				EF6C38A52BCFE60D00098E18 /* MapView.swift in Sources */,
				08C46D7F2BC2D4A700DB6D1D /* Message.swift in Sources */,
				35BE2A912BDF3D53004DE1BB /* ProfileView.swift in Sources */,
				35F057092BDB8AE900409B21 /* QAView.swift in Sources */,
				04A59A402BBD29C1009FBF6E /* BookService.swift in Sources */,
				04A59A952BC143E7009FBF6E /* SpaceBox.swift in Sources */,
				8C5748B62BD8870400F2554D /* SignUpDetailView.swift in Sources */,
				35F056F92BDB626900409B21 /* BookDetailViewModel.swift in Sources */,
				EF7C83022BBE27BF009D59FB /* RentalStateSheetView.swift in Sources */,
				EF1AA4F22BBE81FD00B248A7 /* BookCreateView.swift in Sources */,
				35FCF1182BD76D3900A49EFD /* HomeBanner.swift in Sources */,
				EF0F74D22BBD38FA00E37D0D /* MyBookListView.swift in Sources */,
				35082EFC2BCCDF140008AA90 /* SearchViewModel.swift in Sources */,
				04A59AB42BC4FDE0009FBF6E /* UnlogginedView.swift in Sources */,
				35F057032BDB837000409B21 /* NoticeItem.swift in Sources */,
				048C72E02BE1C48600865316 /* HtmlLoadService.swift in Sources */,
				35EAF2172BCF67FE0051B38B /* ReviewViewModel.swift in Sources */,
				048C72BA2BDCE36700865316 /* RLoginInfoView.swift in Sources */,
				35537C5A2BBD8CB400FE8354 /* HomeView.swift in Sources */,
				08C46D812BC2D61300DB6D1D /* ChatListViewModel.swift in Sources */,
				8C1E20F32BC7AF0D00D92E95 /* AuthModel.swift in Sources */,
				EF7A2B952BBF99A00068D100 /* CameraView.swift in Sources */,
				8C1E20F12BC7AE8900D92E95 /* AuthViewModelGoogle.swift in Sources */,
				8C85928D2BBD23BD0082C8B8 /* SignUpView.swift in Sources */,
				8C85928E2BBD23BD0082C8B8 /* LoginView.swift in Sources */,
				EF0F74882BBCF7C500E37D0D /* BookBillionaireUserApp.swift in Sources */,
				353704572BCD183D00E6F531 /* CustomAlert.swift in Sources */,
				35EAF2142BCF67F80051B38B /* BookAnotherOwnerView.swift in Sources */,
				048C72622BD77EDB00865316 /* ComplainService.swift in Sources */,
				048C723E2BD2AB9300865316 /* ImageChache.swift in Sources */,
				EF8178CD2BBD749700ADAE2E /* RentalInfoView.swift in Sources */,
				8C5748B32BD886EE00F2554D /* BarcodeScannerViewController.swift in Sources */,
			);
			runOnlyForDeploymentPostprocessing = 0;
		};
/* End PBXSourcesBuildPhase section */

/* Begin XCBuildConfiguration section */
		EF0F74902BBCF7C700E37D0D /* Debug */ = {
			isa = XCBuildConfiguration;
			buildSettings = {
				ALWAYS_SEARCH_USER_PATHS = NO;
				ASSETCATALOG_COMPILER_GENERATE_SWIFT_ASSET_SYMBOL_EXTENSIONS = YES;
				CLANG_ANALYZER_NONNULL = YES;
				CLANG_ANALYZER_NUMBER_OBJECT_CONVERSION = YES_AGGRESSIVE;
				CLANG_CXX_LANGUAGE_STANDARD = "gnu++20";
				CLANG_ENABLE_MODULES = YES;
				CLANG_ENABLE_OBJC_ARC = YES;
				CLANG_ENABLE_OBJC_WEAK = YES;
				CLANG_WARN_BLOCK_CAPTURE_AUTORELEASING = YES;
				CLANG_WARN_BOOL_CONVERSION = YES;
				CLANG_WARN_COMMA = YES;
				CLANG_WARN_CONSTANT_CONVERSION = YES;
				CLANG_WARN_DEPRECATED_OBJC_IMPLEMENTATIONS = YES;
				CLANG_WARN_DIRECT_OBJC_ISA_USAGE = YES_ERROR;
				CLANG_WARN_DOCUMENTATION_COMMENTS = YES;
				CLANG_WARN_EMPTY_BODY = YES;
				CLANG_WARN_ENUM_CONVERSION = YES;
				CLANG_WARN_INFINITE_RECURSION = YES;
				CLANG_WARN_INT_CONVERSION = YES;
				CLANG_WARN_NON_LITERAL_NULL_CONVERSION = YES;
				CLANG_WARN_OBJC_IMPLICIT_RETAIN_SELF = YES;
				CLANG_WARN_OBJC_LITERAL_CONVERSION = YES;
				CLANG_WARN_OBJC_ROOT_CLASS = YES_ERROR;
				CLANG_WARN_QUOTED_INCLUDE_IN_FRAMEWORK_HEADER = YES;
				CLANG_WARN_RANGE_LOOP_ANALYSIS = YES;
				CLANG_WARN_STRICT_PROTOTYPES = YES;
				CLANG_WARN_SUSPICIOUS_MOVE = YES;
				CLANG_WARN_UNGUARDED_AVAILABILITY = YES_AGGRESSIVE;
				CLANG_WARN_UNREACHABLE_CODE = YES;
				CLANG_WARN__DUPLICATE_METHOD_MATCH = YES;
				COPY_PHASE_STRIP = NO;
				DEBUG_INFORMATION_FORMAT = dwarf;
				ENABLE_STRICT_OBJC_MSGSEND = YES;
				ENABLE_TESTABILITY = YES;
				ENABLE_USER_SCRIPT_SANDBOXING = YES;
				GCC_C_LANGUAGE_STANDARD = gnu17;
				GCC_DYNAMIC_NO_PIC = NO;
				GCC_NO_COMMON_BLOCKS = YES;
				GCC_OPTIMIZATION_LEVEL = 0;
				GCC_PREPROCESSOR_DEFINITIONS = (
					"DEBUG=1",
					"$(inherited)",
				);
				GCC_WARN_64_TO_32_BIT_CONVERSION = YES;
				GCC_WARN_ABOUT_RETURN_TYPE = YES_ERROR;
				GCC_WARN_UNDECLARED_SELECTOR = YES;
				GCC_WARN_UNINITIALIZED_AUTOS = YES_AGGRESSIVE;
				GCC_WARN_UNUSED_FUNCTION = YES;
				GCC_WARN_UNUSED_VARIABLE = YES;
				IPHONEOS_DEPLOYMENT_TARGET = 17.4;
				LOCALIZATION_PREFERS_STRING_CATALOGS = YES;
				MTL_ENABLE_DEBUG_INFO = INCLUDE_SOURCE;
				MTL_FAST_MATH = YES;
				ONLY_ACTIVE_ARCH = YES;
				SDKROOT = iphoneos;
				SWIFT_ACTIVE_COMPILATION_CONDITIONS = "DEBUG $(inherited)";
				SWIFT_OPTIMIZATION_LEVEL = "-Onone";
			};
			name = Debug;
		};
		EF0F74912BBCF7C700E37D0D /* Release */ = {
			isa = XCBuildConfiguration;
			buildSettings = {
				ALWAYS_SEARCH_USER_PATHS = NO;
				ASSETCATALOG_COMPILER_GENERATE_SWIFT_ASSET_SYMBOL_EXTENSIONS = YES;
				CLANG_ANALYZER_NONNULL = YES;
				CLANG_ANALYZER_NUMBER_OBJECT_CONVERSION = YES_AGGRESSIVE;
				CLANG_CXX_LANGUAGE_STANDARD = "gnu++20";
				CLANG_ENABLE_MODULES = YES;
				CLANG_ENABLE_OBJC_ARC = YES;
				CLANG_ENABLE_OBJC_WEAK = YES;
				CLANG_WARN_BLOCK_CAPTURE_AUTORELEASING = YES;
				CLANG_WARN_BOOL_CONVERSION = YES;
				CLANG_WARN_COMMA = YES;
				CLANG_WARN_CONSTANT_CONVERSION = YES;
				CLANG_WARN_DEPRECATED_OBJC_IMPLEMENTATIONS = YES;
				CLANG_WARN_DIRECT_OBJC_ISA_USAGE = YES_ERROR;
				CLANG_WARN_DOCUMENTATION_COMMENTS = YES;
				CLANG_WARN_EMPTY_BODY = YES;
				CLANG_WARN_ENUM_CONVERSION = YES;
				CLANG_WARN_INFINITE_RECURSION = YES;
				CLANG_WARN_INT_CONVERSION = YES;
				CLANG_WARN_NON_LITERAL_NULL_CONVERSION = YES;
				CLANG_WARN_OBJC_IMPLICIT_RETAIN_SELF = YES;
				CLANG_WARN_OBJC_LITERAL_CONVERSION = YES;
				CLANG_WARN_OBJC_ROOT_CLASS = YES_ERROR;
				CLANG_WARN_QUOTED_INCLUDE_IN_FRAMEWORK_HEADER = YES;
				CLANG_WARN_RANGE_LOOP_ANALYSIS = YES;
				CLANG_WARN_STRICT_PROTOTYPES = YES;
				CLANG_WARN_SUSPICIOUS_MOVE = YES;
				CLANG_WARN_UNGUARDED_AVAILABILITY = YES_AGGRESSIVE;
				CLANG_WARN_UNREACHABLE_CODE = YES;
				CLANG_WARN__DUPLICATE_METHOD_MATCH = YES;
				COPY_PHASE_STRIP = NO;
				DEBUG_INFORMATION_FORMAT = "dwarf-with-dsym";
				ENABLE_NS_ASSERTIONS = NO;
				ENABLE_STRICT_OBJC_MSGSEND = YES;
				ENABLE_USER_SCRIPT_SANDBOXING = YES;
				GCC_C_LANGUAGE_STANDARD = gnu17;
				GCC_NO_COMMON_BLOCKS = YES;
				GCC_WARN_64_TO_32_BIT_CONVERSION = YES;
				GCC_WARN_ABOUT_RETURN_TYPE = YES_ERROR;
				GCC_WARN_UNDECLARED_SELECTOR = YES;
				GCC_WARN_UNINITIALIZED_AUTOS = YES_AGGRESSIVE;
				GCC_WARN_UNUSED_FUNCTION = YES;
				GCC_WARN_UNUSED_VARIABLE = YES;
				IPHONEOS_DEPLOYMENT_TARGET = 17.4;
				LOCALIZATION_PREFERS_STRING_CATALOGS = YES;
				MTL_ENABLE_DEBUG_INFO = NO;
				MTL_FAST_MATH = YES;
				SDKROOT = iphoneos;
				SWIFT_COMPILATION_MODE = wholemodule;
				VALIDATE_PRODUCT = YES;
			};
			name = Release;
		};
		EF0F74932BBCF7C700E37D0D /* Debug */ = {
			isa = XCBuildConfiguration;
			buildSettings = {
				ASSETCATALOG_COMPILER_APPICON_NAME = AppIcon;
				ASSETCATALOG_COMPILER_GLOBAL_ACCENT_COLOR_NAME = AccentColor;
				CODE_SIGN_ENTITLEMENTS = BookBillionaireUser/BookBillionaireUser.entitlements;
				CODE_SIGN_STYLE = Automatic;
				CURRENT_PROJECT_VERSION = 1;
				DEVELOPMENT_ASSET_PATHS = "";
				DEVELOPMENT_TEAM = 6R3M7VGRP2;
				ENABLE_PREVIEWS = YES;
				GENERATE_INFOPLIST_FILE = YES;
				INFOPLIST_FILE = BookBillionaireUser/Info.plist;
				INFOPLIST_KEY_NSCameraUsageDescription = "BookBillionaireUser 앱에서 책의 이미지를 촬영하기 위하여 Camera 접근권한을 요청합니다.";
				INFOPLIST_KEY_NSLocationWhenInUseUsageDescription = "현재위치에 접근하고자 합니다.";
				INFOPLIST_KEY_NSPhotoLibraryUsageDescription = "BookBillionaireUser 앱에서 책의 이미지를 사용하기 위하여 Photo Library 접근권한을 요청합니다.";
				INFOPLIST_KEY_UIApplicationSceneManifest_Generation = YES;
				INFOPLIST_KEY_UIApplicationSupportsIndirectInputEvents = YES;
				INFOPLIST_KEY_UILaunchScreen_Generation = YES;
				INFOPLIST_KEY_UISupportedInterfaceOrientations = UIInterfaceOrientationPortrait;
				INFOPLIST_KEY_UISupportedInterfaceOrientations_iPad = "UIInterfaceOrientationLandscapeLeft UIInterfaceOrientationLandscapeRight UIInterfaceOrientationPortrait";
				IPHONEOS_DEPLOYMENT_TARGET = 16.0;
				LD_RUNPATH_SEARCH_PATHS = (
					"$(inherited)",
					"@executable_path/Frameworks",
				);
				MARKETING_VERSION = 1.2;
				PRODUCT_BUNDLE_IDENTIFIER = com.TeamBB.BookBillionaireUser;
				PRODUCT_NAME = "$(TARGET_NAME)";
				SUPPORTED_PLATFORMS = "iphoneos iphonesimulator";
				SUPPORTS_MACCATALYST = NO;
				SUPPORTS_MAC_DESIGNED_FOR_IPHONE_IPAD = NO;
				SUPPORTS_XR_DESIGNED_FOR_IPHONE_IPAD = NO;
				SWIFT_EMIT_LOC_STRINGS = YES;
				SWIFT_VERSION = 5.0;
				TARGETED_DEVICE_FAMILY = 1;
			};
			name = Debug;
		};
		EF0F74942BBCF7C700E37D0D /* Release */ = {
			isa = XCBuildConfiguration;
			buildSettings = {
				ASSETCATALOG_COMPILER_APPICON_NAME = AppIcon;
				ASSETCATALOG_COMPILER_GLOBAL_ACCENT_COLOR_NAME = AccentColor;
				CODE_SIGN_ENTITLEMENTS = BookBillionaireUser/BookBillionaireUser.entitlements;
				CODE_SIGN_STYLE = Automatic;
				CURRENT_PROJECT_VERSION = 1;
				DEVELOPMENT_ASSET_PATHS = "";
				DEVELOPMENT_TEAM = 6R3M7VGRP2;
				ENABLE_PREVIEWS = YES;
				GENERATE_INFOPLIST_FILE = YES;
				INFOPLIST_FILE = BookBillionaireUser/Info.plist;
				INFOPLIST_KEY_NSCameraUsageDescription = "BookBillionaireUser 앱에서 책의 이미지를 촬영하기 위하여 Camera 접근권한을 요청합니다.";
				INFOPLIST_KEY_NSLocationWhenInUseUsageDescription = "현재위치에 접근하고자 합니다.";
				INFOPLIST_KEY_NSPhotoLibraryUsageDescription = "BookBillionaireUser 앱에서 책의 이미지를 사용하기 위하여 Photo Library 접근권한을 요청합니다.";
				INFOPLIST_KEY_UIApplicationSceneManifest_Generation = YES;
				INFOPLIST_KEY_UIApplicationSupportsIndirectInputEvents = YES;
				INFOPLIST_KEY_UILaunchScreen_Generation = YES;
				INFOPLIST_KEY_UISupportedInterfaceOrientations = UIInterfaceOrientationPortrait;
				INFOPLIST_KEY_UISupportedInterfaceOrientations_iPad = "UIInterfaceOrientationLandscapeLeft UIInterfaceOrientationLandscapeRight UIInterfaceOrientationPortrait";
				IPHONEOS_DEPLOYMENT_TARGET = 16.0;
				LD_RUNPATH_SEARCH_PATHS = (
					"$(inherited)",
					"@executable_path/Frameworks",
				);
				MARKETING_VERSION = 1.2;
				PRODUCT_BUNDLE_IDENTIFIER = com.TeamBB.BookBillionaireUser;
				PRODUCT_NAME = "$(TARGET_NAME)";
				SUPPORTED_PLATFORMS = "iphoneos iphonesimulator";
				SUPPORTS_MACCATALYST = NO;
				SUPPORTS_MAC_DESIGNED_FOR_IPHONE_IPAD = NO;
				SUPPORTS_XR_DESIGNED_FOR_IPHONE_IPAD = NO;
				SWIFT_EMIT_LOC_STRINGS = YES;
				SWIFT_VERSION = 5.0;
				TARGETED_DEVICE_FAMILY = 1;
			};
			name = Release;
		};
/* End XCBuildConfiguration section */

/* Begin XCConfigurationList section */
		EF0F747F2BBCF7C500E37D0D /* Build configuration list for PBXProject "BookBillionaireUser" */ = {
			isa = XCConfigurationList;
			buildConfigurations = (
				EF0F74902BBCF7C700E37D0D /* Debug */,
				EF0F74912BBCF7C700E37D0D /* Release */,
			);
			defaultConfigurationIsVisible = 0;
			defaultConfigurationName = Release;
		};
		EF0F74922BBCF7C700E37D0D /* Build configuration list for PBXNativeTarget "BookBillionaireUser" */ = {
			isa = XCConfigurationList;
			buildConfigurations = (
				EF0F74932BBCF7C700E37D0D /* Debug */,
				EF0F74942BBCF7C700E37D0D /* Release */,
			);
			defaultConfigurationIsVisible = 0;
			defaultConfigurationName = Release;
		};
/* End XCConfigurationList section */

/* Begin XCRemoteSwiftPackageReference section */
		8C7633472BBD3947002EF297 /* XCRemoteSwiftPackageReference "GoogleSignIn-iOS" */ = {
			isa = XCRemoteSwiftPackageReference;
			repositoryURL = "https://github.com/google/GoogleSignIn-iOS";
			requirement = {
				kind = upToNextMajorVersion;
				minimumVersion = 7.1.0;
			};
		};
		EF0F74C42BBD0E6C00E37D0D /* XCRemoteSwiftPackageReference "firebase-ios-sdk" */ = {
			isa = XCRemoteSwiftPackageReference;
			repositoryURL = "https://github.com/firebase/firebase-ios-sdk";
			requirement = {
				kind = upToNextMajorVersion;
				minimumVersion = 10.23.1;
			};
		};
/* End XCRemoteSwiftPackageReference section */

/* Begin XCSwiftPackageProductDependency section */
		048C72E12BE1C57100865316 /* GoogleSignIn */ = {
			isa = XCSwiftPackageProductDependency;
			package = 8C7633472BBD3947002EF297 /* XCRemoteSwiftPackageReference "GoogleSignIn-iOS" */;
			productName = GoogleSignIn;
		};
		048C72E32BE1C57100865316 /* GoogleSignInSwift */ = {
			isa = XCSwiftPackageProductDependency;
			package = 8C7633472BBD3947002EF297 /* XCRemoteSwiftPackageReference "GoogleSignIn-iOS" */;
			productName = GoogleSignInSwift;
		};
		04A59A442BBD2F66009FBF6E /* BookBillionaireCore */ = {
			isa = XCSwiftPackageProductDependency;
			productName = BookBillionaireCore;
		};
		04A59AB52BC52031009FBF6E /* FirebaseStorage */ = {
			isa = XCSwiftPackageProductDependency;
			package = EF0F74C42BBD0E6C00E37D0D /* XCRemoteSwiftPackageReference "firebase-ios-sdk" */;
			productName = FirebaseStorage;
		};
		04A59AB72BC52031009FBF6E /* FirebaseStorageCombine-Community */ = {
			isa = XCSwiftPackageProductDependency;
			package = EF0F74C42BBD0E6C00E37D0D /* XCRemoteSwiftPackageReference "firebase-ios-sdk" */;
			productName = "FirebaseStorageCombine-Community";
		};
		084FE4D02BD0D3ED00AACD4A /* FirebaseFirestore */ = {
			isa = XCSwiftPackageProductDependency;
			package = EF0F74C42BBD0E6C00E37D0D /* XCRemoteSwiftPackageReference "firebase-ios-sdk" */;
			productName = FirebaseFirestore;
		};
		084FE4D22BD0D3F300AACD4A /* FirebaseFirestoreSwift */ = {
			isa = XCSwiftPackageProductDependency;
			package = EF0F74C42BBD0E6C00E37D0D /* XCRemoteSwiftPackageReference "firebase-ios-sdk" */;
			productName = FirebaseFirestoreSwift;
		};
		EF1AA4E32BBE7BAD00B248A7 /* FirebaseAuth */ = {
			isa = XCSwiftPackageProductDependency;
			package = EF0F74C42BBD0E6C00E37D0D /* XCRemoteSwiftPackageReference "firebase-ios-sdk" */;
			productName = FirebaseAuth;
		};
		EF1AA4E52BBE7BC700B248A7 /* FirebaseAuthCombine-Community */ = {
			isa = XCSwiftPackageProductDependency;
			package = EF0F74C42BBD0E6C00E37D0D /* XCRemoteSwiftPackageReference "firebase-ios-sdk" */;
			productName = "FirebaseAuthCombine-Community";
		};
		EF1AA4E92BBE7BC700B248A7 /* FirebaseFirestoreCombine-Community */ = {
			isa = XCSwiftPackageProductDependency;
			package = EF0F74C42BBD0E6C00E37D0D /* XCRemoteSwiftPackageReference "firebase-ios-sdk" */;
			productName = "FirebaseFirestoreCombine-Community";
		};
/* End XCSwiftPackageProductDependency section */
	};
	rootObject = EF0F747C2BBCF7C500E37D0D /* Project object */;
}
