// !$*UTF8*$!
{
	archiveVersion = 1;
	classes = {
	};
	objectVersion = 56;
	objects = {

/* Begin PBXBuildFile section */
		04A59A402BBD29C1009FBF6E /* BookService.swift in Sources */ = {isa = PBXBuildFile; fileRef = 04A59A3F2BBD29C1009FBF6E /* BookService.swift */; };
		04A59A452BBD2F66009FBF6E /* BookBillionaireCore in Frameworks */ = {isa = PBXBuildFile; productRef = 04A59A442BBD2F66009FBF6E /* BookBillionaireCore */; };
		04A59A512BBD4A9D009FBF6E /* GoogleService-Info.plist in Resources */ = {isa = PBXBuildFile; fileRef = 04A59A502BBD4A9D009FBF6E /* GoogleService-Info.plist */; };
		04A59A532BBD4B43009FBF6E /* FirebaseAuth in Frameworks */ = {isa = PBXBuildFile; productRef = 04A59A522BBD4B43009FBF6E /* FirebaseAuth */; };
		04A59A552BBD4B43009FBF6E /* FirebaseAuthCombine-Community in Frameworks */ = {isa = PBXBuildFile; productRef = 04A59A542BBD4B43009FBF6E /* FirebaseAuthCombine-Community */; };
		04A59A572BBD4B43009FBF6E /* FirebaseFirestore in Frameworks */ = {isa = PBXBuildFile; productRef = 04A59A562BBD4B43009FBF6E /* FirebaseFirestore */; };
		04A59A592BBD4B43009FBF6E /* FirebaseFirestoreCombine-Community in Frameworks */ = {isa = PBXBuildFile; productRef = 04A59A582BBD4B43009FBF6E /* FirebaseFirestoreCombine-Community */; };
		04A59A5B2BBD4B43009FBF6E /* FirebaseFirestoreSwift in Frameworks */ = {isa = PBXBuildFile; productRef = 04A59A5A2BBD4B43009FBF6E /* FirebaseFirestoreSwift */; };
		04A59A5D2BBD4D27009FBF6E /* servicetest.swift in Sources */ = {isa = PBXBuildFile; fileRef = 04A59A5C2BBD4D27009FBF6E /* servicetest.swift */; };
		04A59A5F2BBD4F49009FBF6E /* BookStore.swift in Sources */ = {isa = PBXBuildFile; fileRef = 04A59A5E2BBD4F49009FBF6E /* BookStore.swift */; };
		088260352BBD1C99007BEA25 /* UserStore.swift in Sources */ = {isa = PBXBuildFile; fileRef = 088260342BBD1C99007BEA25 /* UserStore.swift */; };
		35537C562BBD8CA100FE8354 /* BottomSheet.swift in Sources */ = {isa = PBXBuildFile; fileRef = 35537C552BBD8CA100FE8354 /* BottomSheet.swift */; };
		35537C582BBD8CA800FE8354 /* BookSearchView.swift in Sources */ = {isa = PBXBuildFile; fileRef = 35537C572BBD8CA800FE8354 /* BookSearchView.swift */; };
		35537C5A2BBD8CB400FE8354 /* HomeView.swift in Sources */ = {isa = PBXBuildFile; fileRef = 35537C592BBD8CB400FE8354 /* HomeView.swift */; };
		35537C5C2BBD8CBC00FE8354 /* BookDetailView.swift in Sources */ = {isa = PBXBuildFile; fileRef = 35537C5B2BBD8CBC00FE8354 /* BookDetailView.swift */; };
		35537C5F2BBD8CFE00FE8354 /* BookBillionaireCore in Frameworks */ = {isa = PBXBuildFile; productRef = 35537C5E2BBD8CFE00FE8354 /* BookBillionaireCore */; };
		EF0F74882BBCF7C500E37D0D /* BookBillionaireUserApp.swift in Sources */ = {isa = PBXBuildFile; fileRef = EF0F74872BBCF7C500E37D0D /* BookBillionaireUserApp.swift */; };
		EF0F748A2BBCF7C500E37D0D /* ContentView.swift in Sources */ = {isa = PBXBuildFile; fileRef = EF0F74892BBCF7C500E37D0D /* ContentView.swift */; };
		EF0F748C2BBCF7C700E37D0D /* Assets.xcassets in Resources */ = {isa = PBXBuildFile; fileRef = EF0F748B2BBCF7C700E37D0D /* Assets.xcassets */; };
		EF0F74B92BBCFA6200E37D0D /* MessageView.swift in Sources */ = {isa = PBXBuildFile; fileRef = EF0F74B82BBCFA6200E37D0D /* MessageView.swift */; };
		EF0F74BB2BBCFA7100E37D0D /* SearchBar.swift in Sources */ = {isa = PBXBuildFile; fileRef = EF0F74BA2BBCFA7100E37D0D /* SearchBar.swift */; };
		EF0F74BD2BBCFA7F00E37D0D /* LibraryView.swift in Sources */ = {isa = PBXBuildFile; fileRef = EF0F74BC2BBCFA7F00E37D0D /* LibraryView.swift */; };
		EF0F74C12BBCFA9500E37D0D /* LoginView.swift in Sources */ = {isa = PBXBuildFile; fileRef = EF0F74C02BBCFA9500E37D0D /* LoginView.swift */; };
		EF0F74C32BBCFA9F00E37D0D /* ProfileView.swift in Sources */ = {isa = PBXBuildFile; fileRef = EF0F74C22BBCFA9F00E37D0D /* ProfileView.swift */; };
		EF0F74C62BBD0E6C00E37D0D /* FirebaseAuth in Frameworks */ = {isa = PBXBuildFile; productRef = EF0F74C52BBD0E6C00E37D0D /* FirebaseAuth */; };
		EF0F74C82BBD0E6C00E37D0D /* FirebaseAuthCombine-Community in Frameworks */ = {isa = PBXBuildFile; productRef = EF0F74C72BBD0E6C00E37D0D /* FirebaseAuthCombine-Community */; };
		EF0F74CA2BBD0E6C00E37D0D /* FirebaseFirestore in Frameworks */ = {isa = PBXBuildFile; productRef = EF0F74C92BBD0E6C00E37D0D /* FirebaseFirestore */; };
		EF0F74CC2BBD0E6C00E37D0D /* FirebaseFirestoreCombine-Community in Frameworks */ = {isa = PBXBuildFile; productRef = EF0F74CB2BBD0E6C00E37D0D /* FirebaseFirestoreCombine-Community */; };
		EF0F74CE2BBD0E6C00E37D0D /* FirebaseFirestoreSwift in Frameworks */ = {isa = PBXBuildFile; productRef = EF0F74CD2BBD0E6C00E37D0D /* FirebaseFirestoreSwift */; };
		EF0F74D02BBD297B00E37D0D /* CategoryView.swift in Sources */ = {isa = PBXBuildFile; fileRef = EF0F74CF2BBD297B00E37D0D /* CategoryView.swift */; };
		EF0F74D22BBD38FA00E37D0D /* MyBookListView.swift in Sources */ = {isa = PBXBuildFile; fileRef = EF0F74D12BBD38FA00E37D0D /* MyBookListView.swift */; };
		EF0F74D42BBD472D00E37D0D /* RentalBookListView.swift in Sources */ = {isa = PBXBuildFile; fileRef = EF0F74D32BBD472D00E37D0D /* RentalBookListView.swift */; };
		EF8178CB2BBD748400ADAE2E /* BookBillionaireCore in Frameworks */ = {isa = PBXBuildFile; productRef = EF8178CA2BBD748400ADAE2E /* BookBillionaireCore */; };
		EF8178CD2BBD749700ADAE2E /* RentalPeriodView.swift in Sources */ = {isa = PBXBuildFile; fileRef = EF8178CC2BBD749700ADAE2E /* RentalPeriodView.swift */; };
		EF0F74D62BBD6FF600E37D0D /* DescriptionView.swift in Sources */ = {isa = PBXBuildFile; fileRef = EF0F74D52BBD6FF600E37D0D /* DescriptionView.swift */; };
/* End PBXBuildFile section */

/* Begin PBXFileReference section */
		04A59A3F2BBD29C1009FBF6E /* BookService.swift */ = {isa = PBXFileReference; lastKnownFileType = sourcecode.swift; path = BookService.swift; sourceTree = "<group>"; };
		04A59A502BBD4A9D009FBF6E /* GoogleService-Info.plist */ = {isa = PBXFileReference; fileEncoding = 4; lastKnownFileType = text.plist.xml; path = "GoogleService-Info.plist"; sourceTree = "<group>"; };
		04A59A5C2BBD4D27009FBF6E /* servicetest.swift */ = {isa = PBXFileReference; lastKnownFileType = sourcecode.swift; path = servicetest.swift; sourceTree = "<group>"; };
		04A59A5E2BBD4F49009FBF6E /* BookStore.swift */ = {isa = PBXFileReference; lastKnownFileType = sourcecode.swift; path = BookStore.swift; sourceTree = "<group>"; };
		088260342BBD1C99007BEA25 /* UserStore.swift */ = {isa = PBXFileReference; lastKnownFileType = sourcecode.swift; path = UserStore.swift; sourceTree = "<group>"; };
		35537C552BBD8CA100FE8354 /* BottomSheet.swift */ = {isa = PBXFileReference; fileEncoding = 4; lastKnownFileType = sourcecode.swift; path = BottomSheet.swift; sourceTree = "<group>"; };
		35537C572BBD8CA800FE8354 /* BookSearchView.swift */ = {isa = PBXFileReference; fileEncoding = 4; lastKnownFileType = sourcecode.swift; path = BookSearchView.swift; sourceTree = "<group>"; };
		35537C592BBD8CB400FE8354 /* HomeView.swift */ = {isa = PBXFileReference; fileEncoding = 4; lastKnownFileType = sourcecode.swift; path = HomeView.swift; sourceTree = "<group>"; };
		35537C5B2BBD8CBC00FE8354 /* BookDetailView.swift */ = {isa = PBXFileReference; fileEncoding = 4; lastKnownFileType = sourcecode.swift; path = BookDetailView.swift; sourceTree = "<group>"; };
		EF0F74842BBCF7C500E37D0D /* BookBillionaireUser.app */ = {isa = PBXFileReference; explicitFileType = wrapper.application; includeInIndex = 0; path = BookBillionaireUser.app; sourceTree = BUILT_PRODUCTS_DIR; };
		EF0F74872BBCF7C500E37D0D /* BookBillionaireUserApp.swift */ = {isa = PBXFileReference; lastKnownFileType = sourcecode.swift; path = BookBillionaireUserApp.swift; sourceTree = "<group>"; };
		EF0F74892BBCF7C500E37D0D /* ContentView.swift */ = {isa = PBXFileReference; lastKnownFileType = sourcecode.swift; path = ContentView.swift; sourceTree = "<group>"; };
		EF0F748B2BBCF7C700E37D0D /* Assets.xcassets */ = {isa = PBXFileReference; lastKnownFileType = folder.assetcatalog; path = Assets.xcassets; sourceTree = "<group>"; };
		EF0F74B82BBCFA6200E37D0D /* MessageView.swift */ = {isa = PBXFileReference; lastKnownFileType = sourcecode.swift; path = MessageView.swift; sourceTree = "<group>"; };
		EF0F74BA2BBCFA7100E37D0D /* SearchBar.swift */ = {isa = PBXFileReference; lastKnownFileType = sourcecode.swift; path = SearchBar.swift; sourceTree = "<group>"; };
		EF0F74BC2BBCFA7F00E37D0D /* LibraryView.swift */ = {isa = PBXFileReference; lastKnownFileType = sourcecode.swift; path = LibraryView.swift; sourceTree = "<group>"; };
		EF0F74C02BBCFA9500E37D0D /* LoginView.swift */ = {isa = PBXFileReference; lastKnownFileType = sourcecode.swift; path = LoginView.swift; sourceTree = "<group>"; };
		EF0F74C22BBCFA9F00E37D0D /* ProfileView.swift */ = {isa = PBXFileReference; lastKnownFileType = sourcecode.swift; path = ProfileView.swift; sourceTree = "<group>"; };
		EF0F74CF2BBD297B00E37D0D /* CategoryView.swift */ = {isa = PBXFileReference; lastKnownFileType = sourcecode.swift; path = CategoryView.swift; sourceTree = "<group>"; };
		EF0F74D12BBD38FA00E37D0D /* MyBookListView.swift */ = {isa = PBXFileReference; lastKnownFileType = sourcecode.swift; path = MyBookListView.swift; sourceTree = "<group>"; };
		EF0F74D32BBD472D00E37D0D /* RentalBookListView.swift */ = {isa = PBXFileReference; lastKnownFileType = sourcecode.swift; path = RentalBookListView.swift; sourceTree = "<group>"; };
		EF8178CC2BBD749700ADAE2E /* RentalPeriodView.swift */ = {isa = PBXFileReference; lastKnownFileType = sourcecode.swift; path = RentalPeriodView.swift; sourceTree = "<group>"; };
		EF0F74D52BBD6FF600E37D0D /* DescriptionView.swift */ = {isa = PBXFileReference; lastKnownFileType = sourcecode.swift; path = DescriptionView.swift; sourceTree = "<group>"; };
/* End PBXFileReference section */

/* Begin PBXFrameworksBuildPhase section */
		EF0F74812BBCF7C500E37D0D /* Frameworks */ = {
			isa = PBXFrameworksBuildPhase;
			buildActionMask = 2147483647;
			files = (
				04A59A452BBD2F66009FBF6E /* BookBillionaireCore in Frameworks */,
				04A59A572BBD4B43009FBF6E /* FirebaseFirestore in Frameworks */,
				04A59A552BBD4B43009FBF6E /* FirebaseAuthCombine-Community in Frameworks */,
				04A59A592BBD4B43009FBF6E /* FirebaseFirestoreCombine-Community in Frameworks */,
				04A59A532BBD4B43009FBF6E /* FirebaseAuth in Frameworks */,
				04A59A5B2BBD4B43009FBF6E /* FirebaseFirestoreSwift in Frameworks */,
				EF0F74CE2BBD0E6C00E37D0D /* FirebaseFirestoreSwift in Frameworks */,
				EF0F74C62BBD0E6C00E37D0D /* FirebaseAuth in Frameworks */,
				EF0F74CC2BBD0E6C00E37D0D /* FirebaseFirestoreCombine-Community in Frameworks */,
				EF0F74C82BBD0E6C00E37D0D /* FirebaseAuthCombine-Community in Frameworks */,
				EF0F74CA2BBD0E6C00E37D0D /* FirebaseFirestore in Frameworks */,
				35537C5F2BBD8CFE00FE8354 /* BookBillionaireCore in Frameworks */,
			);
			runOnlyForDeploymentPostprocessing = 0;
		};
/* End PBXFrameworksBuildPhase section */

/* Begin PBXGroup section */
		04A59A3E2BBD29A5009FBF6E /* Service */ = {
			isa = PBXGroup;
			children = (
				04A59A3F2BBD29C1009FBF6E /* BookService.swift */,
				04A59A5C2BBD4D27009FBF6E /* servicetest.swift */,
			);
			path = Service;
			sourceTree = "<group>";
		};
		04A59A432BBD2F66009FBF6E /* Frameworks */ = {
			isa = PBXGroup;
			children = (
			);
			name = Frameworks;
			sourceTree = "<group>";
		};
		088260332BBD1C8A007BEA25 /* Store */ = {
			isa = PBXGroup;
			children = (
				088260342BBD1C99007BEA25 /* UserStore.swift */,
				04A59A5E2BBD4F49009FBF6E /* BookStore.swift */,
			);
			path = Store;
			sourceTree = "<group>";
		};
		35537C5D2BBD8CFE00FE8354 /* Frameworks */ = {
			isa = PBXGroup;
			children = (
			);
			name = Frameworks;
			sourceTree = "<group>";
		};
		EF0F747B2BBCF7C500E37D0D = {
			isa = PBXGroup;
			children = (
				04A59A502BBD4A9D009FBF6E /* GoogleService-Info.plist */,
				EF0F74862BBCF7C500E37D0D /* BookBillionaireUser */,
				EF0F74852BBCF7C500E37D0D /* Products */,
				04A59A432BBD2F66009FBF6E /* Frameworks */,
			);
			sourceTree = "<group>";
		};
		EF0F74852BBCF7C500E37D0D /* Products */ = {
			isa = PBXGroup;
			children = (
				EF0F74842BBCF7C500E37D0D /* BookBillionaireUser.app */,
			);
			name = Products;
			sourceTree = "<group>";
		};
		EF0F74862BBCF7C500E37D0D /* BookBillionaireUser */ = {
			isa = PBXGroup;
			children = (
				04A59A3E2BBD29A5009FBF6E /* Service */,
				088260332BBD1C8A007BEA25 /* Store */,
				EF0F74872BBCF7C500E37D0D /* BookBillionaireUserApp.swift */,
				EF0F74B02BBCF99000E37D0D /* View */,
				EF0F748B2BBCF7C700E37D0D /* Assets.xcassets */,
			);
			path = BookBillionaireUser;
			sourceTree = "<group>";
		};
		EF0F74B02BBCF99000E37D0D /* View */ = {
			isa = PBXGroup;
			children = (
				EF0F74892BBCF7C500E37D0D /* ContentView.swift */,
				EF0F74B22BBCF9D300E37D0D /* Component */,
				EF0F74B72BBCFA1300E37D0D /* Message */,
				EF0F74B62BBCFA0C00E37D0D /* Library */,
				EF0F74B52BBCFA0500E37D0D /* Home */,
				EF0F74B42BBCF9FD00E37D0D /* Login */,
				EF0F74B32BBCF9F500E37D0D /* Profile */,
			);
			path = View;
			sourceTree = "<group>";
		};
		EF0F74B22BBCF9D300E37D0D /* Component */ = {
			isa = PBXGroup;
			children = (
				35537C552BBD8CA100FE8354 /* BottomSheet.swift */,
				EF0F74BA2BBCFA7100E37D0D /* SearchBar.swift */,
			);
			path = Component;
			sourceTree = "<group>";
		};
		EF0F74B32BBCF9F500E37D0D /* Profile */ = {
			isa = PBXGroup;
			children = (
				EF0F74C22BBCFA9F00E37D0D /* ProfileView.swift */,
			);
			path = Profile;
			sourceTree = "<group>";
		};
		EF0F74B42BBCF9FD00E37D0D /* Login */ = {
			isa = PBXGroup;
			children = (
				EF0F74C02BBCFA9500E37D0D /* LoginView.swift */,
			);
			path = Login;
			sourceTree = "<group>";
		};
		EF0F74B52BBCFA0500E37D0D /* Home */ = {
			isa = PBXGroup;
			children = (
				35537C592BBD8CB400FE8354 /* HomeView.swift */,
				35537C572BBD8CA800FE8354 /* BookSearchView.swift */,
				35537C5B2BBD8CBC00FE8354 /* BookDetailView.swift */,
			);
			path = Home;
			sourceTree = "<group>";
		};
		EF0F74B62BBCFA0C00E37D0D /* Library */ = {
			isa = PBXGroup;
			children = (
				EF0F74BC2BBCFA7F00E37D0D /* LibraryView.swift */,
				EF0F74CF2BBD297B00E37D0D /* CategoryView.swift */,
				EF0F74D12BBD38FA00E37D0D /* MyBookListView.swift */,
				EF0F74D32BBD472D00E37D0D /* RentalBookListView.swift */,
				EF8178CC2BBD749700ADAE2E /* RentalPeriodView.swift */,
				EF0F74D52BBD6FF600E37D0D /* DescriptionView.swift */,
			);
			path = Library;
			sourceTree = "<group>";
		};
		EF0F74B72BBCFA1300E37D0D /* Message */ = {
			isa = PBXGroup;
			children = (
				EF0F74B82BBCFA6200E37D0D /* MessageView.swift */,
			);
			path = Message;
			sourceTree = "<group>";
		};
		EF8178C92BBD748400ADAE2E /* Frameworks */ = {
			isa = PBXGroup;
			children = (
			);
			name = Frameworks;
			sourceTree = "<group>";
		};
/* End PBXGroup section */

/* Begin PBXNativeTarget section */
		EF0F74832BBCF7C500E37D0D /* BookBillionaireUser */ = {
			isa = PBXNativeTarget;
			buildConfigurationList = EF0F74922BBCF7C700E37D0D /* Build configuration list for PBXNativeTarget "BookBillionaireUser" */;
			buildPhases = (
				EF0F74802BBCF7C500E37D0D /* Sources */,
				EF0F74812BBCF7C500E37D0D /* Frameworks */,
				EF0F74822BBCF7C500E37D0D /* Resources */,
			);
			buildRules = (
			);
			dependencies = (
			);
			name = BookBillionaireUser;
			packageProductDependencies = (
				04A59A442BBD2F66009FBF6E /* BookBillionaireCore */,
				04A59A522BBD4B43009FBF6E /* FirebaseAuth */,
				04A59A542BBD4B43009FBF6E /* FirebaseAuthCombine-Community */,
				04A59A562BBD4B43009FBF6E /* FirebaseFirestore */,
				04A59A582BBD4B43009FBF6E /* FirebaseFirestoreCombine-Community */,
				04A59A5A2BBD4B43009FBF6E /* FirebaseFirestoreSwift */,
			);
			productName = BookBillionaireUser;
			productReference = EF0F74842BBCF7C500E37D0D /* BookBillionaireUser.app */;
			productType = "com.apple.product-type.application";
		};
/* End PBXNativeTarget section */

/* Begin PBXProject section */
		EF0F747C2BBCF7C500E37D0D /* Project object */ = {
			isa = PBXProject;
			attributes = {
				BuildIndependentTargetsInParallel = 1;
				LastSwiftUpdateCheck = 1530;
				LastUpgradeCheck = 1530;
				TargetAttributes = {
					EF0F74832BBCF7C500E37D0D = {
						CreatedOnToolsVersion = 15.3;
					};
				};
			};
			buildConfigurationList = EF0F747F2BBCF7C500E37D0D /* Build configuration list for PBXProject "BookBillionaireUser" */;
			compatibilityVersion = "Xcode 14.0";
			developmentRegion = en;
			hasScannedForEncodings = 0;
			knownRegions = (
				en,
				Base,
			);
			mainGroup = EF0F747B2BBCF7C500E37D0D;
			packageReferences = (
				EF0F74C42BBD0E6C00E37D0D /* XCRemoteSwiftPackageReference "firebase-ios-sdk" */,
			);
			productRefGroup = EF0F74852BBCF7C500E37D0D /* Products */;
			projectDirPath = "";
			projectRoot = "";
			targets = (
				EF0F74832BBCF7C500E37D0D /* BookBillionaireUser */,
			);
		};
/* End PBXProject section */

/* Begin PBXResourcesBuildPhase section */
		EF0F74822BBCF7C500E37D0D /* Resources */ = {
			isa = PBXResourcesBuildPhase;
			buildActionMask = 2147483647;
			files = (
				EF0F748C2BBCF7C700E37D0D /* Assets.xcassets in Resources */,
				04A59A512BBD4A9D009FBF6E /* GoogleService-Info.plist in Resources */,
			);
			runOnlyForDeploymentPostprocessing = 0;
		};
/* End PBXResourcesBuildPhase section */

/* Begin PBXSourcesBuildPhase section */
		EF0F74802BBCF7C500E37D0D /* Sources */ = {
			isa = PBXSourcesBuildPhase;
			buildActionMask = 2147483647;
			files = (
				35537C582BBD8CA800FE8354 /* BookSearchView.swift in Sources */,
				EF0F74C32BBCFA9F00E37D0D /* ProfileView.swift in Sources */,
				EF0F74B92BBCFA6200E37D0D /* MessageView.swift in Sources */,
				04A59A5F2BBD4F49009FBF6E /* BookStore.swift in Sources */,
				EF0F74D62BBD6FF600E37D0D /* DescriptionView.swift in Sources */,
				EF0F74C12BBCFA9500E37D0D /* LoginView.swift in Sources */,
				35537C5C2BBD8CBC00FE8354 /* BookDetailView.swift in Sources */,
				EF0F74D42BBD472D00E37D0D /* RentalBookListView.swift in Sources */,
				EF0F74BB2BBCFA7100E37D0D /* SearchBar.swift in Sources */,
				EF0F74D02BBD297B00E37D0D /* CategoryView.swift in Sources */,
				EF0F748A2BBCF7C500E37D0D /* ContentView.swift in Sources */,
				04A59A402BBD29C1009FBF6E /* BookService.swift in Sources */,
				35537C562BBD8CA100FE8354 /* BottomSheet.swift in Sources */,
				EF0F74D22BBD38FA00E37D0D /* MyBookListView.swift in Sources */,
                35537C5A2BBD8CB400FE8354 /* HomeView.swift in Sources */,
				088260352BBD1C99007BEA25 /* UserStore.swift in Sources */,
				EF0F74BD2BBCFA7F00E37D0D /* LibraryView.swift in Sources */,
				EF0F74882BBCF7C500E37D0D /* BookBillionaireUserApp.swift in Sources */,
				EF8178CD2BBD749700ADAE2E /* RentalPeriodView.swift in Sources */,
			);
			runOnlyForDeploymentPostprocessing = 0;
		};
/* End PBXSourcesBuildPhase section */

/* Begin XCBuildConfiguration section */
		EF0F74902BBCF7C700E37D0D /* Debug */ = {
			isa = XCBuildConfiguration;
			buildSettings = {
				ALWAYS_SEARCH_USER_PATHS = NO;
				ASSETCATALOG_COMPILER_GENERATE_SWIFT_ASSET_SYMBOL_EXTENSIONS = YES;
				CLANG_ANALYZER_NONNULL = YES;
				CLANG_ANALYZER_NUMBER_OBJECT_CONVERSION = YES_AGGRESSIVE;
				CLANG_CXX_LANGUAGE_STANDARD = "gnu++20";
				CLANG_ENABLE_MODULES = YES;
				CLANG_ENABLE_OBJC_ARC = YES;
				CLANG_ENABLE_OBJC_WEAK = YES;
				CLANG_WARN_BLOCK_CAPTURE_AUTORELEASING = YES;
				CLANG_WARN_BOOL_CONVERSION = YES;
				CLANG_WARN_COMMA = YES;
				CLANG_WARN_CONSTANT_CONVERSION = YES;
				CLANG_WARN_DEPRECATED_OBJC_IMPLEMENTATIONS = YES;
				CLANG_WARN_DIRECT_OBJC_ISA_USAGE = YES_ERROR;
				CLANG_WARN_DOCUMENTATION_COMMENTS = YES;
				CLANG_WARN_EMPTY_BODY = YES;
				CLANG_WARN_ENUM_CONVERSION = YES;
				CLANG_WARN_INFINITE_RECURSION = YES;
				CLANG_WARN_INT_CONVERSION = YES;
				CLANG_WARN_NON_LITERAL_NULL_CONVERSION = YES;
				CLANG_WARN_OBJC_IMPLICIT_RETAIN_SELF = YES;
				CLANG_WARN_OBJC_LITERAL_CONVERSION = YES;
				CLANG_WARN_OBJC_ROOT_CLASS = YES_ERROR;
				CLANG_WARN_QUOTED_INCLUDE_IN_FRAMEWORK_HEADER = YES;
				CLANG_WARN_RANGE_LOOP_ANALYSIS = YES;
				CLANG_WARN_STRICT_PROTOTYPES = YES;
				CLANG_WARN_SUSPICIOUS_MOVE = YES;
				CLANG_WARN_UNGUARDED_AVAILABILITY = YES_AGGRESSIVE;
				CLANG_WARN_UNREACHABLE_CODE = YES;
				CLANG_WARN__DUPLICATE_METHOD_MATCH = YES;
				COPY_PHASE_STRIP = NO;
				DEBUG_INFORMATION_FORMAT = dwarf;
				ENABLE_STRICT_OBJC_MSGSEND = YES;
				ENABLE_TESTABILITY = YES;
				ENABLE_USER_SCRIPT_SANDBOXING = YES;
				GCC_C_LANGUAGE_STANDARD = gnu17;
				GCC_DYNAMIC_NO_PIC = NO;
				GCC_NO_COMMON_BLOCKS = YES;
				GCC_OPTIMIZATION_LEVEL = 0;
				GCC_PREPROCESSOR_DEFINITIONS = (
					"DEBUG=1",
					"$(inherited)",
				);
				GCC_WARN_64_TO_32_BIT_CONVERSION = YES;
				GCC_WARN_ABOUT_RETURN_TYPE = YES_ERROR;
				GCC_WARN_UNDECLARED_SELECTOR = YES;
				GCC_WARN_UNINITIALIZED_AUTOS = YES_AGGRESSIVE;
				GCC_WARN_UNUSED_FUNCTION = YES;
				GCC_WARN_UNUSED_VARIABLE = YES;
				IPHONEOS_DEPLOYMENT_TARGET = 17.4;
				LOCALIZATION_PREFERS_STRING_CATALOGS = YES;
				MTL_ENABLE_DEBUG_INFO = INCLUDE_SOURCE;
				MTL_FAST_MATH = YES;
				ONLY_ACTIVE_ARCH = YES;
				SDKROOT = iphoneos;
				SWIFT_ACTIVE_COMPILATION_CONDITIONS = "DEBUG $(inherited)";
				SWIFT_OPTIMIZATION_LEVEL = "-Onone";
			};
			name = Debug;
		};
		EF0F74912BBCF7C700E37D0D /* Release */ = {
			isa = XCBuildConfiguration;
			buildSettings = {
				ALWAYS_SEARCH_USER_PATHS = NO;
				ASSETCATALOG_COMPILER_GENERATE_SWIFT_ASSET_SYMBOL_EXTENSIONS = YES;
				CLANG_ANALYZER_NONNULL = YES;
				CLANG_ANALYZER_NUMBER_OBJECT_CONVERSION = YES_AGGRESSIVE;
				CLANG_CXX_LANGUAGE_STANDARD = "gnu++20";
				CLANG_ENABLE_MODULES = YES;
				CLANG_ENABLE_OBJC_ARC = YES;
				CLANG_ENABLE_OBJC_WEAK = YES;
				CLANG_WARN_BLOCK_CAPTURE_AUTORELEASING = YES;
				CLANG_WARN_BOOL_CONVERSION = YES;
				CLANG_WARN_COMMA = YES;
				CLANG_WARN_CONSTANT_CONVERSION = YES;
				CLANG_WARN_DEPRECATED_OBJC_IMPLEMENTATIONS = YES;
				CLANG_WARN_DIRECT_OBJC_ISA_USAGE = YES_ERROR;
				CLANG_WARN_DOCUMENTATION_COMMENTS = YES;
				CLANG_WARN_EMPTY_BODY = YES;
				CLANG_WARN_ENUM_CONVERSION = YES;
				CLANG_WARN_INFINITE_RECURSION = YES;
				CLANG_WARN_INT_CONVERSION = YES;
				CLANG_WARN_NON_LITERAL_NULL_CONVERSION = YES;
				CLANG_WARN_OBJC_IMPLICIT_RETAIN_SELF = YES;
				CLANG_WARN_OBJC_LITERAL_CONVERSION = YES;
				CLANG_WARN_OBJC_ROOT_CLASS = YES_ERROR;
				CLANG_WARN_QUOTED_INCLUDE_IN_FRAMEWORK_HEADER = YES;
				CLANG_WARN_RANGE_LOOP_ANALYSIS = YES;
				CLANG_WARN_STRICT_PROTOTYPES = YES;
				CLANG_WARN_SUSPICIOUS_MOVE = YES;
				CLANG_WARN_UNGUARDED_AVAILABILITY = YES_AGGRESSIVE;
				CLANG_WARN_UNREACHABLE_CODE = YES;
				CLANG_WARN__DUPLICATE_METHOD_MATCH = YES;
				COPY_PHASE_STRIP = NO;
				DEBUG_INFORMATION_FORMAT = "dwarf-with-dsym";
				ENABLE_NS_ASSERTIONS = NO;
				ENABLE_STRICT_OBJC_MSGSEND = YES;
				ENABLE_USER_SCRIPT_SANDBOXING = YES;
				GCC_C_LANGUAGE_STANDARD = gnu17;
				GCC_NO_COMMON_BLOCKS = YES;
				GCC_WARN_64_TO_32_BIT_CONVERSION = YES;
				GCC_WARN_ABOUT_RETURN_TYPE = YES_ERROR;
				GCC_WARN_UNDECLARED_SELECTOR = YES;
				GCC_WARN_UNINITIALIZED_AUTOS = YES_AGGRESSIVE;
				GCC_WARN_UNUSED_FUNCTION = YES;
				GCC_WARN_UNUSED_VARIABLE = YES;
				IPHONEOS_DEPLOYMENT_TARGET = 17.4;
				LOCALIZATION_PREFERS_STRING_CATALOGS = YES;
				MTL_ENABLE_DEBUG_INFO = NO;
				MTL_FAST_MATH = YES;
				SDKROOT = iphoneos;
				SWIFT_COMPILATION_MODE = wholemodule;
				VALIDATE_PRODUCT = YES;
			};
			name = Release;
		};
		EF0F74932BBCF7C700E37D0D /* Debug */ = {
			isa = XCBuildConfiguration;
			buildSettings = {
				ASSETCATALOG_COMPILER_APPICON_NAME = AppIcon;
				ASSETCATALOG_COMPILER_GLOBAL_ACCENT_COLOR_NAME = AccentColor;
				CODE_SIGN_STYLE = Automatic;
				CURRENT_PROJECT_VERSION = 1;
				DEVELOPMENT_ASSET_PATHS = "";
				DEVELOPMENT_TEAM = 6R3M7VGRP2;
				ENABLE_PREVIEWS = YES;
				GENERATE_INFOPLIST_FILE = YES;
				INFOPLIST_KEY_UIApplicationSceneManifest_Generation = YES;
				INFOPLIST_KEY_UIApplicationSupportsIndirectInputEvents = YES;
				INFOPLIST_KEY_UILaunchScreen_Generation = YES;
				INFOPLIST_KEY_UISupportedInterfaceOrientations = UIInterfaceOrientationPortrait;
				IPHONEOS_DEPLOYMENT_TARGET = 16.0;
				LD_RUNPATH_SEARCH_PATHS = (
					"$(inherited)",
					"@executable_path/Frameworks",
				);
				MARKETING_VERSION = 1.0;
				PRODUCT_BUNDLE_IDENTIFIER = com.TeamBB.BookBillionaireUser;
				PRODUCT_NAME = "$(TARGET_NAME)";
				SUPPORTED_PLATFORMS = "iphoneos iphonesimulator";
				SUPPORTS_MACCATALYST = NO;
				SUPPORTS_MAC_DESIGNED_FOR_IPHONE_IPAD = NO;
				SUPPORTS_XR_DESIGNED_FOR_IPHONE_IPAD = NO;
				SWIFT_EMIT_LOC_STRINGS = YES;
				SWIFT_VERSION = 5.0;
				TARGETED_DEVICE_FAMILY = "1,2";
			};
			name = Debug;
		};
		EF0F74942BBCF7C700E37D0D /* Release */ = {
			isa = XCBuildConfiguration;
			buildSettings = {
				ASSETCATALOG_COMPILER_APPICON_NAME = AppIcon;
				ASSETCATALOG_COMPILER_GLOBAL_ACCENT_COLOR_NAME = AccentColor;
				CODE_SIGN_STYLE = Automatic;
				CURRENT_PROJECT_VERSION = 1;
				DEVELOPMENT_ASSET_PATHS = "";
				DEVELOPMENT_TEAM = 6R3M7VGRP2;
				ENABLE_PREVIEWS = YES;
				GENERATE_INFOPLIST_FILE = YES;
				INFOPLIST_KEY_UIApplicationSceneManifest_Generation = YES;
				INFOPLIST_KEY_UIApplicationSupportsIndirectInputEvents = YES;
				INFOPLIST_KEY_UILaunchScreen_Generation = YES;
				INFOPLIST_KEY_UISupportedInterfaceOrientations = UIInterfaceOrientationPortrait;
				IPHONEOS_DEPLOYMENT_TARGET = 16.0;
				LD_RUNPATH_SEARCH_PATHS = (
					"$(inherited)",
					"@executable_path/Frameworks",
				);
				MARKETING_VERSION = 1.0;
				PRODUCT_BUNDLE_IDENTIFIER = com.TeamBB.BookBillionaireUser;
				PRODUCT_NAME = "$(TARGET_NAME)";
				SUPPORTED_PLATFORMS = "iphoneos iphonesimulator";
				SUPPORTS_MACCATALYST = NO;
				SUPPORTS_MAC_DESIGNED_FOR_IPHONE_IPAD = NO;
				SUPPORTS_XR_DESIGNED_FOR_IPHONE_IPAD = NO;
				SWIFT_EMIT_LOC_STRINGS = YES;
				SWIFT_VERSION = 5.0;
				TARGETED_DEVICE_FAMILY = "1,2";
			};
			name = Release;
		};
/* End XCBuildConfiguration section */

/* Begin XCConfigurationList section */
		EF0F747F2BBCF7C500E37D0D /* Build configuration list for PBXProject "BookBillionaireUser" */ = {
			isa = XCConfigurationList;
			buildConfigurations = (
				EF0F74902BBCF7C700E37D0D /* Debug */,
				EF0F74912BBCF7C700E37D0D /* Release */,
			);
			defaultConfigurationIsVisible = 0;
			defaultConfigurationName = Release;
		};
		EF0F74922BBCF7C700E37D0D /* Build configuration list for PBXNativeTarget "BookBillionaireUser" */ = {
			isa = XCConfigurationList;
			buildConfigurations = (
				EF0F74932BBCF7C700E37D0D /* Debug */,
				EF0F74942BBCF7C700E37D0D /* Release */,
			);
			defaultConfigurationIsVisible = 0;
			defaultConfigurationName = Release;
		};
/* End XCConfigurationList section */

/* Begin XCRemoteSwiftPackageReference section */
		EF0F74C42BBD0E6C00E37D0D /* XCRemoteSwiftPackageReference "firebase-ios-sdk" */ = {
			isa = XCRemoteSwiftPackageReference;
			repositoryURL = "https://github.com/firebase/firebase-ios-sdk";
			requirement = {
				kind = upToNextMajorVersion;
				minimumVersion = 10.23.1;
			};
		};
/* End XCRemoteSwiftPackageReference section */

/* Begin XCSwiftPackageProductDependency section */
		04A59A442BBD2F66009FBF6E /* BookBillionaireCore */ = {
			isa = XCSwiftPackageProductDependency;
			productName = BookBillionaireCore;
		};
		04A59A522BBD4B43009FBF6E /* FirebaseAuth */ = {
			isa = XCSwiftPackageProductDependency;
			package = EF0F74C42BBD0E6C00E37D0D /* XCRemoteSwiftPackageReference "firebase-ios-sdk" */;
			productName = FirebaseAuth;
		};
		04A59A542BBD4B43009FBF6E /* FirebaseAuthCombine-Community */ = {
			isa = XCSwiftPackageProductDependency;
			package = EF0F74C42BBD0E6C00E37D0D /* XCRemoteSwiftPackageReference "firebase-ios-sdk" */;
			productName = "FirebaseAuthCombine-Community";
		};
		04A59A562BBD4B43009FBF6E /* FirebaseFirestore */ = {
			isa = XCSwiftPackageProductDependency;
			package = EF0F74C42BBD0E6C00E37D0D /* XCRemoteSwiftPackageReference "firebase-ios-sdk" */;
			productName = FirebaseFirestore;
		};
		04A59A582BBD4B43009FBF6E /* FirebaseFirestoreCombine-Community */ = {
			isa = XCSwiftPackageProductDependency;
			package = EF0F74C42BBD0E6C00E37D0D /* XCRemoteSwiftPackageReference "firebase-ios-sdk" */;
			productName = "FirebaseFirestoreCombine-Community";
		};
		04A59A5A2BBD4B43009FBF6E /* FirebaseFirestoreSwift */ = {
			isa = XCSwiftPackageProductDependency;
			package = EF0F74C42BBD0E6C00E37D0D /* XCRemoteSwiftPackageReference "firebase-ios-sdk" */;
			productName = FirebaseFirestoreSwift;
		};
		EF8178CA2BBD748400ADAE2E /* BookBillionaireCore */ = {
			isa = XCSwiftPackageProductDependency;
			productName = BookBillionaireCore;
		};
/* End XCSwiftPackageProductDependency section */
	};
	rootObject = EF0F747C2BBCF7C500E37D0D /* Project object */;
}
