// !$*UTF8*$!
{
	archiveVersion = 1;
	classes = {
	};
	objectVersion = 56;
	objects = {

/* Begin PBXBuildFile section */
		8C7633492BBD3947002EF297 /* GoogleSignIn in Frameworks */ = {isa = PBXBuildFile; productRef = 8C7633482BBD3947002EF297 /* GoogleSignIn */; };
		8C76334B2BBD3947002EF297 /* GoogleSignInSwift in Frameworks */ = {isa = PBXBuildFile; productRef = 8C76334A2BBD3947002EF297 /* GoogleSignInSwift */; };
		8C76334D2BBD3A22002EF297 /* GoogleService-Info.plist in Resources */ = {isa = PBXBuildFile; fileRef = 8C76334C2BBD3A22002EF297 /* GoogleService-Info.plist */; };
		8C7633502BBD40E9002EF297 /* AuthGoogleViewModel.swift in Sources */ = {isa = PBXBuildFile; fileRef = 8C76334F2BBD40E9002EF297 /* AuthGoogleViewModel.swift */; };
		8C85928C2BBD23BD0082C8B8 /* AuthViewModel.swift in Sources */ = {isa = PBXBuildFile; fileRef = 8C8592892BBD23BC0082C8B8 /* AuthViewModel.swift */; };
		8C85928D2BBD23BD0082C8B8 /* SignUpView.swift in Sources */ = {isa = PBXBuildFile; fileRef = 8C85928A2BBD23BD0082C8B8 /* SignUpView.swift */; };
		8C85928E2BBD23BD0082C8B8 /* LoginView.swift in Sources */ = {isa = PBXBuildFile; fileRef = 8C85928B2BBD23BD0082C8B8 /* LoginView.swift */; };
		EF0F74882BBCF7C500E37D0D /* BookBillionaireUserApp.swift in Sources */ = {isa = PBXBuildFile; fileRef = EF0F74872BBCF7C500E37D0D /* BookBillionaireUserApp.swift */; };
		EF0F748A2BBCF7C500E37D0D /* ContentView.swift in Sources */ = {isa = PBXBuildFile; fileRef = EF0F74892BBCF7C500E37D0D /* ContentView.swift */; };
		EF0F748C2BBCF7C700E37D0D /* Assets.xcassets in Resources */ = {isa = PBXBuildFile; fileRef = EF0F748B2BBCF7C700E37D0D /* Assets.xcassets */; };
		EF0F74B92BBCFA6200E37D0D /* MessageView.swift in Sources */ = {isa = PBXBuildFile; fileRef = EF0F74B82BBCFA6200E37D0D /* MessageView.swift */; };
		EF0F74BB2BBCFA7100E37D0D /* SearchBar.swift in Sources */ = {isa = PBXBuildFile; fileRef = EF0F74BA2BBCFA7100E37D0D /* SearchBar.swift */; };
		EF0F74BD2BBCFA7F00E37D0D /* LibraryView.swift in Sources */ = {isa = PBXBuildFile; fileRef = EF0F74BC2BBCFA7F00E37D0D /* LibraryView.swift */; };
		EF0F74BF2BBCFA8A00E37D0D /* HomeView.swift in Sources */ = {isa = PBXBuildFile; fileRef = EF0F74BE2BBCFA8A00E37D0D /* HomeView.swift */; };
		EF0F74C32BBCFA9F00E37D0D /* ProfileView.swift in Sources */ = {isa = PBXBuildFile; fileRef = EF0F74C22BBCFA9F00E37D0D /* ProfileView.swift */; };
		EF0F74C62BBD0E6C00E37D0D /* FirebaseAuth in Frameworks */ = {isa = PBXBuildFile; productRef = EF0F74C52BBD0E6C00E37D0D /* FirebaseAuth */; };
		EF0F74C82BBD0E6C00E37D0D /* FirebaseAuthCombine-Community in Frameworks */ = {isa = PBXBuildFile; productRef = EF0F74C72BBD0E6C00E37D0D /* FirebaseAuthCombine-Community */; };
		EF0F74CA2BBD0E6C00E37D0D /* FirebaseFirestore in Frameworks */ = {isa = PBXBuildFile; productRef = EF0F74C92BBD0E6C00E37D0D /* FirebaseFirestore */; };
		EF0F74CC2BBD0E6C00E37D0D /* FirebaseFirestoreCombine-Community in Frameworks */ = {isa = PBXBuildFile; productRef = EF0F74CB2BBD0E6C00E37D0D /* FirebaseFirestoreCombine-Community */; };
		EF0F74CE2BBD0E6C00E37D0D /* FirebaseFirestoreSwift in Frameworks */ = {isa = PBXBuildFile; productRef = EF0F74CD2BBD0E6C00E37D0D /* FirebaseFirestoreSwift */; };
/* End PBXBuildFile section */

/* Begin PBXFileReference section */
		8C76334C2BBD3A22002EF297 /* GoogleService-Info.plist */ = {isa = PBXFileReference; fileEncoding = 4; lastKnownFileType = text.plist.xml; path = "GoogleService-Info.plist"; sourceTree = "<group>"; };
		8C76334E2BBD3DCF002EF297 /* Info.plist */ = {isa = PBXFileReference; lastKnownFileType = text.plist; path = Info.plist; sourceTree = "<group>"; };
		8C76334F2BBD40E9002EF297 /* AuthGoogleViewModel.swift */ = {isa = PBXFileReference; lastKnownFileType = sourcecode.swift; path = AuthGoogleViewModel.swift; sourceTree = "<group>"; };
		8C8592892BBD23BC0082C8B8 /* AuthViewModel.swift */ = {isa = PBXFileReference; fileEncoding = 4; lastKnownFileType = sourcecode.swift; path = AuthViewModel.swift; sourceTree = "<group>"; };
		8C85928A2BBD23BD0082C8B8 /* SignUpView.swift */ = {isa = PBXFileReference; fileEncoding = 4; lastKnownFileType = sourcecode.swift; path = SignUpView.swift; sourceTree = "<group>"; };
		8C85928B2BBD23BD0082C8B8 /* LoginView.swift */ = {isa = PBXFileReference; fileEncoding = 4; lastKnownFileType = sourcecode.swift; path = LoginView.swift; sourceTree = "<group>"; };
		EF0F74842BBCF7C500E37D0D /* BookBillionaireUser.app */ = {isa = PBXFileReference; explicitFileType = wrapper.application; includeInIndex = 0; path = BookBillionaireUser.app; sourceTree = BUILT_PRODUCTS_DIR; };
		EF0F74872BBCF7C500E37D0D /* BookBillionaireUserApp.swift */ = {isa = PBXFileReference; lastKnownFileType = sourcecode.swift; path = BookBillionaireUserApp.swift; sourceTree = "<group>"; };
		EF0F74892BBCF7C500E37D0D /* ContentView.swift */ = {isa = PBXFileReference; lastKnownFileType = sourcecode.swift; path = ContentView.swift; sourceTree = "<group>"; };
		EF0F748B2BBCF7C700E37D0D /* Assets.xcassets */ = {isa = PBXFileReference; lastKnownFileType = folder.assetcatalog; path = Assets.xcassets; sourceTree = "<group>"; };
		EF0F74B82BBCFA6200E37D0D /* MessageView.swift */ = {isa = PBXFileReference; lastKnownFileType = sourcecode.swift; path = MessageView.swift; sourceTree = "<group>"; };
		EF0F74BA2BBCFA7100E37D0D /* SearchBar.swift */ = {isa = PBXFileReference; lastKnownFileType = sourcecode.swift; path = SearchBar.swift; sourceTree = "<group>"; };
		EF0F74BC2BBCFA7F00E37D0D /* LibraryView.swift */ = {isa = PBXFileReference; lastKnownFileType = sourcecode.swift; path = LibraryView.swift; sourceTree = "<group>"; };
		EF0F74BE2BBCFA8A00E37D0D /* HomeView.swift */ = {isa = PBXFileReference; lastKnownFileType = sourcecode.swift; path = HomeView.swift; sourceTree = "<group>"; };
		EF0F74C22BBCFA9F00E37D0D /* ProfileView.swift */ = {isa = PBXFileReference; lastKnownFileType = sourcecode.swift; path = ProfileView.swift; sourceTree = "<group>"; };
/* End PBXFileReference section */

/* Begin PBXFrameworksBuildPhase section */
		EF0F74812BBCF7C500E37D0D /* Frameworks */ = {
			isa = PBXFrameworksBuildPhase;
			buildActionMask = 2147483647;
			files = (
				EF0F74CE2BBD0E6C00E37D0D /* FirebaseFirestoreSwift in Frameworks */,
				EF0F74C62BBD0E6C00E37D0D /* FirebaseAuth in Frameworks */,
				8C76334B2BBD3947002EF297 /* GoogleSignInSwift in Frameworks */,
				EF0F74CC2BBD0E6C00E37D0D /* FirebaseFirestoreCombine-Community in Frameworks */,
				EF0F74C82BBD0E6C00E37D0D /* FirebaseAuthCombine-Community in Frameworks */,
				EF0F74CA2BBD0E6C00E37D0D /* FirebaseFirestore in Frameworks */,
				8C7633492BBD3947002EF297 /* GoogleSignIn in Frameworks */,
			);
			runOnlyForDeploymentPostprocessing = 0;
		};
/* End PBXFrameworksBuildPhase section */

/* Begin PBXGroup section */
		EF0F747B2BBCF7C500E37D0D = {
			isa = PBXGroup;
			children = (
				EF0F74862BBCF7C500E37D0D /* BookBillionaireUser */,
				EF0F74852BBCF7C500E37D0D /* Products */,
			);
			sourceTree = "<group>";
		};
		EF0F74852BBCF7C500E37D0D /* Products */ = {
			isa = PBXGroup;
			children = (
				EF0F74842BBCF7C500E37D0D /* BookBillionaireUser.app */,
			);
			name = Products;
			sourceTree = "<group>";
		};
		EF0F74862BBCF7C500E37D0D /* BookBillionaireUser */ = {
			isa = PBXGroup;
			children = (
				8C76334E2BBD3DCF002EF297 /* Info.plist */,
				EF0F74B12BBCF9A700E37D0D /* Store */,
				EF0F74872BBCF7C500E37D0D /* BookBillionaireUserApp.swift */,
				EF0F74B02BBCF99000E37D0D /* View */,
				EF0F748B2BBCF7C700E37D0D /* Assets.xcassets */,
				8C76334C2BBD3A22002EF297 /* GoogleService-Info.plist */,
			);
			path = BookBillionaireUser;
			sourceTree = "<group>";
		};
		EF0F74B02BBCF99000E37D0D /* View */ = {
			isa = PBXGroup;
			children = (
				EF0F74892BBCF7C500E37D0D /* ContentView.swift */,
				EF0F74B22BBCF9D300E37D0D /* Component */,
				EF0F74B72BBCFA1300E37D0D /* Message */,
				EF0F74B62BBCFA0C00E37D0D /* Library */,
				EF0F74B52BBCFA0500E37D0D /* Home */,
				EF0F74B42BBCF9FD00E37D0D /* Login */,
				EF0F74B32BBCF9F500E37D0D /* Profile */,
			);
			path = View;
			sourceTree = "<group>";
		};
		EF0F74B12BBCF9A700E37D0D /* Store */ = {
			isa = PBXGroup;
			children = (
			);
			path = Store;
			sourceTree = "<group>";
		};
		EF0F74B22BBCF9D300E37D0D /* Component */ = {
			isa = PBXGroup;
			children = (
				EF0F74BA2BBCFA7100E37D0D /* SearchBar.swift */,
			);
			path = Component;
			sourceTree = "<group>";
		};
		EF0F74B32BBCF9F500E37D0D /* Profile */ = {
			isa = PBXGroup;
			children = (
				EF0F74C22BBCFA9F00E37D0D /* ProfileView.swift */,
			);
			path = Profile;
			sourceTree = "<group>";
		};
		EF0F74B42BBCF9FD00E37D0D /* Login */ = {
			isa = PBXGroup;
			children = (
				8C85928B2BBD23BD0082C8B8 /* LoginView.swift */,
				8C85928A2BBD23BD0082C8B8 /* SignUpView.swift */,
				8C8592892BBD23BC0082C8B8 /* AuthViewModel.swift */,
				8C76334F2BBD40E9002EF297 /* AuthGoogleViewModel.swift */,
			);
			path = Login;
			sourceTree = "<group>";
		};
		EF0F74B52BBCFA0500E37D0D /* Home */ = {
			isa = PBXGroup;
			children = (
				EF0F74BE2BBCFA8A00E37D0D /* HomeView.swift */,
			);
			path = Home;
			sourceTree = "<group>";
		};
		EF0F74B62BBCFA0C00E37D0D /* Library */ = {
			isa = PBXGroup;
			children = (
				EF0F74BC2BBCFA7F00E37D0D /* LibraryView.swift */,
			);
			path = Library;
			sourceTree = "<group>";
		};
		EF0F74B72BBCFA1300E37D0D /* Message */ = {
			isa = PBXGroup;
			children = (
				EF0F74B82BBCFA6200E37D0D /* MessageView.swift */,
			);
			path = Message;
			sourceTree = "<group>";
		};
/* End PBXGroup section */

/* Begin PBXNativeTarget section */
		EF0F74832BBCF7C500E37D0D /* BookBillionaireUser */ = {
			isa = PBXNativeTarget;
			buildConfigurationList = EF0F74922BBCF7C700E37D0D /* Build configuration list for PBXNativeTarget "BookBillionaireUser" */;
			buildPhases = (
				EF0F74802BBCF7C500E37D0D /* Sources */,
				EF0F74812BBCF7C500E37D0D /* Frameworks */,
				EF0F74822BBCF7C500E37D0D /* Resources */,
			);
			buildRules = (
			);
			dependencies = (
			);
			name = BookBillionaireUser;
			packageProductDependencies = (
				EF0F74C52BBD0E6C00E37D0D /* FirebaseAuth */,
				EF0F74C72BBD0E6C00E37D0D /* FirebaseAuthCombine-Community */,
				EF0F74C92BBD0E6C00E37D0D /* FirebaseFirestore */,
				EF0F74CB2BBD0E6C00E37D0D /* FirebaseFirestoreCombine-Community */,
				EF0F74CD2BBD0E6C00E37D0D /* FirebaseFirestoreSwift */,
				8C7633482BBD3947002EF297 /* GoogleSignIn */,
				8C76334A2BBD3947002EF297 /* GoogleSignInSwift */,
			);
			productName = BookBillionaireUser;
			productReference = EF0F74842BBCF7C500E37D0D /* BookBillionaireUser.app */;
			productType = "com.apple.product-type.application";
		};
/* End PBXNativeTarget section */

/* Begin PBXProject section */
		EF0F747C2BBCF7C500E37D0D /* Project object */ = {
			isa = PBXProject;
			attributes = {
				BuildIndependentTargetsInParallel = 1;
				LastSwiftUpdateCheck = 1530;
				LastUpgradeCheck = 1530;
				TargetAttributes = {
					EF0F74832BBCF7C500E37D0D = {
						CreatedOnToolsVersion = 15.3;
					};
				};
			};
			buildConfigurationList = EF0F747F2BBCF7C500E37D0D /* Build configuration list for PBXProject "BookBillionaireUser" */;
			compatibilityVersion = "Xcode 14.0";
			developmentRegion = en;
			hasScannedForEncodings = 0;
			knownRegions = (
				en,
				Base,
			);
			mainGroup = EF0F747B2BBCF7C500E37D0D;
			packageReferences = (
				EF0F74C42BBD0E6C00E37D0D /* XCRemoteSwiftPackageReference "firebase-ios-sdk" */,
				8C7633472BBD3947002EF297 /* XCRemoteSwiftPackageReference "GoogleSignIn-iOS" */,
			);
			productRefGroup = EF0F74852BBCF7C500E37D0D /* Products */;
			projectDirPath = "";
			projectRoot = "";
			targets = (
				EF0F74832BBCF7C500E37D0D /* BookBillionaireUser */,
			);
		};
/* End PBXProject section */

/* Begin PBXResourcesBuildPhase section */
		EF0F74822BBCF7C500E37D0D /* Resources */ = {
			isa = PBXResourcesBuildPhase;
			buildActionMask = 2147483647;
			files = (
				8C76334D2BBD3A22002EF297 /* GoogleService-Info.plist in Resources */,
				EF0F748C2BBCF7C700E37D0D /* Assets.xcassets in Resources */,
			);
			runOnlyForDeploymentPostprocessing = 0;
		};
/* End PBXResourcesBuildPhase section */

/* Begin PBXSourcesBuildPhase section */
		EF0F74802BBCF7C500E37D0D /* Sources */ = {
			isa = PBXSourcesBuildPhase;
			buildActionMask = 2147483647;
			files = (
				EF0F74C32BBCFA9F00E37D0D /* ProfileView.swift in Sources */,
				EF0F74B92BBCFA6200E37D0D /* MessageView.swift in Sources */,
				8C85928C2BBD23BD0082C8B8 /* AuthViewModel.swift in Sources */,
				8C7633502BBD40E9002EF297 /* AuthGoogleViewModel.swift in Sources */,
				EF0F74BB2BBCFA7100E37D0D /* SearchBar.swift in Sources */,
				EF0F748A2BBCF7C500E37D0D /* ContentView.swift in Sources */,
				EF0F74BF2BBCFA8A00E37D0D /* HomeView.swift in Sources */,
				EF0F74BD2BBCFA7F00E37D0D /* LibraryView.swift in Sources */,
				8C85928D2BBD23BD0082C8B8 /* SignUpView.swift in Sources */,
				8C85928E2BBD23BD0082C8B8 /* LoginView.swift in Sources */,
				EF0F74882BBCF7C500E37D0D /* BookBillionaireUserApp.swift in Sources */,
			);
			runOnlyForDeploymentPostprocessing = 0;
		};
/* End PBXSourcesBuildPhase section */

/* Begin XCBuildConfiguration section */
		EF0F74902BBCF7C700E37D0D /* Debug */ = {
			isa = XCBuildConfiguration;
			buildSettings = {
				ALWAYS_SEARCH_USER_PATHS = NO;
				ASSETCATALOG_COMPILER_GENERATE_SWIFT_ASSET_SYMBOL_EXTENSIONS = YES;
				CLANG_ANALYZER_NONNULL = YES;
				CLANG_ANALYZER_NUMBER_OBJECT_CONVERSION = YES_AGGRESSIVE;
				CLANG_CXX_LANGUAGE_STANDARD = "gnu++20";
				CLANG_ENABLE_MODULES = YES;
				CLANG_ENABLE_OBJC_ARC = YES;
				CLANG_ENABLE_OBJC_WEAK = YES;
				CLANG_WARN_BLOCK_CAPTURE_AUTORELEASING = YES;
				CLANG_WARN_BOOL_CONVERSION = YES;
				CLANG_WARN_COMMA = YES;
				CLANG_WARN_CONSTANT_CONVERSION = YES;
				CLANG_WARN_DEPRECATED_OBJC_IMPLEMENTATIONS = YES;
				CLANG_WARN_DIRECT_OBJC_ISA_USAGE = YES_ERROR;
				CLANG_WARN_DOCUMENTATION_COMMENTS = YES;
				CLANG_WARN_EMPTY_BODY = YES;
				CLANG_WARN_ENUM_CONVERSION = YES;
				CLANG_WARN_INFINITE_RECURSION = YES;
				CLANG_WARN_INT_CONVERSION = YES;
				CLANG_WARN_NON_LITERAL_NULL_CONVERSION = YES;
				CLANG_WARN_OBJC_IMPLICIT_RETAIN_SELF = YES;
				CLANG_WARN_OBJC_LITERAL_CONVERSION = YES;
				CLANG_WARN_OBJC_ROOT_CLASS = YES_ERROR;
				CLANG_WARN_QUOTED_INCLUDE_IN_FRAMEWORK_HEADER = YES;
				CLANG_WARN_RANGE_LOOP_ANALYSIS = YES;
				CLANG_WARN_STRICT_PROTOTYPES = YES;
				CLANG_WARN_SUSPICIOUS_MOVE = YES;
				CLANG_WARN_UNGUARDED_AVAILABILITY = YES_AGGRESSIVE;
				CLANG_WARN_UNREACHABLE_CODE = YES;
				CLANG_WARN__DUPLICATE_METHOD_MATCH = YES;
				COPY_PHASE_STRIP = NO;
				DEBUG_INFORMATION_FORMAT = dwarf;
				ENABLE_STRICT_OBJC_MSGSEND = YES;
				ENABLE_TESTABILITY = YES;
				ENABLE_USER_SCRIPT_SANDBOXING = YES;
				GCC_C_LANGUAGE_STANDARD = gnu17;
				GCC_DYNAMIC_NO_PIC = NO;
				GCC_NO_COMMON_BLOCKS = YES;
				GCC_OPTIMIZATION_LEVEL = 0;
				GCC_PREPROCESSOR_DEFINITIONS = (
					"DEBUG=1",
					"$(inherited)",
				);
				GCC_WARN_64_TO_32_BIT_CONVERSION = YES;
				GCC_WARN_ABOUT_RETURN_TYPE = YES_ERROR;
				GCC_WARN_UNDECLARED_SELECTOR = YES;
				GCC_WARN_UNINITIALIZED_AUTOS = YES_AGGRESSIVE;
				GCC_WARN_UNUSED_FUNCTION = YES;
				GCC_WARN_UNUSED_VARIABLE = YES;
				IPHONEOS_DEPLOYMENT_TARGET = 17.4;
				LOCALIZATION_PREFERS_STRING_CATALOGS = YES;
				MTL_ENABLE_DEBUG_INFO = INCLUDE_SOURCE;
				MTL_FAST_MATH = YES;
				ONLY_ACTIVE_ARCH = YES;
				SDKROOT = iphoneos;
				SWIFT_ACTIVE_COMPILATION_CONDITIONS = "DEBUG $(inherited)";
				SWIFT_OPTIMIZATION_LEVEL = "-Onone";
			};
			name = Debug;
		};
		EF0F74912BBCF7C700E37D0D /* Release */ = {
			isa = XCBuildConfiguration;
			buildSettings = {
				ALWAYS_SEARCH_USER_PATHS = NO;
				ASSETCATALOG_COMPILER_GENERATE_SWIFT_ASSET_SYMBOL_EXTENSIONS = YES;
				CLANG_ANALYZER_NONNULL = YES;
				CLANG_ANALYZER_NUMBER_OBJECT_CONVERSION = YES_AGGRESSIVE;
				CLANG_CXX_LANGUAGE_STANDARD = "gnu++20";
				CLANG_ENABLE_MODULES = YES;
				CLANG_ENABLE_OBJC_ARC = YES;
				CLANG_ENABLE_OBJC_WEAK = YES;
				CLANG_WARN_BLOCK_CAPTURE_AUTORELEASING = YES;
				CLANG_WARN_BOOL_CONVERSION = YES;
				CLANG_WARN_COMMA = YES;
				CLANG_WARN_CONSTANT_CONVERSION = YES;
				CLANG_WARN_DEPRECATED_OBJC_IMPLEMENTATIONS = YES;
				CLANG_WARN_DIRECT_OBJC_ISA_USAGE = YES_ERROR;
				CLANG_WARN_DOCUMENTATION_COMMENTS = YES;
				CLANG_WARN_EMPTY_BODY = YES;
				CLANG_WARN_ENUM_CONVERSION = YES;
				CLANG_WARN_INFINITE_RECURSION = YES;
				CLANG_WARN_INT_CONVERSION = YES;
				CLANG_WARN_NON_LITERAL_NULL_CONVERSION = YES;
				CLANG_WARN_OBJC_IMPLICIT_RETAIN_SELF = YES;
				CLANG_WARN_OBJC_LITERAL_CONVERSION = YES;
				CLANG_WARN_OBJC_ROOT_CLASS = YES_ERROR;
				CLANG_WARN_QUOTED_INCLUDE_IN_FRAMEWORK_HEADER = YES;
				CLANG_WARN_RANGE_LOOP_ANALYSIS = YES;
				CLANG_WARN_STRICT_PROTOTYPES = YES;
				CLANG_WARN_SUSPICIOUS_MOVE = YES;
				CLANG_WARN_UNGUARDED_AVAILABILITY = YES_AGGRESSIVE;
				CLANG_WARN_UNREACHABLE_CODE = YES;
				CLANG_WARN__DUPLICATE_METHOD_MATCH = YES;
				COPY_PHASE_STRIP = NO;
				DEBUG_INFORMATION_FORMAT = "dwarf-with-dsym";
				ENABLE_NS_ASSERTIONS = NO;
				ENABLE_STRICT_OBJC_MSGSEND = YES;
				ENABLE_USER_SCRIPT_SANDBOXING = YES;
				GCC_C_LANGUAGE_STANDARD = gnu17;
				GCC_NO_COMMON_BLOCKS = YES;
				GCC_WARN_64_TO_32_BIT_CONVERSION = YES;
				GCC_WARN_ABOUT_RETURN_TYPE = YES_ERROR;
				GCC_WARN_UNDECLARED_SELECTOR = YES;
				GCC_WARN_UNINITIALIZED_AUTOS = YES_AGGRESSIVE;
				GCC_WARN_UNUSED_FUNCTION = YES;
				GCC_WARN_UNUSED_VARIABLE = YES;
				IPHONEOS_DEPLOYMENT_TARGET = 17.4;
				LOCALIZATION_PREFERS_STRING_CATALOGS = YES;
				MTL_ENABLE_DEBUG_INFO = NO;
				MTL_FAST_MATH = YES;
				SDKROOT = iphoneos;
				SWIFT_COMPILATION_MODE = wholemodule;
				VALIDATE_PRODUCT = YES;
			};
			name = Release;
		};
		EF0F74932BBCF7C700E37D0D /* Debug */ = {
			isa = XCBuildConfiguration;
			buildSettings = {
				ASSETCATALOG_COMPILER_APPICON_NAME = AppIcon;
				ASSETCATALOG_COMPILER_GLOBAL_ACCENT_COLOR_NAME = AccentColor;
				CODE_SIGN_STYLE = Automatic;
				CURRENT_PROJECT_VERSION = 1;
				DEVELOPMENT_ASSET_PATHS = "";
				DEVELOPMENT_TEAM = 6R3M7VGRP2;
				ENABLE_PREVIEWS = YES;
				GENERATE_INFOPLIST_FILE = YES;
				INFOPLIST_FILE = BookBillionaireUser/Info.plist;
				INFOPLIST_KEY_UIApplicationSceneManifest_Generation = YES;
				INFOPLIST_KEY_UIApplicationSupportsIndirectInputEvents = YES;
				INFOPLIST_KEY_UILaunchScreen_Generation = YES;
				INFOPLIST_KEY_UISupportedInterfaceOrientations = UIInterfaceOrientationPortrait;
				IPHONEOS_DEPLOYMENT_TARGET = 16.0;
				LD_RUNPATH_SEARCH_PATHS = (
					"$(inherited)",
					"@executable_path/Frameworks",
				);
				MARKETING_VERSION = 1.0;
				PRODUCT_BUNDLE_IDENTIFIER = com.TeamBB.BookBillionaireUser;
				PRODUCT_NAME = "$(TARGET_NAME)";
				SUPPORTED_PLATFORMS = "iphoneos iphonesimulator";
				SUPPORTS_MACCATALYST = NO;
				SUPPORTS_MAC_DESIGNED_FOR_IPHONE_IPAD = NO;
				SUPPORTS_XR_DESIGNED_FOR_IPHONE_IPAD = NO;
				SWIFT_EMIT_LOC_STRINGS = YES;
				SWIFT_VERSION = 5.0;
				TARGETED_DEVICE_FAMILY = "1,2";
			};
			name = Debug;
		};
		EF0F74942BBCF7C700E37D0D /* Release */ = {
			isa = XCBuildConfiguration;
			buildSettings = {
				ASSETCATALOG_COMPILER_APPICON_NAME = AppIcon;
				ASSETCATALOG_COMPILER_GLOBAL_ACCENT_COLOR_NAME = AccentColor;
				CODE_SIGN_STYLE = Automatic;
				CURRENT_PROJECT_VERSION = 1;
				DEVELOPMENT_ASSET_PATHS = "";
				DEVELOPMENT_TEAM = 6R3M7VGRP2;
				ENABLE_PREVIEWS = YES;
				GENERATE_INFOPLIST_FILE = YES;
				INFOPLIST_FILE = BookBillionaireUser/Info.plist;
				INFOPLIST_KEY_UIApplicationSceneManifest_Generation = YES;
				INFOPLIST_KEY_UIApplicationSupportsIndirectInputEvents = YES;
				INFOPLIST_KEY_UILaunchScreen_Generation = YES;
				INFOPLIST_KEY_UISupportedInterfaceOrientations = UIInterfaceOrientationPortrait;
				IPHONEOS_DEPLOYMENT_TARGET = 16.0;
				LD_RUNPATH_SEARCH_PATHS = (
					"$(inherited)",
					"@executable_path/Frameworks",
				);
				MARKETING_VERSION = 1.0;
				PRODUCT_BUNDLE_IDENTIFIER = com.TeamBB.BookBillionaireUser;
				PRODUCT_NAME = "$(TARGET_NAME)";
				SUPPORTED_PLATFORMS = "iphoneos iphonesimulator";
				SUPPORTS_MACCATALYST = NO;
				SUPPORTS_MAC_DESIGNED_FOR_IPHONE_IPAD = NO;
				SUPPORTS_XR_DESIGNED_FOR_IPHONE_IPAD = NO;
				SWIFT_EMIT_LOC_STRINGS = YES;
				SWIFT_VERSION = 5.0;
				TARGETED_DEVICE_FAMILY = "1,2";
			};
			name = Release;
		};
/* End XCBuildConfiguration section */

/* Begin XCConfigurationList section */
		EF0F747F2BBCF7C500E37D0D /* Build configuration list for PBXProject "BookBillionaireUser" */ = {
			isa = XCConfigurationList;
			buildConfigurations = (
				EF0F74902BBCF7C700E37D0D /* Debug */,
				EF0F74912BBCF7C700E37D0D /* Release */,
			);
			defaultConfigurationIsVisible = 0;
			defaultConfigurationName = Release;
		};
		EF0F74922BBCF7C700E37D0D /* Build configuration list for PBXNativeTarget "BookBillionaireUser" */ = {
			isa = XCConfigurationList;
			buildConfigurations = (
				EF0F74932BBCF7C700E37D0D /* Debug */,
				EF0F74942BBCF7C700E37D0D /* Release */,
			);
			defaultConfigurationIsVisible = 0;
			defaultConfigurationName = Release;
		};
/* End XCConfigurationList section */

/* Begin XCRemoteSwiftPackageReference section */
		8C7633472BBD3947002EF297 /* XCRemoteSwiftPackageReference "GoogleSignIn-iOS" */ = {
			isa = XCRemoteSwiftPackageReference;
			repositoryURL = "https://github.com/google/GoogleSignIn-iOS";
			requirement = {
				kind = upToNextMajorVersion;
				minimumVersion = 7.1.0;
			};
		};
		EF0F74C42BBD0E6C00E37D0D /* XCRemoteSwiftPackageReference "firebase-ios-sdk" */ = {
			isa = XCRemoteSwiftPackageReference;
			repositoryURL = "https://github.com/firebase/firebase-ios-sdk";
			requirement = {
				kind = upToNextMajorVersion;
				minimumVersion = 10.23.1;
			};
		};
/* End XCRemoteSwiftPackageReference section */

/* Begin XCSwiftPackageProductDependency section */
		8C7633482BBD3947002EF297 /* GoogleSignIn */ = {
			isa = XCSwiftPackageProductDependency;
			package = 8C7633472BBD3947002EF297 /* XCRemoteSwiftPackageReference "GoogleSignIn-iOS" */;
			productName = GoogleSignIn;
		};
		8C76334A2BBD3947002EF297 /* GoogleSignInSwift */ = {
			isa = XCSwiftPackageProductDependency;
			package = 8C7633472BBD3947002EF297 /* XCRemoteSwiftPackageReference "GoogleSignIn-iOS" */;
			productName = GoogleSignInSwift;
		};
		EF0F74C52BBD0E6C00E37D0D /* FirebaseAuth */ = {
			isa = XCSwiftPackageProductDependency;
			package = EF0F74C42BBD0E6C00E37D0D /* XCRemoteSwiftPackageReference "firebase-ios-sdk" */;
			productName = FirebaseAuth;
		};
		EF0F74C72BBD0E6C00E37D0D /* FirebaseAuthCombine-Community */ = {
			isa = XCSwiftPackageProductDependency;
			package = EF0F74C42BBD0E6C00E37D0D /* XCRemoteSwiftPackageReference "firebase-ios-sdk" */;
			productName = "FirebaseAuthCombine-Community";
		};
		EF0F74C92BBD0E6C00E37D0D /* FirebaseFirestore */ = {
			isa = XCSwiftPackageProductDependency;
			package = EF0F74C42BBD0E6C00E37D0D /* XCRemoteSwiftPackageReference "firebase-ios-sdk" */;
			productName = FirebaseFirestore;
		};
		EF0F74CB2BBD0E6C00E37D0D /* FirebaseFirestoreCombine-Community */ = {
			isa = XCSwiftPackageProductDependency;
			package = EF0F74C42BBD0E6C00E37D0D /* XCRemoteSwiftPackageReference "firebase-ios-sdk" */;
			productName = "FirebaseFirestoreCombine-Community";
		};
		EF0F74CD2BBD0E6C00E37D0D /* FirebaseFirestoreSwift */ = {
			isa = XCSwiftPackageProductDependency;
			package = EF0F74C42BBD0E6C00E37D0D /* XCRemoteSwiftPackageReference "firebase-ios-sdk" */;
			productName = FirebaseFirestoreSwift;
		};
/* End XCSwiftPackageProductDependency section */
	};
	rootObject = EF0F747C2BBCF7C500E37D0D /* Project object */;
}
